
Microsoft Visual Studio Solution File, Format Version 12.00
# Visual Studio 14
VisualStudioVersion = 14.0.23107.0
MinimumVisualStudioVersion = 10.0.40219.1
Project("{FAE04EC0-301F-11D3-BF4B-00C04F79EFBC}") = "Anathema", "Anathema\Anathema.csproj", "{DC9EB93D-7973-4A32-826F-F441B3DA9F9B}"
EndProject
Project("{FAE04EC0-301F-11D3-BF4B-00C04F79EFBC}") = "DockingSuite", "DockingSuite\DockingSuite.csproj", "{C75532C4-765B-418E-B09B-46D36B2ABDB1}"
EndProject
Project("{FAE04EC0-301F-11D3-BF4B-00C04F79EFBC}") = "ThemeVS2013Blue", "DockingSuite\ThemeVS2013Blue.csproj", "{245E07F6-10D5-4CFA-B003-0DEB06B223DA}"
EndProject
Project("{2150E333-8FDC-42A3-9474-1A3956D46DE8}") = "Docking", "Docking", "{7D541424-C5FF-4386-AF57-05F0A639209A}"
EndProject
Project("{8BC9CEB8-8B4A-11D0-8D11-00A0C91BC942}") = "Fasm.NET", "Fasm\Fasm.NET\Fasm.NET.vcxproj", "{2DAC1A31-EF28-499A-B67A-963B5343D778}"
EndProject
Project("{FAE04EC0-301F-11D3-BF4B-00C04F79EFBC}") = "Fasm.NET.Tests", "Fasm\Fasm.NET.Tests\Fasm.NET.Tests.csproj", "{87C6E1E9-D714-498A-BFF6-883645A0630A}"
EndProject
Global
	GlobalSection(Performance) = preSolution
		HasPerformanceSessions = true
	EndGlobalSection
	GlobalSection(SolutionConfigurationPlatforms) = preSolution
		Debug|Any CPU = Debug|Any CPU
		Debug|Mixed Platforms = Debug|Mixed Platforms
		Debug|Win32 = Debug|Win32
		Debug|x64 = Debug|x64
		Debug|x86 = Debug|x86
		Net35Debug|Any CPU = Net35Debug|Any CPU
		Net35Debug|Mixed Platforms = Net35Debug|Mixed Platforms
		Net35Debug|Win32 = Net35Debug|Win32
		Net35Debug|x64 = Net35Debug|x64
		Net35Debug|x86 = Net35Debug|x86
		Net35Release|Any CPU = Net35Release|Any CPU
		Net35Release|Mixed Platforms = Net35Release|Mixed Platforms
		Net35Release|Win32 = Net35Release|Win32
		Net35Release|x64 = Net35Release|x64
		Net35Release|x86 = Net35Release|x86
		Net40Debug|Any CPU = Net40Debug|Any CPU
		Net40Debug|Mixed Platforms = Net40Debug|Mixed Platforms
		Net40Debug|Win32 = Net40Debug|Win32
		Net40Debug|x64 = Net40Debug|x64
		Net40Debug|x86 = Net40Debug|x86
		Net40Release|Any CPU = Net40Release|Any CPU
		Net40Release|Mixed Platforms = Net40Release|Mixed Platforms
		Net40Release|Win32 = Net40Release|Win32
		Net40Release|x64 = Net40Release|x64
		Net40Release|x86 = Net40Release|x86
		Net45Debug|Any CPU = Net45Debug|Any CPU
		Net45Debug|Mixed Platforms = Net45Debug|Mixed Platforms
		Net45Debug|Win32 = Net45Debug|Win32
		Net45Debug|x64 = Net45Debug|x64
		Net45Debug|x86 = Net45Debug|x86
		Net45Release|Any CPU = Net45Release|Any CPU
		Net45Release|Mixed Platforms = Net45Release|Mixed Platforms
		Net45Release|Win32 = Net45Release|Win32
		Net45Release|x64 = Net45Release|x64
		Net45Release|x86 = Net45Release|x86
		Release|Any CPU = Release|Any CPU
		Release|Mixed Platforms = Release|Mixed Platforms
		Release|Win32 = Release|Win32
		Release|x64 = Release|x64
		Release|x86 = Release|x86
	EndGlobalSection
	GlobalSection(ProjectConfigurationPlatforms) = postSolution
		{DC9EB93D-7973-4A32-826F-F441B3DA9F9B}.Debug|Any CPU.ActiveCfg = Debug|Any CPU
		{DC9EB93D-7973-4A32-826F-F441B3DA9F9B}.Debug|Any CPU.Build.0 = Debug|Any CPU
		{DC9EB93D-7973-4A32-826F-F441B3DA9F9B}.Debug|Mixed Platforms.ActiveCfg = Debug|x86
		{DC9EB93D-7973-4A32-826F-F441B3DA9F9B}.Debug|Mixed Platforms.Build.0 = Debug|x86
		{DC9EB93D-7973-4A32-826F-F441B3DA9F9B}.Debug|Win32.ActiveCfg = Debug|x86
		{DC9EB93D-7973-4A32-826F-F441B3DA9F9B}.Debug|Win32.Build.0 = Debug|x86
		{DC9EB93D-7973-4A32-826F-F441B3DA9F9B}.Debug|x64.ActiveCfg = Debug|Any CPU
		{DC9EB93D-7973-4A32-826F-F441B3DA9F9B}.Debug|x64.Build.0 = Debug|Any CPU
		{DC9EB93D-7973-4A32-826F-F441B3DA9F9B}.Debug|x86.ActiveCfg = Debug|x86
		{DC9EB93D-7973-4A32-826F-F441B3DA9F9B}.Debug|x86.Build.0 = Debug|x86
		{DC9EB93D-7973-4A32-826F-F441B3DA9F9B}.Net35Debug|Any CPU.ActiveCfg = Debug|Any CPU
		{DC9EB93D-7973-4A32-826F-F441B3DA9F9B}.Net35Debug|Any CPU.Build.0 = Debug|Any CPU
		{DC9EB93D-7973-4A32-826F-F441B3DA9F9B}.Net35Debug|Mixed Platforms.ActiveCfg = Debug|x86
		{DC9EB93D-7973-4A32-826F-F441B3DA9F9B}.Net35Debug|Mixed Platforms.Build.0 = Debug|x86
		{DC9EB93D-7973-4A32-826F-F441B3DA9F9B}.Net35Debug|Win32.ActiveCfg = Debug|x86
		{DC9EB93D-7973-4A32-826F-F441B3DA9F9B}.Net35Debug|Win32.Build.0 = Debug|x86
		{DC9EB93D-7973-4A32-826F-F441B3DA9F9B}.Net35Debug|x64.ActiveCfg = Debug|Any CPU
		{DC9EB93D-7973-4A32-826F-F441B3DA9F9B}.Net35Debug|x64.Build.0 = Debug|Any CPU
		{DC9EB93D-7973-4A32-826F-F441B3DA9F9B}.Net35Debug|x86.ActiveCfg = Debug|x86
		{DC9EB93D-7973-4A32-826F-F441B3DA9F9B}.Net35Debug|x86.Build.0 = Debug|x86
		{DC9EB93D-7973-4A32-826F-F441B3DA9F9B}.Net35Release|Any CPU.ActiveCfg = Release|Any CPU
		{DC9EB93D-7973-4A32-826F-F441B3DA9F9B}.Net35Release|Any CPU.Build.0 = Release|Any CPU
		{DC9EB93D-7973-4A32-826F-F441B3DA9F9B}.Net35Release|Mixed Platforms.ActiveCfg = Release|x86
		{DC9EB93D-7973-4A32-826F-F441B3DA9F9B}.Net35Release|Mixed Platforms.Build.0 = Release|x86
		{DC9EB93D-7973-4A32-826F-F441B3DA9F9B}.Net35Release|Win32.ActiveCfg = Release|x86
		{DC9EB93D-7973-4A32-826F-F441B3DA9F9B}.Net35Release|Win32.Build.0 = Release|x86
		{DC9EB93D-7973-4A32-826F-F441B3DA9F9B}.Net35Release|x64.ActiveCfg = Release|Any CPU
		{DC9EB93D-7973-4A32-826F-F441B3DA9F9B}.Net35Release|x64.Build.0 = Release|Any CPU
		{DC9EB93D-7973-4A32-826F-F441B3DA9F9B}.Net35Release|x86.ActiveCfg = Release|x86
		{DC9EB93D-7973-4A32-826F-F441B3DA9F9B}.Net35Release|x86.Build.0 = Release|x86
		{DC9EB93D-7973-4A32-826F-F441B3DA9F9B}.Net40Debug|Any CPU.ActiveCfg = Debug|Any CPU
		{DC9EB93D-7973-4A32-826F-F441B3DA9F9B}.Net40Debug|Any CPU.Build.0 = Debug|Any CPU
		{DC9EB93D-7973-4A32-826F-F441B3DA9F9B}.Net40Debug|Mixed Platforms.ActiveCfg = Debug|x86
		{DC9EB93D-7973-4A32-826F-F441B3DA9F9B}.Net40Debug|Mixed Platforms.Build.0 = Debug|x86
		{DC9EB93D-7973-4A32-826F-F441B3DA9F9B}.Net40Debug|Win32.ActiveCfg = Debug|x86
		{DC9EB93D-7973-4A32-826F-F441B3DA9F9B}.Net40Debug|Win32.Build.0 = Debug|x86
		{DC9EB93D-7973-4A32-826F-F441B3DA9F9B}.Net40Debug|x64.ActiveCfg = Debug|Any CPU
		{DC9EB93D-7973-4A32-826F-F441B3DA9F9B}.Net40Debug|x64.Build.0 = Debug|Any CPU
		{DC9EB93D-7973-4A32-826F-F441B3DA9F9B}.Net40Debug|x86.ActiveCfg = Debug|x86
		{DC9EB93D-7973-4A32-826F-F441B3DA9F9B}.Net40Debug|x86.Build.0 = Debug|x86
		{DC9EB93D-7973-4A32-826F-F441B3DA9F9B}.Net40Release|Any CPU.ActiveCfg = Release|Any CPU
		{DC9EB93D-7973-4A32-826F-F441B3DA9F9B}.Net40Release|Any CPU.Build.0 = Release|Any CPU
		{DC9EB93D-7973-4A32-826F-F441B3DA9F9B}.Net40Release|Mixed Platforms.ActiveCfg = Release|x86
		{DC9EB93D-7973-4A32-826F-F441B3DA9F9B}.Net40Release|Mixed Platforms.Build.0 = Release|x86
		{DC9EB93D-7973-4A32-826F-F441B3DA9F9B}.Net40Release|Win32.ActiveCfg = Release|x86
		{DC9EB93D-7973-4A32-826F-F441B3DA9F9B}.Net40Release|Win32.Build.0 = Release|x86
		{DC9EB93D-7973-4A32-826F-F441B3DA9F9B}.Net40Release|x64.ActiveCfg = Release|Any CPU
		{DC9EB93D-7973-4A32-826F-F441B3DA9F9B}.Net40Release|x64.Build.0 = Release|Any CPU
		{DC9EB93D-7973-4A32-826F-F441B3DA9F9B}.Net40Release|x86.ActiveCfg = Release|x86
		{DC9EB93D-7973-4A32-826F-F441B3DA9F9B}.Net40Release|x86.Build.0 = Release|x86
		{DC9EB93D-7973-4A32-826F-F441B3DA9F9B}.Net45Debug|Any CPU.ActiveCfg = Debug|Any CPU
		{DC9EB93D-7973-4A32-826F-F441B3DA9F9B}.Net45Debug|Any CPU.Build.0 = Debug|Any CPU
		{DC9EB93D-7973-4A32-826F-F441B3DA9F9B}.Net45Debug|Mixed Platforms.ActiveCfg = Debug|x86
		{DC9EB93D-7973-4A32-826F-F441B3DA9F9B}.Net45Debug|Mixed Platforms.Build.0 = Debug|x86
		{DC9EB93D-7973-4A32-826F-F441B3DA9F9B}.Net45Debug|Win32.ActiveCfg = Debug|x86
		{DC9EB93D-7973-4A32-826F-F441B3DA9F9B}.Net45Debug|Win32.Build.0 = Debug|x86
		{DC9EB93D-7973-4A32-826F-F441B3DA9F9B}.Net45Debug|x64.ActiveCfg = Debug|Any CPU
		{DC9EB93D-7973-4A32-826F-F441B3DA9F9B}.Net45Debug|x64.Build.0 = Debug|Any CPU
		{DC9EB93D-7973-4A32-826F-F441B3DA9F9B}.Net45Debug|x86.ActiveCfg = Debug|x86
		{DC9EB93D-7973-4A32-826F-F441B3DA9F9B}.Net45Debug|x86.Build.0 = Debug|x86
		{DC9EB93D-7973-4A32-826F-F441B3DA9F9B}.Net45Release|Any CPU.ActiveCfg = Release|Any CPU
		{DC9EB93D-7973-4A32-826F-F441B3DA9F9B}.Net45Release|Any CPU.Build.0 = Release|Any CPU
		{DC9EB93D-7973-4A32-826F-F441B3DA9F9B}.Net45Release|Mixed Platforms.ActiveCfg = Release|x86
		{DC9EB93D-7973-4A32-826F-F441B3DA9F9B}.Net45Release|Mixed Platforms.Build.0 = Release|x86
		{DC9EB93D-7973-4A32-826F-F441B3DA9F9B}.Net45Release|Win32.ActiveCfg = Release|x86
		{DC9EB93D-7973-4A32-826F-F441B3DA9F9B}.Net45Release|Win32.Build.0 = Release|x86
		{DC9EB93D-7973-4A32-826F-F441B3DA9F9B}.Net45Release|x64.ActiveCfg = Release|Any CPU
		{DC9EB93D-7973-4A32-826F-F441B3DA9F9B}.Net45Release|x64.Build.0 = Release|Any CPU
		{DC9EB93D-7973-4A32-826F-F441B3DA9F9B}.Net45Release|x86.ActiveCfg = Release|x86
		{DC9EB93D-7973-4A32-826F-F441B3DA9F9B}.Net45Release|x86.Build.0 = Release|x86
		{DC9EB93D-7973-4A32-826F-F441B3DA9F9B}.Release|Any CPU.ActiveCfg = Release|Any CPU
		{DC9EB93D-7973-4A32-826F-F441B3DA9F9B}.Release|Any CPU.Build.0 = Release|Any CPU
		{DC9EB93D-7973-4A32-826F-F441B3DA9F9B}.Release|Mixed Platforms.ActiveCfg = Release|x86
		{DC9EB93D-7973-4A32-826F-F441B3DA9F9B}.Release|Mixed Platforms.Build.0 = Release|x86
		{DC9EB93D-7973-4A32-826F-F441B3DA9F9B}.Release|Win32.ActiveCfg = Release|x86
		{DC9EB93D-7973-4A32-826F-F441B3DA9F9B}.Release|Win32.Build.0 = Release|x86
		{DC9EB93D-7973-4A32-826F-F441B3DA9F9B}.Release|x64.ActiveCfg = Release|Any CPU
		{DC9EB93D-7973-4A32-826F-F441B3DA9F9B}.Release|x64.Build.0 = Release|Any CPU
		{DC9EB93D-7973-4A32-826F-F441B3DA9F9B}.Release|x86.ActiveCfg = Release|x86
		{DC9EB93D-7973-4A32-826F-F441B3DA9F9B}.Release|x86.Build.0 = Release|x86
		{C75532C4-765B-418E-B09B-46D36B2ABDB1}.Debug|Any CPU.ActiveCfg = Debug|Any CPU
		{C75532C4-765B-418E-B09B-46D36B2ABDB1}.Debug|Any CPU.Build.0 = Debug|Any CPU
		{C75532C4-765B-418E-B09B-46D36B2ABDB1}.Debug|Mixed Platforms.ActiveCfg = Debug|Any CPU
		{C75532C4-765B-418E-B09B-46D36B2ABDB1}.Debug|Mixed Platforms.Build.0 = Debug|Any CPU
		{C75532C4-765B-418E-B09B-46D36B2ABDB1}.Debug|Win32.ActiveCfg = Debug|Any CPU
		{C75532C4-765B-418E-B09B-46D36B2ABDB1}.Debug|Win32.Build.0 = Debug|Any CPU
		{C75532C4-765B-418E-B09B-46D36B2ABDB1}.Debug|x64.ActiveCfg = Debug|Any CPU
		{C75532C4-765B-418E-B09B-46D36B2ABDB1}.Debug|x64.Build.0 = Debug|Any CPU
		{C75532C4-765B-418E-B09B-46D36B2ABDB1}.Debug|x86.ActiveCfg = Debug|Any CPU
		{C75532C4-765B-418E-B09B-46D36B2ABDB1}.Debug|x86.Build.0 = Debug|Any CPU
		{C75532C4-765B-418E-B09B-46D36B2ABDB1}.Net35Debug|Any CPU.ActiveCfg = Debug|Any CPU
		{C75532C4-765B-418E-B09B-46D36B2ABDB1}.Net35Debug|Any CPU.Build.0 = Debug|Any CPU
		{C75532C4-765B-418E-B09B-46D36B2ABDB1}.Net35Debug|Mixed Platforms.ActiveCfg = Debug|Any CPU
		{C75532C4-765B-418E-B09B-46D36B2ABDB1}.Net35Debug|Mixed Platforms.Build.0 = Debug|Any CPU
		{C75532C4-765B-418E-B09B-46D36B2ABDB1}.Net35Debug|Win32.ActiveCfg = Debug|Any CPU
		{C75532C4-765B-418E-B09B-46D36B2ABDB1}.Net35Debug|Win32.Build.0 = Debug|Any CPU
		{C75532C4-765B-418E-B09B-46D36B2ABDB1}.Net35Debug|x64.ActiveCfg = Debug|Any CPU
		{C75532C4-765B-418E-B09B-46D36B2ABDB1}.Net35Debug|x64.Build.0 = Debug|Any CPU
		{C75532C4-765B-418E-B09B-46D36B2ABDB1}.Net35Debug|x86.ActiveCfg = Debug|Any CPU
		{C75532C4-765B-418E-B09B-46D36B2ABDB1}.Net35Debug|x86.Build.0 = Debug|Any CPU
		{C75532C4-765B-418E-B09B-46D36B2ABDB1}.Net35Release|Any CPU.ActiveCfg = Release|Any CPU
		{C75532C4-765B-418E-B09B-46D36B2ABDB1}.Net35Release|Any CPU.Build.0 = Release|Any CPU
		{C75532C4-765B-418E-B09B-46D36B2ABDB1}.Net35Release|Mixed Platforms.ActiveCfg = Release|Any CPU
		{C75532C4-765B-418E-B09B-46D36B2ABDB1}.Net35Release|Mixed Platforms.Build.0 = Release|Any CPU
		{C75532C4-765B-418E-B09B-46D36B2ABDB1}.Net35Release|Win32.ActiveCfg = Release|Any CPU
		{C75532C4-765B-418E-B09B-46D36B2ABDB1}.Net35Release|Win32.Build.0 = Release|Any CPU
		{C75532C4-765B-418E-B09B-46D36B2ABDB1}.Net35Release|x64.ActiveCfg = Release|Any CPU
		{C75532C4-765B-418E-B09B-46D36B2ABDB1}.Net35Release|x64.Build.0 = Release|Any CPU
		{C75532C4-765B-418E-B09B-46D36B2ABDB1}.Net35Release|x86.ActiveCfg = Release|Any CPU
		{C75532C4-765B-418E-B09B-46D36B2ABDB1}.Net35Release|x86.Build.0 = Release|Any CPU
		{C75532C4-765B-418E-B09B-46D36B2ABDB1}.Net40Debug|Any CPU.ActiveCfg = Debug|Any CPU
		{C75532C4-765B-418E-B09B-46D36B2ABDB1}.Net40Debug|Any CPU.Build.0 = Debug|Any CPU
		{C75532C4-765B-418E-B09B-46D36B2ABDB1}.Net40Debug|Mixed Platforms.ActiveCfg = Debug|Any CPU
		{C75532C4-765B-418E-B09B-46D36B2ABDB1}.Net40Debug|Mixed Platforms.Build.0 = Debug|Any CPU
		{C75532C4-765B-418E-B09B-46D36B2ABDB1}.Net40Debug|Win32.ActiveCfg = Debug|Any CPU
		{C75532C4-765B-418E-B09B-46D36B2ABDB1}.Net40Debug|Win32.Build.0 = Debug|Any CPU
		{C75532C4-765B-418E-B09B-46D36B2ABDB1}.Net40Debug|x64.ActiveCfg = Debug|Any CPU
		{C75532C4-765B-418E-B09B-46D36B2ABDB1}.Net40Debug|x64.Build.0 = Debug|Any CPU
		{C75532C4-765B-418E-B09B-46D36B2ABDB1}.Net40Debug|x86.ActiveCfg = Debug|Any CPU
		{C75532C4-765B-418E-B09B-46D36B2ABDB1}.Net40Debug|x86.Build.0 = Debug|Any CPU
		{C75532C4-765B-418E-B09B-46D36B2ABDB1}.Net40Release|Any CPU.ActiveCfg = Release|Any CPU
		{C75532C4-765B-418E-B09B-46D36B2ABDB1}.Net40Release|Any CPU.Build.0 = Release|Any CPU
		{C75532C4-765B-418E-B09B-46D36B2ABDB1}.Net40Release|Mixed Platforms.ActiveCfg = Release|Any CPU
		{C75532C4-765B-418E-B09B-46D36B2ABDB1}.Net40Release|Mixed Platforms.Build.0 = Release|Any CPU
		{C75532C4-765B-418E-B09B-46D36B2ABDB1}.Net40Release|Win32.ActiveCfg = Release|Any CPU
		{C75532C4-765B-418E-B09B-46D36B2ABDB1}.Net40Release|Win32.Build.0 = Release|Any CPU
		{C75532C4-765B-418E-B09B-46D36B2ABDB1}.Net40Release|x64.ActiveCfg = Release|Any CPU
		{C75532C4-765B-418E-B09B-46D36B2ABDB1}.Net40Release|x64.Build.0 = Release|Any CPU
		{C75532C4-765B-418E-B09B-46D36B2ABDB1}.Net40Release|x86.ActiveCfg = Release|Any CPU
		{C75532C4-765B-418E-B09B-46D36B2ABDB1}.Net40Release|x86.Build.0 = Release|Any CPU
		{C75532C4-765B-418E-B09B-46D36B2ABDB1}.Net45Debug|Any CPU.ActiveCfg = Debug|Any CPU
		{C75532C4-765B-418E-B09B-46D36B2ABDB1}.Net45Debug|Any CPU.Build.0 = Debug|Any CPU
		{C75532C4-765B-418E-B09B-46D36B2ABDB1}.Net45Debug|Mixed Platforms.ActiveCfg = Debug|Any CPU
		{C75532C4-765B-418E-B09B-46D36B2ABDB1}.Net45Debug|Mixed Platforms.Build.0 = Debug|Any CPU
		{C75532C4-765B-418E-B09B-46D36B2ABDB1}.Net45Debug|Win32.ActiveCfg = Debug|Any CPU
		{C75532C4-765B-418E-B09B-46D36B2ABDB1}.Net45Debug|Win32.Build.0 = Debug|Any CPU
		{C75532C4-765B-418E-B09B-46D36B2ABDB1}.Net45Debug|x64.ActiveCfg = Debug|Any CPU
		{C75532C4-765B-418E-B09B-46D36B2ABDB1}.Net45Debug|x64.Build.0 = Debug|Any CPU
		{C75532C4-765B-418E-B09B-46D36B2ABDB1}.Net45Debug|x86.ActiveCfg = Debug|Any CPU
		{C75532C4-765B-418E-B09B-46D36B2ABDB1}.Net45Debug|x86.Build.0 = Debug|Any CPU
		{C75532C4-765B-418E-B09B-46D36B2ABDB1}.Net45Release|Any CPU.ActiveCfg = Release|Any CPU
		{C75532C4-765B-418E-B09B-46D36B2ABDB1}.Net45Release|Any CPU.Build.0 = Release|Any CPU
		{C75532C4-765B-418E-B09B-46D36B2ABDB1}.Net45Release|Mixed Platforms.ActiveCfg = Release|Any CPU
		{C75532C4-765B-418E-B09B-46D36B2ABDB1}.Net45Release|Mixed Platforms.Build.0 = Release|Any CPU
		{C75532C4-765B-418E-B09B-46D36B2ABDB1}.Net45Release|Win32.ActiveCfg = Release|Any CPU
		{C75532C4-765B-418E-B09B-46D36B2ABDB1}.Net45Release|Win32.Build.0 = Release|Any CPU
		{C75532C4-765B-418E-B09B-46D36B2ABDB1}.Net45Release|x64.ActiveCfg = Release|Any CPU
		{C75532C4-765B-418E-B09B-46D36B2ABDB1}.Net45Release|x64.Build.0 = Release|Any CPU
		{C75532C4-765B-418E-B09B-46D36B2ABDB1}.Net45Release|x86.ActiveCfg = Release|Any CPU
		{C75532C4-765B-418E-B09B-46D36B2ABDB1}.Net45Release|x86.Build.0 = Release|Any CPU
		{C75532C4-765B-418E-B09B-46D36B2ABDB1}.Release|Any CPU.ActiveCfg = Release|Any CPU
		{C75532C4-765B-418E-B09B-46D36B2ABDB1}.Release|Any CPU.Build.0 = Release|Any CPU
		{C75532C4-765B-418E-B09B-46D36B2ABDB1}.Release|Mixed Platforms.ActiveCfg = Release|Any CPU
		{C75532C4-765B-418E-B09B-46D36B2ABDB1}.Release|Mixed Platforms.Build.0 = Release|Any CPU
		{C75532C4-765B-418E-B09B-46D36B2ABDB1}.Release|Win32.ActiveCfg = Release|Any CPU
		{C75532C4-765B-418E-B09B-46D36B2ABDB1}.Release|Win32.Build.0 = Release|Any CPU
		{C75532C4-765B-418E-B09B-46D36B2ABDB1}.Release|x64.ActiveCfg = Release|Any CPU
		{C75532C4-765B-418E-B09B-46D36B2ABDB1}.Release|x64.Build.0 = Release|Any CPU
		{C75532C4-765B-418E-B09B-46D36B2ABDB1}.Release|x86.ActiveCfg = Release|Any CPU
		{C75532C4-765B-418E-B09B-46D36B2ABDB1}.Release|x86.Build.0 = Release|Any CPU
		{245E07F6-10D5-4CFA-B003-0DEB06B223DA}.Debug|Any CPU.ActiveCfg = Debug|Any CPU
		{245E07F6-10D5-4CFA-B003-0DEB06B223DA}.Debug|Any CPU.Build.0 = Debug|Any CPU
		{245E07F6-10D5-4CFA-B003-0DEB06B223DA}.Debug|Mixed Platforms.ActiveCfg = Debug|Any CPU
		{245E07F6-10D5-4CFA-B003-0DEB06B223DA}.Debug|Mixed Platforms.Build.0 = Debug|Any CPU
		{245E07F6-10D5-4CFA-B003-0DEB06B223DA}.Debug|Win32.ActiveCfg = Debug|Any CPU
		{245E07F6-10D5-4CFA-B003-0DEB06B223DA}.Debug|Win32.Build.0 = Debug|Any CPU
		{245E07F6-10D5-4CFA-B003-0DEB06B223DA}.Debug|x64.ActiveCfg = Debug|Any CPU
		{245E07F6-10D5-4CFA-B003-0DEB06B223DA}.Debug|x64.Build.0 = Debug|Any CPU
		{245E07F6-10D5-4CFA-B003-0DEB06B223DA}.Debug|x86.ActiveCfg = Debug|Any CPU
		{245E07F6-10D5-4CFA-B003-0DEB06B223DA}.Debug|x86.Build.0 = Debug|Any CPU
		{245E07F6-10D5-4CFA-B003-0DEB06B223DA}.Net35Debug|Any CPU.ActiveCfg = Debug|Any CPU
		{245E07F6-10D5-4CFA-B003-0DEB06B223DA}.Net35Debug|Any CPU.Build.0 = Debug|Any CPU
		{245E07F6-10D5-4CFA-B003-0DEB06B223DA}.Net35Debug|Mixed Platforms.ActiveCfg = Debug|Any CPU
		{245E07F6-10D5-4CFA-B003-0DEB06B223DA}.Net35Debug|Mixed Platforms.Build.0 = Debug|Any CPU
		{245E07F6-10D5-4CFA-B003-0DEB06B223DA}.Net35Debug|Win32.ActiveCfg = Debug|Any CPU
		{245E07F6-10D5-4CFA-B003-0DEB06B223DA}.Net35Debug|Win32.Build.0 = Debug|Any CPU
		{245E07F6-10D5-4CFA-B003-0DEB06B223DA}.Net35Debug|x64.ActiveCfg = Debug|Any CPU
		{245E07F6-10D5-4CFA-B003-0DEB06B223DA}.Net35Debug|x64.Build.0 = Debug|Any CPU
		{245E07F6-10D5-4CFA-B003-0DEB06B223DA}.Net35Debug|x86.ActiveCfg = Debug|Any CPU
		{245E07F6-10D5-4CFA-B003-0DEB06B223DA}.Net35Debug|x86.Build.0 = Debug|Any CPU
		{245E07F6-10D5-4CFA-B003-0DEB06B223DA}.Net35Release|Any CPU.ActiveCfg = Release|Any CPU
		{245E07F6-10D5-4CFA-B003-0DEB06B223DA}.Net35Release|Any CPU.Build.0 = Release|Any CPU
		{245E07F6-10D5-4CFA-B003-0DEB06B223DA}.Net35Release|Mixed Platforms.ActiveCfg = Release|Any CPU
		{245E07F6-10D5-4CFA-B003-0DEB06B223DA}.Net35Release|Mixed Platforms.Build.0 = Release|Any CPU
		{245E07F6-10D5-4CFA-B003-0DEB06B223DA}.Net35Release|Win32.ActiveCfg = Release|Any CPU
		{245E07F6-10D5-4CFA-B003-0DEB06B223DA}.Net35Release|Win32.Build.0 = Release|Any CPU
		{245E07F6-10D5-4CFA-B003-0DEB06B223DA}.Net35Release|x64.ActiveCfg = Release|Any CPU
		{245E07F6-10D5-4CFA-B003-0DEB06B223DA}.Net35Release|x64.Build.0 = Release|Any CPU
		{245E07F6-10D5-4CFA-B003-0DEB06B223DA}.Net35Release|x86.ActiveCfg = Release|Any CPU
		{245E07F6-10D5-4CFA-B003-0DEB06B223DA}.Net35Release|x86.Build.0 = Release|Any CPU
		{245E07F6-10D5-4CFA-B003-0DEB06B223DA}.Net40Debug|Any CPU.ActiveCfg = Debug|Any CPU
		{245E07F6-10D5-4CFA-B003-0DEB06B223DA}.Net40Debug|Any CPU.Build.0 = Debug|Any CPU
		{245E07F6-10D5-4CFA-B003-0DEB06B223DA}.Net40Debug|Mixed Platforms.ActiveCfg = Debug|Any CPU
		{245E07F6-10D5-4CFA-B003-0DEB06B223DA}.Net40Debug|Mixed Platforms.Build.0 = Debug|Any CPU
		{245E07F6-10D5-4CFA-B003-0DEB06B223DA}.Net40Debug|Win32.ActiveCfg = Debug|Any CPU
		{245E07F6-10D5-4CFA-B003-0DEB06B223DA}.Net40Debug|Win32.Build.0 = Debug|Any CPU
		{245E07F6-10D5-4CFA-B003-0DEB06B223DA}.Net40Debug|x64.ActiveCfg = Debug|Any CPU
		{245E07F6-10D5-4CFA-B003-0DEB06B223DA}.Net40Debug|x64.Build.0 = Debug|Any CPU
		{245E07F6-10D5-4CFA-B003-0DEB06B223DA}.Net40Debug|x86.ActiveCfg = Debug|Any CPU
		{245E07F6-10D5-4CFA-B003-0DEB06B223DA}.Net40Debug|x86.Build.0 = Debug|Any CPU
		{245E07F6-10D5-4CFA-B003-0DEB06B223DA}.Net40Release|Any CPU.ActiveCfg = Release|Any CPU
		{245E07F6-10D5-4CFA-B003-0DEB06B223DA}.Net40Release|Any CPU.Build.0 = Release|Any CPU
		{245E07F6-10D5-4CFA-B003-0DEB06B223DA}.Net40Release|Mixed Platforms.ActiveCfg = Release|Any CPU
		{245E07F6-10D5-4CFA-B003-0DEB06B223DA}.Net40Release|Mixed Platforms.Build.0 = Release|Any CPU
		{245E07F6-10D5-4CFA-B003-0DEB06B223DA}.Net40Release|Win32.ActiveCfg = Release|Any CPU
		{245E07F6-10D5-4CFA-B003-0DEB06B223DA}.Net40Release|Win32.Build.0 = Release|Any CPU
		{245E07F6-10D5-4CFA-B003-0DEB06B223DA}.Net40Release|x64.ActiveCfg = Release|Any CPU
		{245E07F6-10D5-4CFA-B003-0DEB06B223DA}.Net40Release|x64.Build.0 = Release|Any CPU
		{245E07F6-10D5-4CFA-B003-0DEB06B223DA}.Net40Release|x86.ActiveCfg = Release|Any CPU
		{245E07F6-10D5-4CFA-B003-0DEB06B223DA}.Net40Release|x86.Build.0 = Release|Any CPU
		{245E07F6-10D5-4CFA-B003-0DEB06B223DA}.Net45Debug|Any CPU.ActiveCfg = Debug|Any CPU
		{245E07F6-10D5-4CFA-B003-0DEB06B223DA}.Net45Debug|Any CPU.Build.0 = Debug|Any CPU
		{245E07F6-10D5-4CFA-B003-0DEB06B223DA}.Net45Debug|Mixed Platforms.ActiveCfg = Debug|Any CPU
		{245E07F6-10D5-4CFA-B003-0DEB06B223DA}.Net45Debug|Mixed Platforms.Build.0 = Debug|Any CPU
		{245E07F6-10D5-4CFA-B003-0DEB06B223DA}.Net45Debug|Win32.ActiveCfg = Debug|Any CPU
		{245E07F6-10D5-4CFA-B003-0DEB06B223DA}.Net45Debug|Win32.Build.0 = Debug|Any CPU
		{245E07F6-10D5-4CFA-B003-0DEB06B223DA}.Net45Debug|x64.ActiveCfg = Debug|Any CPU
		{245E07F6-10D5-4CFA-B003-0DEB06B223DA}.Net45Debug|x64.Build.0 = Debug|Any CPU
		{245E07F6-10D5-4CFA-B003-0DEB06B223DA}.Net45Debug|x86.ActiveCfg = Debug|Any CPU
		{245E07F6-10D5-4CFA-B003-0DEB06B223DA}.Net45Debug|x86.Build.0 = Debug|Any CPU
		{245E07F6-10D5-4CFA-B003-0DEB06B223DA}.Net45Release|Any CPU.ActiveCfg = Release|Any CPU
		{245E07F6-10D5-4CFA-B003-0DEB06B223DA}.Net45Release|Any CPU.Build.0 = Release|Any CPU
		{245E07F6-10D5-4CFA-B003-0DEB06B223DA}.Net45Release|Mixed Platforms.ActiveCfg = Release|Any CPU
		{245E07F6-10D5-4CFA-B003-0DEB06B223DA}.Net45Release|Mixed Platforms.Build.0 = Release|Any CPU
		{245E07F6-10D5-4CFA-B003-0DEB06B223DA}.Net45Release|Win32.ActiveCfg = Release|Any CPU
		{245E07F6-10D5-4CFA-B003-0DEB06B223DA}.Net45Release|Win32.Build.0 = Release|Any CPU
		{245E07F6-10D5-4CFA-B003-0DEB06B223DA}.Net45Release|x64.ActiveCfg = Release|Any CPU
		{245E07F6-10D5-4CFA-B003-0DEB06B223DA}.Net45Release|x64.Build.0 = Release|Any CPU
		{245E07F6-10D5-4CFA-B003-0DEB06B223DA}.Net45Release|x86.ActiveCfg = Release|Any CPU
		{245E07F6-10D5-4CFA-B003-0DEB06B223DA}.Net45Release|x86.Build.0 = Release|Any CPU
		{245E07F6-10D5-4CFA-B003-0DEB06B223DA}.Release|Any CPU.ActiveCfg = Release|Any CPU
		{245E07F6-10D5-4CFA-B003-0DEB06B223DA}.Release|Any CPU.Build.0 = Release|Any CPU
		{245E07F6-10D5-4CFA-B003-0DEB06B223DA}.Release|Mixed Platforms.ActiveCfg = Release|Any CPU
		{245E07F6-10D5-4CFA-B003-0DEB06B223DA}.Release|Mixed Platforms.Build.0 = Release|Any CPU
		{245E07F6-10D5-4CFA-B003-0DEB06B223DA}.Release|Win32.ActiveCfg = Release|Any CPU
		{245E07F6-10D5-4CFA-B003-0DEB06B223DA}.Release|Win32.Build.0 = Release|Any CPU
		{245E07F6-10D5-4CFA-B003-0DEB06B223DA}.Release|x64.ActiveCfg = Release|Any CPU
		{245E07F6-10D5-4CFA-B003-0DEB06B223DA}.Release|x64.Build.0 = Release|Any CPU
		{245E07F6-10D5-4CFA-B003-0DEB06B223DA}.Release|x86.ActiveCfg = Release|Any CPU
		{245E07F6-10D5-4CFA-B003-0DEB06B223DA}.Release|x86.Build.0 = Release|Any CPU
		{2DAC1A31-EF28-499A-B67A-963B5343D778}.Debug|Any CPU.ActiveCfg = Debug|Win32
		{2DAC1A31-EF28-499A-B67A-963B5343D778}.Debug|Mixed Platforms.ActiveCfg = Debug|Win32
		{2DAC1A31-EF28-499A-B67A-963B5343D778}.Debug|Mixed Platforms.Build.0 = Debug|Win32
		{2DAC1A31-EF28-499A-B67A-963B5343D778}.Debug|Win32.ActiveCfg = Debug|Win32
		{2DAC1A31-EF28-499A-B67A-963B5343D778}.Debug|Win32.Build.0 = Debug|Win32
		{2DAC1A31-EF28-499A-B67A-963B5343D778}.Debug|x64.ActiveCfg = Debug|Win32
		{2DAC1A31-EF28-499A-B67A-963B5343D778}.Debug|x86.ActiveCfg = Debug|Win32
		{2DAC1A31-EF28-499A-B67A-963B5343D778}.Debug|x86.Build.0 = Debug|Win32
		{2DAC1A31-EF28-499A-B67A-963B5343D778}.Net35Debug|Any CPU.ActiveCfg = Release|Win32
		{2DAC1A31-EF28-499A-B67A-963B5343D778}.Net35Debug|Any CPU.Build.0 = Release|Win32
		{2DAC1A31-EF28-499A-B67A-963B5343D778}.Net35Debug|Mixed Platforms.ActiveCfg = Debug|Win32
		{2DAC1A31-EF28-499A-B67A-963B5343D778}.Net35Debug|Mixed Platforms.Build.0 = Debug|Win32
		{2DAC1A31-EF28-499A-B67A-963B5343D778}.Net35Debug|Win32.ActiveCfg = Debug|Win32
		{2DAC1A31-EF28-499A-B67A-963B5343D778}.Net35Debug|Win32.Build.0 = Debug|Win32
		{2DAC1A31-EF28-499A-B67A-963B5343D778}.Net35Debug|x64.ActiveCfg = Release|Win32
		{2DAC1A31-EF28-499A-B67A-963B5343D778}.Net35Debug|x64.Build.0 = Release|Win32
		{2DAC1A31-EF28-499A-B67A-963B5343D778}.Net35Debug|x86.ActiveCfg = Debug|Win32
		{2DAC1A31-EF28-499A-B67A-963B5343D778}.Net35Debug|x86.Build.0 = Debug|Win32
		{2DAC1A31-EF28-499A-B67A-963B5343D778}.Net35Release|Any CPU.ActiveCfg = Release|Win32
		{2DAC1A31-EF28-499A-B67A-963B5343D778}.Net35Release|Any CPU.Build.0 = Release|Win32
		{2DAC1A31-EF28-499A-B67A-963B5343D778}.Net35Release|Mixed Platforms.ActiveCfg = Release|Win32
		{2DAC1A31-EF28-499A-B67A-963B5343D778}.Net35Release|Mixed Platforms.Build.0 = Release|Win32
		{2DAC1A31-EF28-499A-B67A-963B5343D778}.Net35Release|Win32.ActiveCfg = Release|Win32
		{2DAC1A31-EF28-499A-B67A-963B5343D778}.Net35Release|Win32.Build.0 = Release|Win32
		{2DAC1A31-EF28-499A-B67A-963B5343D778}.Net35Release|x64.ActiveCfg = Release|Win32
		{2DAC1A31-EF28-499A-B67A-963B5343D778}.Net35Release|x64.Build.0 = Release|Win32
		{2DAC1A31-EF28-499A-B67A-963B5343D778}.Net35Release|x86.ActiveCfg = Release|Win32
		{2DAC1A31-EF28-499A-B67A-963B5343D778}.Net35Release|x86.Build.0 = Release|Win32
		{2DAC1A31-EF28-499A-B67A-963B5343D778}.Net40Debug|Any CPU.ActiveCfg = Release|Win32
		{2DAC1A31-EF28-499A-B67A-963B5343D778}.Net40Debug|Any CPU.Build.0 = Release|Win32
		{2DAC1A31-EF28-499A-B67A-963B5343D778}.Net40Debug|Mixed Platforms.ActiveCfg = Debug|Win32
		{2DAC1A31-EF28-499A-B67A-963B5343D778}.Net40Debug|Mixed Platforms.Build.0 = Debug|Win32
		{2DAC1A31-EF28-499A-B67A-963B5343D778}.Net40Debug|Win32.ActiveCfg = Debug|Win32
		{2DAC1A31-EF28-499A-B67A-963B5343D778}.Net40Debug|Win32.Build.0 = Debug|Win32
		{2DAC1A31-EF28-499A-B67A-963B5343D778}.Net40Debug|x64.ActiveCfg = Release|Win32
		{2DAC1A31-EF28-499A-B67A-963B5343D778}.Net40Debug|x64.Build.0 = Release|Win32
		{2DAC1A31-EF28-499A-B67A-963B5343D778}.Net40Debug|x86.ActiveCfg = Debug|Win32
		{2DAC1A31-EF28-499A-B67A-963B5343D778}.Net40Debug|x86.Build.0 = Debug|Win32
		{2DAC1A31-EF28-499A-B67A-963B5343D778}.Net40Release|Any CPU.ActiveCfg = Release|Win32
		{2DAC1A31-EF28-499A-B67A-963B5343D778}.Net40Release|Any CPU.Build.0 = Release|Win32
		{2DAC1A31-EF28-499A-B67A-963B5343D778}.Net40Release|Mixed Platforms.ActiveCfg = Release|Win32
		{2DAC1A31-EF28-499A-B67A-963B5343D778}.Net40Release|Mixed Platforms.Build.0 = Release|Win32
		{2DAC1A31-EF28-499A-B67A-963B5343D778}.Net40Release|Win32.ActiveCfg = Release|Win32
		{2DAC1A31-EF28-499A-B67A-963B5343D778}.Net40Release|Win32.Build.0 = Release|Win32
		{2DAC1A31-EF28-499A-B67A-963B5343D778}.Net40Release|x64.ActiveCfg = Release|Win32
		{2DAC1A31-EF28-499A-B67A-963B5343D778}.Net40Release|x64.Build.0 = Release|Win32
		{2DAC1A31-EF28-499A-B67A-963B5343D778}.Net40Release|x86.ActiveCfg = Release|Win32
		{2DAC1A31-EF28-499A-B67A-963B5343D778}.Net40Release|x86.Build.0 = Release|Win32
		{2DAC1A31-EF28-499A-B67A-963B5343D778}.Net45Debug|Any CPU.ActiveCfg = Release|Win32
		{2DAC1A31-EF28-499A-B67A-963B5343D778}.Net45Debug|Any CPU.Build.0 = Release|Win32
		{2DAC1A31-EF28-499A-B67A-963B5343D778}.Net45Debug|Mixed Platforms.ActiveCfg = Debug|Win32
		{2DAC1A31-EF28-499A-B67A-963B5343D778}.Net45Debug|Mixed Platforms.Build.0 = Debug|Win32
		{2DAC1A31-EF28-499A-B67A-963B5343D778}.Net45Debug|Win32.ActiveCfg = Debug|Win32
		{2DAC1A31-EF28-499A-B67A-963B5343D778}.Net45Debug|Win32.Build.0 = Debug|Win32
		{2DAC1A31-EF28-499A-B67A-963B5343D778}.Net45Debug|x64.ActiveCfg = Release|Win32
		{2DAC1A31-EF28-499A-B67A-963B5343D778}.Net45Debug|x64.Build.0 = Release|Win32
		{2DAC1A31-EF28-499A-B67A-963B5343D778}.Net45Debug|x86.ActiveCfg = Debug|Win32
		{2DAC1A31-EF28-499A-B67A-963B5343D778}.Net45Debug|x86.Build.0 = Debug|Win32
		{2DAC1A31-EF28-499A-B67A-963B5343D778}.Net45Release|Any CPU.ActiveCfg = Release|Win32
		{2DAC1A31-EF28-499A-B67A-963B5343D778}.Net45Release|Any CPU.Build.0 = Release|Win32
		{2DAC1A31-EF28-499A-B67A-963B5343D778}.Net45Release|Mixed Platforms.ActiveCfg = Release|Win32
		{2DAC1A31-EF28-499A-B67A-963B5343D778}.Net45Release|Mixed Platforms.Build.0 = Release|Win32
		{2DAC1A31-EF28-499A-B67A-963B5343D778}.Net45Release|Win32.ActiveCfg = Release|Win32
		{2DAC1A31-EF28-499A-B67A-963B5343D778}.Net45Release|Win32.Build.0 = Release|Win32
		{2DAC1A31-EF28-499A-B67A-963B5343D778}.Net45Release|x64.ActiveCfg = Release|Win32
		{2DAC1A31-EF28-499A-B67A-963B5343D778}.Net45Release|x64.Build.0 = Release|Win32
		{2DAC1A31-EF28-499A-B67A-963B5343D778}.Net45Release|x86.ActiveCfg = Release|Win32
		{2DAC1A31-EF28-499A-B67A-963B5343D778}.Net45Release|x86.Build.0 = Release|Win32
		{2DAC1A31-EF28-499A-B67A-963B5343D778}.Release|Any CPU.ActiveCfg = Release|Win32
		{2DAC1A31-EF28-499A-B67A-963B5343D778}.Release|Mixed Platforms.ActiveCfg = Release|Win32
		{2DAC1A31-EF28-499A-B67A-963B5343D778}.Release|Mixed Platforms.Build.0 = Release|Win32
		{2DAC1A31-EF28-499A-B67A-963B5343D778}.Release|Win32.ActiveCfg = Release|Win32
		{2DAC1A31-EF28-499A-B67A-963B5343D778}.Release|Win32.Build.0 = Release|Win32
		{2DAC1A31-EF28-499A-B67A-963B5343D778}.Release|x64.ActiveCfg = Release|Win32
		{2DAC1A31-EF28-499A-B67A-963B5343D778}.Release|x86.ActiveCfg = Release|Win32
		{2DAC1A31-EF28-499A-B67A-963B5343D778}.Release|x86.Build.0 = Release|Win32
		{87C6E1E9-D714-498A-BFF6-883645A0630A}.Debug|Any CPU.ActiveCfg = Debug|x86
		{87C6E1E9-D714-498A-BFF6-883645A0630A}.Debug|Mixed Platforms.ActiveCfg = Debug|x86
		{87C6E1E9-D714-498A-BFF6-883645A0630A}.Debug|Mixed Platforms.Build.0 = Debug|x86
		{87C6E1E9-D714-498A-BFF6-883645A0630A}.Debug|Win32.ActiveCfg = Debug|x86
		{87C6E1E9-D714-498A-BFF6-883645A0630A}.Debug|Win32.Build.0 = Debug|x86
		{87C6E1E9-D714-498A-BFF6-883645A0630A}.Debug|x64.ActiveCfg = Debug|x86
		{87C6E1E9-D714-498A-BFF6-883645A0630A}.Debug|x86.ActiveCfg = Debug|x86
		{87C6E1E9-D714-498A-BFF6-883645A0630A}.Debug|x86.Build.0 = Debug|x86
		{87C6E1E9-D714-498A-BFF6-883645A0630A}.Net35Debug|Any CPU.ActiveCfg = Release|x86
		{87C6E1E9-D714-498A-BFF6-883645A0630A}.Net35Debug|Any CPU.Build.0 = Release|x86
		{87C6E1E9-D714-498A-BFF6-883645A0630A}.Net35Debug|Mixed Platforms.ActiveCfg = Debug|x86
		{87C6E1E9-D714-498A-BFF6-883645A0630A}.Net35Debug|Mixed Platforms.Build.0 = Debug|x86
		{87C6E1E9-D714-498A-BFF6-883645A0630A}.Net35Debug|Win32.ActiveCfg = Debug|x86
		{87C6E1E9-D714-498A-BFF6-883645A0630A}.Net35Debug|Win32.Build.0 = Debug|x86
		{87C6E1E9-D714-498A-BFF6-883645A0630A}.Net35Debug|x64.ActiveCfg = Release|x86
		{87C6E1E9-D714-498A-BFF6-883645A0630A}.Net35Debug|x64.Build.0 = Release|x86
		{87C6E1E9-D714-498A-BFF6-883645A0630A}.Net35Debug|x86.ActiveCfg = Debug|x86
		{87C6E1E9-D714-498A-BFF6-883645A0630A}.Net35Debug|x86.Build.0 = Debug|x86
		{87C6E1E9-D714-498A-BFF6-883645A0630A}.Net35Release|Any CPU.ActiveCfg = Release|x86
		{87C6E1E9-D714-498A-BFF6-883645A0630A}.Net35Release|Any CPU.Build.0 = Release|x86
		{87C6E1E9-D714-498A-BFF6-883645A0630A}.Net35Release|Mixed Platforms.ActiveCfg = Release|x86
		{87C6E1E9-D714-498A-BFF6-883645A0630A}.Net35Release|Mixed Platforms.Build.0 = Release|x86
		{87C6E1E9-D714-498A-BFF6-883645A0630A}.Net35Release|Win32.ActiveCfg = Release|x86
		{87C6E1E9-D714-498A-BFF6-883645A0630A}.Net35Release|Win32.Build.0 = Release|x86
		{87C6E1E9-D714-498A-BFF6-883645A0630A}.Net35Release|x64.ActiveCfg = Release|x86
		{87C6E1E9-D714-498A-BFF6-883645A0630A}.Net35Release|x64.Build.0 = Release|x86
		{87C6E1E9-D714-498A-BFF6-883645A0630A}.Net35Release|x86.ActiveCfg = Release|x86
		{87C6E1E9-D714-498A-BFF6-883645A0630A}.Net35Release|x86.Build.0 = Release|x86
		{87C6E1E9-D714-498A-BFF6-883645A0630A}.Net40Debug|Any CPU.ActiveCfg = Release|x86
		{87C6E1E9-D714-498A-BFF6-883645A0630A}.Net40Debug|Any CPU.Build.0 = Release|x86
		{87C6E1E9-D714-498A-BFF6-883645A0630A}.Net40Debug|Mixed Platforms.ActiveCfg = Debug|x86
		{87C6E1E9-D714-498A-BFF6-883645A0630A}.Net40Debug|Mixed Platforms.Build.0 = Debug|x86
		{87C6E1E9-D714-498A-BFF6-883645A0630A}.Net40Debug|Win32.ActiveCfg = Debug|x86
		{87C6E1E9-D714-498A-BFF6-883645A0630A}.Net40Debug|Win32.Build.0 = Debug|x86
		{87C6E1E9-D714-498A-BFF6-883645A0630A}.Net40Debug|x64.ActiveCfg = Release|x86
		{87C6E1E9-D714-498A-BFF6-883645A0630A}.Net40Debug|x64.Build.0 = Release|x86
		{87C6E1E9-D714-498A-BFF6-883645A0630A}.Net40Debug|x86.ActiveCfg = Debug|x86
		{87C6E1E9-D714-498A-BFF6-883645A0630A}.Net40Debug|x86.Build.0 = Debug|x86
		{87C6E1E9-D714-498A-BFF6-883645A0630A}.Net40Release|Any CPU.ActiveCfg = Release|x86
		{87C6E1E9-D714-498A-BFF6-883645A0630A}.Net40Release|Any CPU.Build.0 = Release|x86
		{87C6E1E9-D714-498A-BFF6-883645A0630A}.Net40Release|Mixed Platforms.ActiveCfg = Release|x86
		{87C6E1E9-D714-498A-BFF6-883645A0630A}.Net40Release|Mixed Platforms.Build.0 = Release|x86
		{87C6E1E9-D714-498A-BFF6-883645A0630A}.Net40Release|Win32.ActiveCfg = Release|x86
		{87C6E1E9-D714-498A-BFF6-883645A0630A}.Net40Release|Win32.Build.0 = Release|x86
		{87C6E1E9-D714-498A-BFF6-883645A0630A}.Net40Release|x64.ActiveCfg = Release|x86
		{87C6E1E9-D714-498A-BFF6-883645A0630A}.Net40Release|x64.Build.0 = Release|x86
		{87C6E1E9-D714-498A-BFF6-883645A0630A}.Net40Release|x86.ActiveCfg = Release|x86
		{87C6E1E9-D714-498A-BFF6-883645A0630A}.Net40Release|x86.Build.0 = Release|x86
		{87C6E1E9-D714-498A-BFF6-883645A0630A}.Net45Debug|Any CPU.ActiveCfg = Release|x86
		{87C6E1E9-D714-498A-BFF6-883645A0630A}.Net45Debug|Any CPU.Build.0 = Release|x86
		{87C6E1E9-D714-498A-BFF6-883645A0630A}.Net45Debug|Mixed Platforms.ActiveCfg = Debug|x86
		{87C6E1E9-D714-498A-BFF6-883645A0630A}.Net45Debug|Mixed Platforms.Build.0 = Debug|x86
		{87C6E1E9-D714-498A-BFF6-883645A0630A}.Net45Debug|Win32.ActiveCfg = Debug|x86
		{87C6E1E9-D714-498A-BFF6-883645A0630A}.Net45Debug|Win32.Build.0 = Debug|x86
		{87C6E1E9-D714-498A-BFF6-883645A0630A}.Net45Debug|x64.ActiveCfg = Release|x86
		{87C6E1E9-D714-498A-BFF6-883645A0630A}.Net45Debug|x64.Build.0 = Release|x86
		{87C6E1E9-D714-498A-BFF6-883645A0630A}.Net45Debug|x86.ActiveCfg = Debug|x86
		{87C6E1E9-D714-498A-BFF6-883645A0630A}.Net45Debug|x86.Build.0 = Debug|x86
		{87C6E1E9-D714-498A-BFF6-883645A0630A}.Net45Release|Any CPU.ActiveCfg = Release|x86
		{87C6E1E9-D714-498A-BFF6-883645A0630A}.Net45Release|Any CPU.Build.0 = Release|x86
		{87C6E1E9-D714-498A-BFF6-883645A0630A}.Net45Release|Mixed Platforms.ActiveCfg = Release|x86
		{87C6E1E9-D714-498A-BFF6-883645A0630A}.Net45Release|Mixed Platforms.Build.0 = Release|x86
		{87C6E1E9-D714-498A-BFF6-883645A0630A}.Net45Release|Win32.ActiveCfg = Release|x86
		{87C6E1E9-D714-498A-BFF6-883645A0630A}.Net45Release|Win32.Build.0 = Release|x86
		{87C6E1E9-D714-498A-BFF6-883645A0630A}.Net45Release|x64.ActiveCfg = Release|x86
		{87C6E1E9-D714-498A-BFF6-883645A0630A}.Net45Release|x64.Build.0 = Release|x86
		{87C6E1E9-D714-498A-BFF6-883645A0630A}.Net45Release|x86.ActiveCfg = Release|x86
		{87C6E1E9-D714-498A-BFF6-883645A0630A}.Net45Release|x86.Build.0 = Release|x86
		{87C6E1E9-D714-498A-BFF6-883645A0630A}.Release|Any CPU.ActiveCfg = Release|x86
		{87C6E1E9-D714-498A-BFF6-883645A0630A}.Release|Mixed Platforms.ActiveCfg = Release|x86
		{87C6E1E9-D714-498A-BFF6-883645A0630A}.Release|Mixed Platforms.Build.0 = Release|x86
		{87C6E1E9-D714-498A-BFF6-883645A0630A}.Release|Win32.ActiveCfg = Release|x86
		{87C6E1E9-D714-498A-BFF6-883645A0630A}.Release|Win32.Build.0 = Release|x86
		{87C6E1E9-D714-498A-BFF6-883645A0630A}.Release|x64.ActiveCfg = Release|x86
		{87C6E1E9-D714-498A-BFF6-883645A0630A}.Release|x86.ActiveCfg = Release|x86
		{87C6E1E9-D714-498A-BFF6-883645A0630A}.Release|x86.Build.0 = Release|x86
	EndGlobalSection
	GlobalSection(SolutionProperties) = preSolution
		HideSolutionNode = FALSE
	EndGlobalSection
	GlobalSection(NestedProjects) = preSolution
		{C75532C4-765B-418E-B09B-46D36B2ABDB1} = {7D541424-C5FF-4386-AF57-05F0A639209A}
		{245E07F6-10D5-4CFA-B003-0DEB06B223DA} = {7D541424-C5FF-4386-AF57-05F0A639209A}
	EndGlobalSection
EndGlobal
