Microsoft Visual Studio Solution File, Format Version 12.00
# Visual Studio 14
VisualStudioVersion = 14.0.25123.0
MinimumVisualStudioVersion = 10.0.40219.1
Project("{FAE04EC0-301F-11D3-BF4B-00C04F79EFBC}") = "Anathena", "Anathena\Anathena.csproj", "{DC9EB93D-7973-4A32-826F-F441B3DA9F9B}"
EndProject
Project("{FAE04EC0-301F-11D3-BF4B-00C04F79EFBC}") = "DockingSuite", "DockingSuite\DockingSuite.csproj", "{C75532C4-765B-418E-B09B-46D36B2ABDB1}"
EndProject
Project("{FAE04EC0-301F-11D3-BF4B-00C04F79EFBC}") = "ThemeVS2013Blue", "DockingSuite\ThemeVS2013Blue.csproj", "{245E07F6-10D5-4CFA-B003-0DEB06B223DA}"
EndProject
Project("{2150E333-8FDC-42A3-9474-1A3956D46DE8}") = "Docking", "Docking", "{7D541424-C5FF-4386-AF57-05F0A639209A}"
EndProject
Project("{8BC9CEB8-8B4A-11D0-8D11-00A0C91BC942}") = "Fasm.NET", "Fasm\Fasm.NET\Fasm.NET.vcxproj", "{2DAC1A31-EF28-499A-B67A-963B5343D778}"
EndProject
Project("{2150E333-8FDC-42A3-9474-1A3956D46DE8}") = "Internals", "Internals", "{54E430C9-0906-45E3-A082-6D0E815D3214}"
EndProject
Project("{FAE04EC0-301F-11D3-BF4B-00C04F79EFBC}") = "ScintillaNET", "ScintillaNET\ScintillaNET\ScintillaNET.csproj", "{22AE2386-60F1-476E-9303-61CDB0AAC4CF}"
EndProject
Project("{2150E333-8FDC-42A3-9474-1A3956D46DE8}") = "Browser", "Browser", "{C56A1E79-4B83-4233-9758-D2BF5410FDA7}"
EndProject
Project("{FAE04EC0-301F-11D3-BF4B-00C04F79EFBC}") = "Geckofx-Core", "GeckoFX\Geckofx-Core\Geckofx-Core.csproj", "{6AB4EEE6-1889-43AB-83F7-A4F083230BE7}"
EndProject
Project("{FAE04EC0-301F-11D3-BF4B-00C04F79EFBC}") = "Geckofx-Winforms", "GeckoFX\Geckofx-Winforms\Geckofx-Winforms.csproj", "{D7ADC901-E1C4-480E-8F6D-B1FFD5CF87E8}"
EndProject
Project("{F088123C-0E9E-452A-89E6-6BA2F21D5CAC}") = "Diagrams", "Diagrams\Diagrams.modelproj", "{E6CA68FD-B073-42C2-8F3A-05F212BE33F7}"
EndProject
Project("{FAE04EC0-301F-11D3-BF4B-00C04F79EFBC}") = "Microsoft.Diagnostics.Runtime", "Microsoft.Diagnostics.Runtime\Microsoft.Diagnostics.Runtime.csproj", "{A82126CA-23AA-41F1-8586-A5938D44D0A7}"
EndProject
Project("{FAE04EC0-301F-11D3-BF4B-00C04F79EFBC}") = "AnathenaProxy32", "AnathenaProxy32\AnathenaProxy32.csproj", "{51AC9959-AFEE-4F91-8A19-03CF0528AB62}"
EndProject
Project("{2150E333-8FDC-42A3-9474-1A3956D46DE8}") = "Graphics", "Graphics", "{FA99A4F6-0E68-4289-A5A8-80C8A9F694CA}"
EndProject
Project("{FAE04EC0-301F-11D3-BF4B-00C04F79EFBC}") = "SharpDX", "SharpDX\SharpDX\SharpDX.csproj", "{6A41EAF1-67D4-43F0-B6B8-1A1395B07235}"
EndProject
Project("{FAE04EC0-301F-11D3-BF4B-00C04F79EFBC}") = "SharpDX.Animation", "SharpDX\SharpDX.Animation\SharpDX.Animation.csproj", "{1B2E7AC4-B206-4268-A782-53B3E3025A43}"
EndProject
Project("{FAE04EC0-301F-11D3-BF4B-00C04F79EFBC}") = "SharpDX.D3DCompiler", "SharpDX\SharpDX.D3DCompiler\SharpDX.D3DCompiler.csproj", "{0FF760B5-436B-44E5-8660-696BFA62A77B}"
EndProject
Project("{FAE04EC0-301F-11D3-BF4B-00C04F79EFBC}") = "SharpDX.Desktop", "SharpDX\SharpDX.Desktop\SharpDX.Desktop.csproj", "{A83E25B7-D5D9-49C0-8FD6-D58213AD1E41}"
EndProject
Project("{FAE04EC0-301F-11D3-BF4B-00C04F79EFBC}") = "SharpDX.Direct2D1", "SharpDX\SharpDX.Direct2D1\SharpDX.Direct2D1.csproj", "{0D4673AA-44F0-4B27-B5CE-9AD5E8C9A730}"
EndProject
Project("{FAE04EC0-301F-11D3-BF4B-00C04F79EFBC}") = "SharpDX.DXGI", "SharpDX\SharpDX.DXGI\SharpDX.DXGI.csproj", "{34134161-C8D8-4CDA-9822-AD9D954140B2}"
EndProject
Project("{FAE04EC0-301F-11D3-BF4B-00C04F79EFBC}") = "SharpDX.Direct3D9", "SharpDX\SharpDX.Direct3D9\SharpDX.Direct3D9.csproj", "{9D67F045-EB5D-4759-8BE4-06D99A20A668}"
EndProject
Project("{FAE04EC0-301F-11D3-BF4B-00C04F79EFBC}") = "SharpDX.Direct3D11", "SharpDX\SharpDX.Direct3D11\SharpDX.Direct3D11.csproj", "{DE53B631-199E-49B8-8B4D-FE9F3D5B28CD}"
EndProject
Project("{FAE04EC0-301F-11D3-BF4B-00C04F79EFBC}") = "SharpDX.Direct3D11.Effects", "SharpDX\SharpDX.Direct3D11.Effects\SharpDX.Direct3D11.Effects.csproj", "{EFF5C0D7-E17A-4EFF-BFF4-029267B91071}"
EndProject
Project("{FAE04EC0-301F-11D3-BF4B-00C04F79EFBC}") = "SharpDX.Direct3D12", "SharpDX\SharpDX.Direct3D12\SharpDX.Direct3D12.csproj", "{99391458-FE91-4E52-8E38-486F13A02829}"
EndProject
Project("{FAE04EC0-301F-11D3-BF4B-00C04F79EFBC}") = "SharpDX.DirectComposition", "SharpDX\SharpDX.DirectComposition\SharpDX.DirectComposition.csproj", "{587DB362-8AE3-4697-86AC-CAD2F1D4F2EF}"
EndProject
Project("{FAE04EC0-301F-11D3-BF4B-00C04F79EFBC}") = "SharpDX.DirectInput", "SharpDX\SharpDX.DirectInput\SharpDX.DirectInput.csproj", "{DE89F393-94D0-4A2D-A394-F0933461447B}"
EndProject
Project("{FAE04EC0-301F-11D3-BF4B-00C04F79EFBC}") = "SharpDX.DirectManipulation", "SharpDX\SharpDX.DirectManipulation\SharpDX.DirectManipulation.csproj", "{24AD5CD6-7091-4BE6-85B6-E352EDA5FE33}"
EndProject
Project("{FAE04EC0-301F-11D3-BF4B-00C04F79EFBC}") = "SharpDX.DirectSound", "SharpDX\SharpDX.DirectSound\SharpDX.DirectSound.csproj", "{7D3DABE0-4D95-4CDF-B9DE-B798660B6CA3}"
EndProject
Project("{FAE04EC0-301F-11D3-BF4B-00C04F79EFBC}") = "SharpDX.Mathematics", "SharpDX\SharpDX.Mathematics\SharpDX.Mathematics.csproj", "{DADC8BF0-B87D-4D2F-B9A8-C243ABDDFCEB}"
EndProject
Project("{FAE04EC0-301F-11D3-BF4B-00C04F79EFBC}") = "SharpDX.MediaFoundation", "SharpDX\SharpDX.MediaFoundation\SharpDX.MediaFoundation.csproj", "{FAA17D46-B46F-45BA-978B-C299855C3B06}"
EndProject
Project("{FAE04EC0-301F-11D3-BF4B-00C04F79EFBC}") = "SharpDX.RawInput", "SharpDX\SharpDX.RawInput\SharpDX.RawInput.csproj", "{149DAD81-9C63-42F8-8B0C-500645BAD9E3}"
EndProject
Project("{FAE04EC0-301F-11D3-BF4B-00C04F79EFBC}") = "SharpDX.XAudio2", "SharpDX\SharpDX.XAudio2\SharpDX.XAudio2.csproj", "{032C2158-2B94-485C-A32E-B880E63F7F29}"
EndProject
Project("{FAE04EC0-301F-11D3-BF4B-00C04F79EFBC}") = "SharpDX.XInput", "SharpDX\SharpDX.XInput\SharpDX.XInput.csproj", "{7DDA3633-FB33-4187-8209-093616E50B08}"
EndProject
Project("{2150E333-8FDC-42A3-9474-1A3956D46DE8}") = "DirectX", "DirectX", "{CCF690AE-FB6D-40AB-8E6C-034B617981E9}"
EndProject
Project("{2150E333-8FDC-42A3-9474-1A3956D46DE8}") = "OpenGL", "OpenGL", "{85CF08EB-9EC4-48C8-9D72-5AEDF6215700}"
EndProject
Project("{FAE04EC0-301F-11D3-BF4B-00C04F79EFBC}") = "OpenTK", "OpenTK\Source\OpenTK\OpenTK.csproj", "{A37A7E14-0000-0000-0000-000000000000}"
	ProjectSection(ProjectDependencies) = postProject
		{C426C9D1-8857-4E52-BAC7-4C05EE6070AB} = {C426C9D1-8857-4E52-BAC7-4C05EE6070AB}
	EndProjectSection
EndProject
Project("{FAE04EC0-301F-11D3-BF4B-00C04F79EFBC}") = "OpenTK.Compatibility", "OpenTK\Source\Compatibility\OpenTK.Compatibility.csproj", "{62C0DB35-0000-0000-0000-000000000000}"
EndProject
Project("{FAE04EC0-301F-11D3-BF4B-00C04F79EFBC}") = "OpenTK.GLControl", "OpenTK\Source\GLControl\OpenTK.GLControl.csproj", "{A625BE88-0000-0000-0000-000000000000}"
EndProject
Project("{FAE04EC0-301F-11D3-BF4B-00C04F79EFBC}") = "Generator.Bind", "OpenTK\Source\Bind\Generator.Bind.csproj", "{31D19132-0000-0000-0000-000000000000}"
EndProject
Project("{FAE04EC0-301F-11D3-BF4B-00C04F79EFBC}") = "Generator.Convert", "OpenTK\Source\Converter\Generator.Convert.csproj", "{5FDFF4B6-0000-0000-0000-000000000000}"
EndProject
Project("{FAE04EC0-301F-11D3-BF4B-00C04F79EFBC}") = "Generator.Rewrite", "OpenTK\Source\Generator.Rewrite\Generator.Rewrite.csproj", "{C426C9D1-8857-4E52-BAC7-4C05EE6070AB}"
EndProject
Project("{FAE04EC0-301F-11D3-BF4B-00C04F79EFBC}") = "TreeViewAdv", "TreeViewAdv\TreeViewAdv.csproj", "{E73BB233-D88B-44A7-A98F-D71EE158381D}"
EndProject
Project("{2150E333-8FDC-42A3-9474-1A3956D46DE8}") = "Controls", "Controls", "{132CCC5A-6300-4286-AA15-CFF9144D02D8}"
EndProject
Project("{FAE04EC0-301F-11D3-BF4B-00C04F79EFBC}") = "SharpCli", "SharpDX\SharpCli\SharpCli.csproj", "{4E2D9A17-2195-4A51-AAE3-924517440293}"
EndProject
Project("{2150E333-8FDC-42A3-9474-1A3956D46DE8}") = "Symbols", "Symbols", "{929D5B3B-E29A-40CC-93D8-0FF43A6F9FA1}"
EndProject
Project("{FAE04EC0-301F-11D3-BF4B-00C04F79EFBC}") = "Mono.Cecil", "Cecil\Mono.Cecil.csproj", "{D68133BD-1E63-496E-9EDE-4FBDBF77B486}"
EndProject
Project("{FAE04EC0-301F-11D3-BF4B-00C04F79EFBC}") = "Mono.Cecil.Mdb", "Cecil\symbols\mdb\Mono.Cecil.Mdb.csproj", "{8559DD7F-A16F-46D0-A05A-9139FAEBA8FD}"
EndProject
Project("{FAE04EC0-301F-11D3-BF4B-00C04F79EFBC}") = "Mono.Cecil.Pdb", "Cecil\symbols\pdb\Mono.Cecil.Pdb.csproj", "{63E6915C-7EA4-4D76-AB28-0D7191EEA626}"
EndProject
Project("{FAE04EC0-301F-11D3-BF4B-00C04F79EFBC}") = "Mono.Cecil.Rocks", "Cecil\rocks\Mono.Cecil.Rocks.csproj", "{FBC6DD59-D09D-499C-B03C-99C1C78FF2AC}"
EndProject
Project("{2150E333-8FDC-42A3-9474-1A3956D46DE8}") = "Mono", "Mono", "{A9C2D381-3B8E-4633-9931-2A335ADDE4BE}"
EndProject
Project("{FAE04EC0-301F-11D3-BF4B-00C04F79EFBC}") = "AnathenaProxy64", "AnathenaProxy64\AnathenaProxy64.csproj", "{65EEC6DF-CCC8-46AB-B9FB-00D5A624FE94}"
EndProject
Project("{FAE04EC0-301F-11D3-BF4B-00C04F79EFBC}") = "AnathenaProxy", "AnathenaProxy\AnathenaProxy.csproj", "{2F739124-DDA6-45CF-AD05-1B94A04643F1}"
EndProject
Project("{2150E333-8FDC-42A3-9474-1A3956D46DE8}") = "Proxy", "Proxy", "{F844473E-66CB-47EB-BFF5-078469D18866}"
EndProject
Project("{FAE04EC0-301F-11D3-BF4B-00C04F79EFBC}") = "ThemeVS2015Dark", "DockingSuite\ThemeVS2015Dark.csproj", "{B0AA7772-1EAC-448C-AB0B-F5E1E2F7EFE0}"
EndProject
Global
	GlobalSection(SolutionConfigurationPlatforms) = preSolution
		Debug|Any CPU = Debug|Any CPU
		Debug|x64 = Debug|x64
		Debug|x86 = Debug|x86
		Release|Any CPU = Release|Any CPU
		Release|x64 = Release|x64
		Release|x86 = Release|x86
	EndGlobalSection
	GlobalSection(ProjectConfigurationPlatforms) = postSolution
		{DC9EB93D-7973-4A32-826F-F441B3DA9F9B}.Debug|Any CPU.ActiveCfg = Debug|Any CPU
		{DC9EB93D-7973-4A32-826F-F441B3DA9F9B}.Debug|Any CPU.Build.0 = Debug|Any CPU
		{DC9EB93D-7973-4A32-826F-F441B3DA9F9B}.Debug|x64.ActiveCfg = Debug|x64
		{DC9EB93D-7973-4A32-826F-F441B3DA9F9B}.Debug|x64.Build.0 = Debug|x64
		{DC9EB93D-7973-4A32-826F-F441B3DA9F9B}.Debug|x86.ActiveCfg = Debug|x86
		{DC9EB93D-7973-4A32-826F-F441B3DA9F9B}.Debug|x86.Build.0 = Debug|x86
		{DC9EB93D-7973-4A32-826F-F441B3DA9F9B}.Release|Any CPU.ActiveCfg = Release|Any CPU
		{DC9EB93D-7973-4A32-826F-F441B3DA9F9B}.Release|Any CPU.Build.0 = Release|Any CPU
		{DC9EB93D-7973-4A32-826F-F441B3DA9F9B}.Release|x64.ActiveCfg = Release|x64
		{DC9EB93D-7973-4A32-826F-F441B3DA9F9B}.Release|x64.Build.0 = Release|x64
		{DC9EB93D-7973-4A32-826F-F441B3DA9F9B}.Release|x86.ActiveCfg = Release|x86
		{DC9EB93D-7973-4A32-826F-F441B3DA9F9B}.Release|x86.Build.0 = Release|x86
		{C75532C4-765B-418E-B09B-46D36B2ABDB1}.Debug|Any CPU.ActiveCfg = Debug|Any CPU
		{C75532C4-765B-418E-B09B-46D36B2ABDB1}.Debug|Any CPU.Build.0 = Debug|Any CPU
		{C75532C4-765B-418E-B09B-46D36B2ABDB1}.Debug|x64.ActiveCfg = Debug|x64
		{C75532C4-765B-418E-B09B-46D36B2ABDB1}.Debug|x64.Build.0 = Debug|x64
		{C75532C4-765B-418E-B09B-46D36B2ABDB1}.Debug|x86.ActiveCfg = Debug|x86
		{C75532C4-765B-418E-B09B-46D36B2ABDB1}.Debug|x86.Build.0 = Debug|x86
		{C75532C4-765B-418E-B09B-46D36B2ABDB1}.Release|Any CPU.ActiveCfg = Release|Any CPU
		{C75532C4-765B-418E-B09B-46D36B2ABDB1}.Release|Any CPU.Build.0 = Release|Any CPU
		{C75532C4-765B-418E-B09B-46D36B2ABDB1}.Release|x64.ActiveCfg = Release|x64
		{C75532C4-765B-418E-B09B-46D36B2ABDB1}.Release|x64.Build.0 = Release|x64
		{C75532C4-765B-418E-B09B-46D36B2ABDB1}.Release|x86.ActiveCfg = Release|x86
		{C75532C4-765B-418E-B09B-46D36B2ABDB1}.Release|x86.Build.0 = Release|x86
		{245E07F6-10D5-4CFA-B003-0DEB06B223DA}.Debug|Any CPU.ActiveCfg = Debug|Any CPU
		{245E07F6-10D5-4CFA-B003-0DEB06B223DA}.Debug|Any CPU.Build.0 = Debug|Any CPU
		{245E07F6-10D5-4CFA-B003-0DEB06B223DA}.Debug|x64.ActiveCfg = Debug|x64
		{245E07F6-10D5-4CFA-B003-0DEB06B223DA}.Debug|x64.Build.0 = Debug|x64
		{245E07F6-10D5-4CFA-B003-0DEB06B223DA}.Debug|x86.ActiveCfg = Debug|x86
		{245E07F6-10D5-4CFA-B003-0DEB06B223DA}.Debug|x86.Build.0 = Debug|x86
		{245E07F6-10D5-4CFA-B003-0DEB06B223DA}.Release|Any CPU.ActiveCfg = Release|Any CPU
		{245E07F6-10D5-4CFA-B003-0DEB06B223DA}.Release|Any CPU.Build.0 = Release|Any CPU
		{245E07F6-10D5-4CFA-B003-0DEB06B223DA}.Release|x64.ActiveCfg = Release|x64
		{245E07F6-10D5-4CFA-B003-0DEB06B223DA}.Release|x64.Build.0 = Release|x64
		{245E07F6-10D5-4CFA-B003-0DEB06B223DA}.Release|x86.ActiveCfg = Release|x86
		{245E07F6-10D5-4CFA-B003-0DEB06B223DA}.Release|x86.Build.0 = Release|x86
		{2DAC1A31-EF28-499A-B67A-963B5343D778}.Debug|Any CPU.ActiveCfg = Debug|Win32
		{2DAC1A31-EF28-499A-B67A-963B5343D778}.Debug|Any CPU.Build.0 = Debug|Win32
		{2DAC1A31-EF28-499A-B67A-963B5343D778}.Debug|x64.ActiveCfg = Debug|Win32
		{2DAC1A31-EF28-499A-B67A-963B5343D778}.Debug|x64.Build.0 = Debug|Win32
		{2DAC1A31-EF28-499A-B67A-963B5343D778}.Debug|x86.ActiveCfg = Debug|Win32
		{2DAC1A31-EF28-499A-B67A-963B5343D778}.Debug|x86.Build.0 = Debug|Win32
		{2DAC1A31-EF28-499A-B67A-963B5343D778}.Release|Any CPU.ActiveCfg = Release|Win32
		{2DAC1A31-EF28-499A-B67A-963B5343D778}.Release|Any CPU.Build.0 = Release|Win32
		{2DAC1A31-EF28-499A-B67A-963B5343D778}.Release|x64.ActiveCfg = Release|Win32
		{2DAC1A31-EF28-499A-B67A-963B5343D778}.Release|x64.Build.0 = Release|Win32
		{2DAC1A31-EF28-499A-B67A-963B5343D778}.Release|x86.ActiveCfg = Release|Win32
		{2DAC1A31-EF28-499A-B67A-963B5343D778}.Release|x86.Build.0 = Release|Win32
		{22AE2386-60F1-476E-9303-61CDB0AAC4CF}.Debug|Any CPU.ActiveCfg = Debug|Any CPU
		{22AE2386-60F1-476E-9303-61CDB0AAC4CF}.Debug|Any CPU.Build.0 = Debug|Any CPU
		{22AE2386-60F1-476E-9303-61CDB0AAC4CF}.Debug|x64.ActiveCfg = Debug|x64
		{22AE2386-60F1-476E-9303-61CDB0AAC4CF}.Debug|x64.Build.0 = Debug|x64
		{22AE2386-60F1-476E-9303-61CDB0AAC4CF}.Debug|x86.ActiveCfg = Debug|x86
		{22AE2386-60F1-476E-9303-61CDB0AAC4CF}.Debug|x86.Build.0 = Debug|x86
		{22AE2386-60F1-476E-9303-61CDB0AAC4CF}.Release|Any CPU.ActiveCfg = Release|Any CPU
		{22AE2386-60F1-476E-9303-61CDB0AAC4CF}.Release|Any CPU.Build.0 = Release|Any CPU
		{22AE2386-60F1-476E-9303-61CDB0AAC4CF}.Release|x64.ActiveCfg = Release|x64
		{22AE2386-60F1-476E-9303-61CDB0AAC4CF}.Release|x64.Build.0 = Release|x64
		{22AE2386-60F1-476E-9303-61CDB0AAC4CF}.Release|x86.ActiveCfg = Release|x86
		{22AE2386-60F1-476E-9303-61CDB0AAC4CF}.Release|x86.Build.0 = Release|x86
		{6AB4EEE6-1889-43AB-83F7-A4F083230BE7}.Debug|Any CPU.ActiveCfg = Debug|Any CPU
		{6AB4EEE6-1889-43AB-83F7-A4F083230BE7}.Debug|Any CPU.Build.0 = Debug|Any CPU
		{6AB4EEE6-1889-43AB-83F7-A4F083230BE7}.Debug|x64.ActiveCfg = Debug|x64
		{6AB4EEE6-1889-43AB-83F7-A4F083230BE7}.Debug|x64.Build.0 = Debug|x64
		{6AB4EEE6-1889-43AB-83F7-A4F083230BE7}.Debug|x86.ActiveCfg = Debug|x86
		{6AB4EEE6-1889-43AB-83F7-A4F083230BE7}.Debug|x86.Build.0 = Debug|x86
		{6AB4EEE6-1889-43AB-83F7-A4F083230BE7}.Release|Any CPU.ActiveCfg = Release|Any CPU
		{6AB4EEE6-1889-43AB-83F7-A4F083230BE7}.Release|Any CPU.Build.0 = Release|Any CPU
		{6AB4EEE6-1889-43AB-83F7-A4F083230BE7}.Release|x64.ActiveCfg = Release|x64
		{6AB4EEE6-1889-43AB-83F7-A4F083230BE7}.Release|x64.Build.0 = Release|x64
		{6AB4EEE6-1889-43AB-83F7-A4F083230BE7}.Release|x86.ActiveCfg = Release|x86
		{6AB4EEE6-1889-43AB-83F7-A4F083230BE7}.Release|x86.Build.0 = Release|x86
		{D7ADC901-E1C4-480E-8F6D-B1FFD5CF87E8}.Debug|Any CPU.ActiveCfg = Debug|Any CPU
		{D7ADC901-E1C4-480E-8F6D-B1FFD5CF87E8}.Debug|Any CPU.Build.0 = Debug|Any CPU
		{D7ADC901-E1C4-480E-8F6D-B1FFD5CF87E8}.Debug|x64.ActiveCfg = Debug|x64
		{D7ADC901-E1C4-480E-8F6D-B1FFD5CF87E8}.Debug|x64.Build.0 = Debug|x64
		{D7ADC901-E1C4-480E-8F6D-B1FFD5CF87E8}.Debug|x86.ActiveCfg = Debug|x86
		{D7ADC901-E1C4-480E-8F6D-B1FFD5CF87E8}.Debug|x86.Build.0 = Debug|x86
		{D7ADC901-E1C4-480E-8F6D-B1FFD5CF87E8}.Release|Any CPU.ActiveCfg = Release|Any CPU
		{D7ADC901-E1C4-480E-8F6D-B1FFD5CF87E8}.Release|Any CPU.Build.0 = Release|Any CPU
		{D7ADC901-E1C4-480E-8F6D-B1FFD5CF87E8}.Release|x64.ActiveCfg = Release|x64
		{D7ADC901-E1C4-480E-8F6D-B1FFD5CF87E8}.Release|x64.Build.0 = Release|x64
		{D7ADC901-E1C4-480E-8F6D-B1FFD5CF87E8}.Release|x86.ActiveCfg = Release|x86
		{D7ADC901-E1C4-480E-8F6D-B1FFD5CF87E8}.Release|x86.Build.0 = Release|x86
		{E6CA68FD-B073-42C2-8F3A-05F212BE33F7}.Debug|Any CPU.ActiveCfg = Debug|Any CPU
		{E6CA68FD-B073-42C2-8F3A-05F212BE33F7}.Debug|Any CPU.Build.0 = Debug|Any CPU
		{E6CA68FD-B073-42C2-8F3A-05F212BE33F7}.Debug|x64.ActiveCfg = Debug|Any CPU
		{E6CA68FD-B073-42C2-8F3A-05F212BE33F7}.Debug|x64.Build.0 = Debug|Any CPU
		{E6CA68FD-B073-42C2-8F3A-05F212BE33F7}.Debug|x86.ActiveCfg = Debug|Any CPU
		{E6CA68FD-B073-42C2-8F3A-05F212BE33F7}.Debug|x86.Build.0 = Debug|Any CPU
		{E6CA68FD-B073-42C2-8F3A-05F212BE33F7}.Release|Any CPU.ActiveCfg = Release|Any CPU
		{E6CA68FD-B073-42C2-8F3A-05F212BE33F7}.Release|Any CPU.Build.0 = Release|Any CPU
		{E6CA68FD-B073-42C2-8F3A-05F212BE33F7}.Release|x64.ActiveCfg = Release|Any CPU
		{E6CA68FD-B073-42C2-8F3A-05F212BE33F7}.Release|x64.Build.0 = Release|Any CPU
		{E6CA68FD-B073-42C2-8F3A-05F212BE33F7}.Release|x86.ActiveCfg = Release|Any CPU
		{E6CA68FD-B073-42C2-8F3A-05F212BE33F7}.Release|x86.Build.0 = Release|Any CPU
		{A82126CA-23AA-41F1-8586-A5938D44D0A7}.Debug|Any CPU.ActiveCfg = Debug|Any CPU
		{A82126CA-23AA-41F1-8586-A5938D44D0A7}.Debug|Any CPU.Build.0 = Debug|Any CPU
		{A82126CA-23AA-41F1-8586-A5938D44D0A7}.Debug|x64.ActiveCfg = Debug|x64
		{A82126CA-23AA-41F1-8586-A5938D44D0A7}.Debug|x64.Build.0 = Debug|x64
		{A82126CA-23AA-41F1-8586-A5938D44D0A7}.Debug|x86.ActiveCfg = Debug|x86
		{A82126CA-23AA-41F1-8586-A5938D44D0A7}.Debug|x86.Build.0 = Debug|x86
		{A82126CA-23AA-41F1-8586-A5938D44D0A7}.Release|Any CPU.ActiveCfg = Release|Any CPU
		{A82126CA-23AA-41F1-8586-A5938D44D0A7}.Release|Any CPU.Build.0 = Release|Any CPU
		{A82126CA-23AA-41F1-8586-A5938D44D0A7}.Release|x64.ActiveCfg = Release|x64
		{A82126CA-23AA-41F1-8586-A5938D44D0A7}.Release|x64.Build.0 = Release|x64
		{A82126CA-23AA-41F1-8586-A5938D44D0A7}.Release|x86.ActiveCfg = Release|x86
		{A82126CA-23AA-41F1-8586-A5938D44D0A7}.Release|x86.Build.0 = Release|x86
		{51AC9959-AFEE-4F91-8A19-03CF0528AB62}.Debug|Any CPU.ActiveCfg = Debug|x86
		{51AC9959-AFEE-4F91-8A19-03CF0528AB62}.Debug|Any CPU.Build.0 = Debug|x86
		{51AC9959-AFEE-4F91-8A19-03CF0528AB62}.Debug|x64.ActiveCfg = Debug|x86
		{51AC9959-AFEE-4F91-8A19-03CF0528AB62}.Debug|x64.Build.0 = Debug|x86
		{51AC9959-AFEE-4F91-8A19-03CF0528AB62}.Debug|x86.ActiveCfg = Debug|x86
		{51AC9959-AFEE-4F91-8A19-03CF0528AB62}.Debug|x86.Build.0 = Debug|x86
		{51AC9959-AFEE-4F91-8A19-03CF0528AB62}.Release|Any CPU.ActiveCfg = Release|Any CPU
		{51AC9959-AFEE-4F91-8A19-03CF0528AB62}.Release|Any CPU.Build.0 = Release|Any CPU
		{51AC9959-AFEE-4F91-8A19-03CF0528AB62}.Release|x64.ActiveCfg = Release|x86
		{51AC9959-AFEE-4F91-8A19-03CF0528AB62}.Release|x64.Build.0 = Release|x86
		{51AC9959-AFEE-4F91-8A19-03CF0528AB62}.Release|x86.ActiveCfg = Release|x86
		{51AC9959-AFEE-4F91-8A19-03CF0528AB62}.Release|x86.Build.0 = Release|x86
		{6A41EAF1-67D4-43F0-B6B8-1A1395B07235}.Debug|Any CPU.ActiveCfg = Debug|Any CPU
		{6A41EAF1-67D4-43F0-B6B8-1A1395B07235}.Debug|Any CPU.Build.0 = Debug|Any CPU
		{6A41EAF1-67D4-43F0-B6B8-1A1395B07235}.Debug|x64.ActiveCfg = Debug|x64
		{6A41EAF1-67D4-43F0-B6B8-1A1395B07235}.Debug|x64.Build.0 = Debug|x64
		{6A41EAF1-67D4-43F0-B6B8-1A1395B07235}.Debug|x86.ActiveCfg = Debug|x86
		{6A41EAF1-67D4-43F0-B6B8-1A1395B07235}.Debug|x86.Build.0 = Debug|x86
		{6A41EAF1-67D4-43F0-B6B8-1A1395B07235}.Release|Any CPU.ActiveCfg = Release|Any CPU
		{6A41EAF1-67D4-43F0-B6B8-1A1395B07235}.Release|Any CPU.Build.0 = Release|Any CPU
		{6A41EAF1-67D4-43F0-B6B8-1A1395B07235}.Release|x64.ActiveCfg = Release|x64
		{6A41EAF1-67D4-43F0-B6B8-1A1395B07235}.Release|x64.Build.0 = Release|x64
		{6A41EAF1-67D4-43F0-B6B8-1A1395B07235}.Release|x86.ActiveCfg = Release|x86
		{6A41EAF1-67D4-43F0-B6B8-1A1395B07235}.Release|x86.Build.0 = Release|x86
		{1B2E7AC4-B206-4268-A782-53B3E3025A43}.Debug|Any CPU.ActiveCfg = Debug|Any CPU
		{1B2E7AC4-B206-4268-A782-53B3E3025A43}.Debug|Any CPU.Build.0 = Debug|Any CPU
		{1B2E7AC4-B206-4268-A782-53B3E3025A43}.Debug|x64.ActiveCfg = Debug|x64
		{1B2E7AC4-B206-4268-A782-53B3E3025A43}.Debug|x64.Build.0 = Debug|x64
		{1B2E7AC4-B206-4268-A782-53B3E3025A43}.Debug|x86.ActiveCfg = Debug|x86
		{1B2E7AC4-B206-4268-A782-53B3E3025A43}.Debug|x86.Build.0 = Debug|x86
		{1B2E7AC4-B206-4268-A782-53B3E3025A43}.Release|Any CPU.ActiveCfg = Release|Any CPU
		{1B2E7AC4-B206-4268-A782-53B3E3025A43}.Release|Any CPU.Build.0 = Release|Any CPU
		{1B2E7AC4-B206-4268-A782-53B3E3025A43}.Release|x64.ActiveCfg = Release|x64
		{1B2E7AC4-B206-4268-A782-53B3E3025A43}.Release|x64.Build.0 = Release|x64
		{1B2E7AC4-B206-4268-A782-53B3E3025A43}.Release|x86.ActiveCfg = Release|x86
		{1B2E7AC4-B206-4268-A782-53B3E3025A43}.Release|x86.Build.0 = Release|x86
		{0FF760B5-436B-44E5-8660-696BFA62A77B}.Debug|Any CPU.ActiveCfg = Debug|Any CPU
		{0FF760B5-436B-44E5-8660-696BFA62A77B}.Debug|Any CPU.Build.0 = Debug|Any CPU
		{0FF760B5-436B-44E5-8660-696BFA62A77B}.Debug|x64.ActiveCfg = Debug|x64
		{0FF760B5-436B-44E5-8660-696BFA62A77B}.Debug|x64.Build.0 = Debug|x64
		{0FF760B5-436B-44E5-8660-696BFA62A77B}.Debug|x86.ActiveCfg = Debug|x86
		{0FF760B5-436B-44E5-8660-696BFA62A77B}.Debug|x86.Build.0 = Debug|x86
		{0FF760B5-436B-44E5-8660-696BFA62A77B}.Release|Any CPU.ActiveCfg = Release|Any CPU
		{0FF760B5-436B-44E5-8660-696BFA62A77B}.Release|Any CPU.Build.0 = Release|Any CPU
		{0FF760B5-436B-44E5-8660-696BFA62A77B}.Release|x64.ActiveCfg = Release|x64
		{0FF760B5-436B-44E5-8660-696BFA62A77B}.Release|x64.Build.0 = Release|x64
		{0FF760B5-436B-44E5-8660-696BFA62A77B}.Release|x86.ActiveCfg = Release|x86
		{0FF760B5-436B-44E5-8660-696BFA62A77B}.Release|x86.Build.0 = Release|x86
		{A83E25B7-D5D9-49C0-8FD6-D58213AD1E41}.Debug|Any CPU.ActiveCfg = Debug|Any CPU
		{A83E25B7-D5D9-49C0-8FD6-D58213AD1E41}.Debug|Any CPU.Build.0 = Debug|Any CPU
		{A83E25B7-D5D9-49C0-8FD6-D58213AD1E41}.Debug|x64.ActiveCfg = Debug|x64
		{A83E25B7-D5D9-49C0-8FD6-D58213AD1E41}.Debug|x64.Build.0 = Debug|x64
		{A83E25B7-D5D9-49C0-8FD6-D58213AD1E41}.Debug|x86.ActiveCfg = Debug|x86
		{A83E25B7-D5D9-49C0-8FD6-D58213AD1E41}.Debug|x86.Build.0 = Debug|x86
		{A83E25B7-D5D9-49C0-8FD6-D58213AD1E41}.Release|Any CPU.ActiveCfg = Release|Any CPU
		{A83E25B7-D5D9-49C0-8FD6-D58213AD1E41}.Release|Any CPU.Build.0 = Release|Any CPU
		{A83E25B7-D5D9-49C0-8FD6-D58213AD1E41}.Release|x64.ActiveCfg = Release|x64
		{A83E25B7-D5D9-49C0-8FD6-D58213AD1E41}.Release|x64.Build.0 = Release|x64
		{A83E25B7-D5D9-49C0-8FD6-D58213AD1E41}.Release|x86.ActiveCfg = Release|x86
		{A83E25B7-D5D9-49C0-8FD6-D58213AD1E41}.Release|x86.Build.0 = Release|x86
		{0D4673AA-44F0-4B27-B5CE-9AD5E8C9A730}.Debug|Any CPU.ActiveCfg = Debug|Any CPU
		{0D4673AA-44F0-4B27-B5CE-9AD5E8C9A730}.Debug|Any CPU.Build.0 = Debug|Any CPU
		{0D4673AA-44F0-4B27-B5CE-9AD5E8C9A730}.Debug|x64.ActiveCfg = Debug|x64
		{0D4673AA-44F0-4B27-B5CE-9AD5E8C9A730}.Debug|x64.Build.0 = Debug|x64
		{0D4673AA-44F0-4B27-B5CE-9AD5E8C9A730}.Debug|x86.ActiveCfg = Debug|x86
		{0D4673AA-44F0-4B27-B5CE-9AD5E8C9A730}.Debug|x86.Build.0 = Debug|x86
		{0D4673AA-44F0-4B27-B5CE-9AD5E8C9A730}.Release|Any CPU.ActiveCfg = Release|Any CPU
		{0D4673AA-44F0-4B27-B5CE-9AD5E8C9A730}.Release|Any CPU.Build.0 = Release|Any CPU
		{0D4673AA-44F0-4B27-B5CE-9AD5E8C9A730}.Release|x64.ActiveCfg = Release|x64
		{0D4673AA-44F0-4B27-B5CE-9AD5E8C9A730}.Release|x64.Build.0 = Release|x64
		{0D4673AA-44F0-4B27-B5CE-9AD5E8C9A730}.Release|x86.ActiveCfg = Release|x86
		{0D4673AA-44F0-4B27-B5CE-9AD5E8C9A730}.Release|x86.Build.0 = Release|x86
		{34134161-C8D8-4CDA-9822-AD9D954140B2}.Debug|Any CPU.ActiveCfg = Debug|Any CPU
		{34134161-C8D8-4CDA-9822-AD9D954140B2}.Debug|Any CPU.Build.0 = Debug|Any CPU
		{34134161-C8D8-4CDA-9822-AD9D954140B2}.Debug|x64.ActiveCfg = Debug|x64
		{34134161-C8D8-4CDA-9822-AD9D954140B2}.Debug|x64.Build.0 = Debug|x64
		{34134161-C8D8-4CDA-9822-AD9D954140B2}.Debug|x86.ActiveCfg = Debug|x86
		{34134161-C8D8-4CDA-9822-AD9D954140B2}.Debug|x86.Build.0 = Debug|x86
		{34134161-C8D8-4CDA-9822-AD9D954140B2}.Release|Any CPU.ActiveCfg = Release|Any CPU
		{34134161-C8D8-4CDA-9822-AD9D954140B2}.Release|Any CPU.Build.0 = Release|Any CPU
		{34134161-C8D8-4CDA-9822-AD9D954140B2}.Release|x64.ActiveCfg = Release|x64
		{34134161-C8D8-4CDA-9822-AD9D954140B2}.Release|x64.Build.0 = Release|x64
		{34134161-C8D8-4CDA-9822-AD9D954140B2}.Release|x86.ActiveCfg = Release|x86
		{34134161-C8D8-4CDA-9822-AD9D954140B2}.Release|x86.Build.0 = Release|x86
		{9D67F045-EB5D-4759-8BE4-06D99A20A668}.Debug|Any CPU.ActiveCfg = Debug|Any CPU
		{9D67F045-EB5D-4759-8BE4-06D99A20A668}.Debug|Any CPU.Build.0 = Debug|Any CPU
		{9D67F045-EB5D-4759-8BE4-06D99A20A668}.Debug|x64.ActiveCfg = Debug|x64
		{9D67F045-EB5D-4759-8BE4-06D99A20A668}.Debug|x64.Build.0 = Debug|x64
		{9D67F045-EB5D-4759-8BE4-06D99A20A668}.Debug|x86.ActiveCfg = Debug|x86
		{9D67F045-EB5D-4759-8BE4-06D99A20A668}.Debug|x86.Build.0 = Debug|x86
		{9D67F045-EB5D-4759-8BE4-06D99A20A668}.Release|Any CPU.ActiveCfg = Release|Any CPU
		{9D67F045-EB5D-4759-8BE4-06D99A20A668}.Release|Any CPU.Build.0 = Release|Any CPU
		{9D67F045-EB5D-4759-8BE4-06D99A20A668}.Release|x64.ActiveCfg = Release|x64
		{9D67F045-EB5D-4759-8BE4-06D99A20A668}.Release|x64.Build.0 = Release|x64
		{9D67F045-EB5D-4759-8BE4-06D99A20A668}.Release|x86.ActiveCfg = Release|x86
		{9D67F045-EB5D-4759-8BE4-06D99A20A668}.Release|x86.Build.0 = Release|x86
		{DE53B631-199E-49B8-8B4D-FE9F3D5B28CD}.Debug|Any CPU.ActiveCfg = Debug|Any CPU
		{DE53B631-199E-49B8-8B4D-FE9F3D5B28CD}.Debug|Any CPU.Build.0 = Debug|Any CPU
		{DE53B631-199E-49B8-8B4D-FE9F3D5B28CD}.Debug|x64.ActiveCfg = Debug|x64
		{DE53B631-199E-49B8-8B4D-FE9F3D5B28CD}.Debug|x64.Build.0 = Debug|x64
		{DE53B631-199E-49B8-8B4D-FE9F3D5B28CD}.Debug|x86.ActiveCfg = Debug|x86
		{DE53B631-199E-49B8-8B4D-FE9F3D5B28CD}.Debug|x86.Build.0 = Debug|x86
		{DE53B631-199E-49B8-8B4D-FE9F3D5B28CD}.Release|Any CPU.ActiveCfg = Release|Any CPU
		{DE53B631-199E-49B8-8B4D-FE9F3D5B28CD}.Release|Any CPU.Build.0 = Release|Any CPU
		{DE53B631-199E-49B8-8B4D-FE9F3D5B28CD}.Release|x64.ActiveCfg = Release|x64
		{DE53B631-199E-49B8-8B4D-FE9F3D5B28CD}.Release|x64.Build.0 = Release|x64
		{DE53B631-199E-49B8-8B4D-FE9F3D5B28CD}.Release|x86.ActiveCfg = Release|x86
		{DE53B631-199E-49B8-8B4D-FE9F3D5B28CD}.Release|x86.Build.0 = Release|x86
		{EFF5C0D7-E17A-4EFF-BFF4-029267B91071}.Debug|Any CPU.ActiveCfg = Debug|Any CPU
		{EFF5C0D7-E17A-4EFF-BFF4-029267B91071}.Debug|Any CPU.Build.0 = Debug|Any CPU
		{EFF5C0D7-E17A-4EFF-BFF4-029267B91071}.Debug|x64.ActiveCfg = Debug|x64
		{EFF5C0D7-E17A-4EFF-BFF4-029267B91071}.Debug|x64.Build.0 = Debug|x64
		{EFF5C0D7-E17A-4EFF-BFF4-029267B91071}.Debug|x86.ActiveCfg = Debug|x86
		{EFF5C0D7-E17A-4EFF-BFF4-029267B91071}.Debug|x86.Build.0 = Debug|x86
		{EFF5C0D7-E17A-4EFF-BFF4-029267B91071}.Release|Any CPU.ActiveCfg = Release|Any CPU
		{EFF5C0D7-E17A-4EFF-BFF4-029267B91071}.Release|Any CPU.Build.0 = Release|Any CPU
		{EFF5C0D7-E17A-4EFF-BFF4-029267B91071}.Release|x64.ActiveCfg = Release|x64
		{EFF5C0D7-E17A-4EFF-BFF4-029267B91071}.Release|x64.Build.0 = Release|x64
		{EFF5C0D7-E17A-4EFF-BFF4-029267B91071}.Release|x86.ActiveCfg = Release|x86
		{EFF5C0D7-E17A-4EFF-BFF4-029267B91071}.Release|x86.Build.0 = Release|x86
		{99391458-FE91-4E52-8E38-486F13A02829}.Debug|Any CPU.ActiveCfg = Debug|Any CPU
		{99391458-FE91-4E52-8E38-486F13A02829}.Debug|Any CPU.Build.0 = Debug|Any CPU
		{99391458-FE91-4E52-8E38-486F13A02829}.Debug|x64.ActiveCfg = Debug|x64
		{99391458-FE91-4E52-8E38-486F13A02829}.Debug|x64.Build.0 = Debug|x64
		{99391458-FE91-4E52-8E38-486F13A02829}.Debug|x86.ActiveCfg = Debug|x86
		{99391458-FE91-4E52-8E38-486F13A02829}.Debug|x86.Build.0 = Debug|x86
		{99391458-FE91-4E52-8E38-486F13A02829}.Release|Any CPU.ActiveCfg = Release|Any CPU
		{99391458-FE91-4E52-8E38-486F13A02829}.Release|Any CPU.Build.0 = Release|Any CPU
		{99391458-FE91-4E52-8E38-486F13A02829}.Release|x64.ActiveCfg = Release|x64
		{99391458-FE91-4E52-8E38-486F13A02829}.Release|x64.Build.0 = Release|x64
		{99391458-FE91-4E52-8E38-486F13A02829}.Release|x86.ActiveCfg = Release|x86
		{99391458-FE91-4E52-8E38-486F13A02829}.Release|x86.Build.0 = Release|x86
		{587DB362-8AE3-4697-86AC-CAD2F1D4F2EF}.Debug|Any CPU.ActiveCfg = Debug|Any CPU
		{587DB362-8AE3-4697-86AC-CAD2F1D4F2EF}.Debug|Any CPU.Build.0 = Debug|Any CPU
		{587DB362-8AE3-4697-86AC-CAD2F1D4F2EF}.Debug|x64.ActiveCfg = Debug|x64
		{587DB362-8AE3-4697-86AC-CAD2F1D4F2EF}.Debug|x64.Build.0 = Debug|x64
		{587DB362-8AE3-4697-86AC-CAD2F1D4F2EF}.Debug|x86.ActiveCfg = Debug|x86
		{587DB362-8AE3-4697-86AC-CAD2F1D4F2EF}.Debug|x86.Build.0 = Debug|x86
		{587DB362-8AE3-4697-86AC-CAD2F1D4F2EF}.Release|Any CPU.ActiveCfg = Release|Any CPU
		{587DB362-8AE3-4697-86AC-CAD2F1D4F2EF}.Release|Any CPU.Build.0 = Release|Any CPU
		{587DB362-8AE3-4697-86AC-CAD2F1D4F2EF}.Release|x64.ActiveCfg = Release|x64
		{587DB362-8AE3-4697-86AC-CAD2F1D4F2EF}.Release|x64.Build.0 = Release|x64
		{587DB362-8AE3-4697-86AC-CAD2F1D4F2EF}.Release|x86.ActiveCfg = Release|x86
		{587DB362-8AE3-4697-86AC-CAD2F1D4F2EF}.Release|x86.Build.0 = Release|x86
		{DE89F393-94D0-4A2D-A394-F0933461447B}.Debug|Any CPU.ActiveCfg = Debug|Any CPU
		{DE89F393-94D0-4A2D-A394-F0933461447B}.Debug|Any CPU.Build.0 = Debug|Any CPU
		{DE89F393-94D0-4A2D-A394-F0933461447B}.Debug|x64.ActiveCfg = Debug|x64
		{DE89F393-94D0-4A2D-A394-F0933461447B}.Debug|x64.Build.0 = Debug|x64
		{DE89F393-94D0-4A2D-A394-F0933461447B}.Debug|x86.ActiveCfg = Debug|x86
		{DE89F393-94D0-4A2D-A394-F0933461447B}.Debug|x86.Build.0 = Debug|x86
		{DE89F393-94D0-4A2D-A394-F0933461447B}.Release|Any CPU.ActiveCfg = Release|Any CPU
		{DE89F393-94D0-4A2D-A394-F0933461447B}.Release|Any CPU.Build.0 = Release|Any CPU
		{DE89F393-94D0-4A2D-A394-F0933461447B}.Release|x64.ActiveCfg = Release|x64
		{DE89F393-94D0-4A2D-A394-F0933461447B}.Release|x64.Build.0 = Release|x64
		{DE89F393-94D0-4A2D-A394-F0933461447B}.Release|x86.ActiveCfg = Release|x86
		{DE89F393-94D0-4A2D-A394-F0933461447B}.Release|x86.Build.0 = Release|x86
		{24AD5CD6-7091-4BE6-85B6-E352EDA5FE33}.Debug|Any CPU.ActiveCfg = Debug|Any CPU
		{24AD5CD6-7091-4BE6-85B6-E352EDA5FE33}.Debug|Any CPU.Build.0 = Debug|Any CPU
		{24AD5CD6-7091-4BE6-85B6-E352EDA5FE33}.Debug|x64.ActiveCfg = Debug|x64
		{24AD5CD6-7091-4BE6-85B6-E352EDA5FE33}.Debug|x64.Build.0 = Debug|x64
		{24AD5CD6-7091-4BE6-85B6-E352EDA5FE33}.Debug|x86.ActiveCfg = Debug|x86
		{24AD5CD6-7091-4BE6-85B6-E352EDA5FE33}.Debug|x86.Build.0 = Debug|x86
		{24AD5CD6-7091-4BE6-85B6-E352EDA5FE33}.Release|Any CPU.ActiveCfg = Release|Any CPU
		{24AD5CD6-7091-4BE6-85B6-E352EDA5FE33}.Release|Any CPU.Build.0 = Release|Any CPU
		{24AD5CD6-7091-4BE6-85B6-E352EDA5FE33}.Release|x64.ActiveCfg = Release|x64
		{24AD5CD6-7091-4BE6-85B6-E352EDA5FE33}.Release|x64.Build.0 = Release|x64
		{24AD5CD6-7091-4BE6-85B6-E352EDA5FE33}.Release|x86.ActiveCfg = Release|x86
		{24AD5CD6-7091-4BE6-85B6-E352EDA5FE33}.Release|x86.Build.0 = Release|x86
		{7D3DABE0-4D95-4CDF-B9DE-B798660B6CA3}.Debug|Any CPU.ActiveCfg = Debug|Any CPU
		{7D3DABE0-4D95-4CDF-B9DE-B798660B6CA3}.Debug|Any CPU.Build.0 = Debug|Any CPU
		{7D3DABE0-4D95-4CDF-B9DE-B798660B6CA3}.Debug|x64.ActiveCfg = Debug|x64
		{7D3DABE0-4D95-4CDF-B9DE-B798660B6CA3}.Debug|x64.Build.0 = Debug|x64
		{7D3DABE0-4D95-4CDF-B9DE-B798660B6CA3}.Debug|x86.ActiveCfg = Debug|x86
		{7D3DABE0-4D95-4CDF-B9DE-B798660B6CA3}.Debug|x86.Build.0 = Debug|x86
		{7D3DABE0-4D95-4CDF-B9DE-B798660B6CA3}.Release|Any CPU.ActiveCfg = Release|Any CPU
		{7D3DABE0-4D95-4CDF-B9DE-B798660B6CA3}.Release|Any CPU.Build.0 = Release|Any CPU
		{7D3DABE0-4D95-4CDF-B9DE-B798660B6CA3}.Release|x64.ActiveCfg = Release|x64
		{7D3DABE0-4D95-4CDF-B9DE-B798660B6CA3}.Release|x64.Build.0 = Release|x64
		{7D3DABE0-4D95-4CDF-B9DE-B798660B6CA3}.Release|x86.ActiveCfg = Release|x86
		{7D3DABE0-4D95-4CDF-B9DE-B798660B6CA3}.Release|x86.Build.0 = Release|x86
		{DADC8BF0-B87D-4D2F-B9A8-C243ABDDFCEB}.Debug|Any CPU.ActiveCfg = Debug|Any CPU
		{DADC8BF0-B87D-4D2F-B9A8-C243ABDDFCEB}.Debug|Any CPU.Build.0 = Debug|Any CPU
		{DADC8BF0-B87D-4D2F-B9A8-C243ABDDFCEB}.Debug|x64.ActiveCfg = Debug|x64
		{DADC8BF0-B87D-4D2F-B9A8-C243ABDDFCEB}.Debug|x64.Build.0 = Debug|x64
		{DADC8BF0-B87D-4D2F-B9A8-C243ABDDFCEB}.Debug|x86.ActiveCfg = Debug|x86
		{DADC8BF0-B87D-4D2F-B9A8-C243ABDDFCEB}.Debug|x86.Build.0 = Debug|x86
		{DADC8BF0-B87D-4D2F-B9A8-C243ABDDFCEB}.Release|Any CPU.ActiveCfg = Release|Any CPU
		{DADC8BF0-B87D-4D2F-B9A8-C243ABDDFCEB}.Release|Any CPU.Build.0 = Release|Any CPU
		{DADC8BF0-B87D-4D2F-B9A8-C243ABDDFCEB}.Release|x64.ActiveCfg = Release|x64
		{DADC8BF0-B87D-4D2F-B9A8-C243ABDDFCEB}.Release|x64.Build.0 = Release|x64
		{DADC8BF0-B87D-4D2F-B9A8-C243ABDDFCEB}.Release|x86.ActiveCfg = Release|x86
		{DADC8BF0-B87D-4D2F-B9A8-C243ABDDFCEB}.Release|x86.Build.0 = Release|x86
		{FAA17D46-B46F-45BA-978B-C299855C3B06}.Debug|Any CPU.ActiveCfg = Debug|Any CPU
		{FAA17D46-B46F-45BA-978B-C299855C3B06}.Debug|Any CPU.Build.0 = Debug|Any CPU
		{FAA17D46-B46F-45BA-978B-C299855C3B06}.Debug|x64.ActiveCfg = Debug|x64
		{FAA17D46-B46F-45BA-978B-C299855C3B06}.Debug|x64.Build.0 = Debug|x64
		{FAA17D46-B46F-45BA-978B-C299855C3B06}.Debug|x86.ActiveCfg = Debug|x86
		{FAA17D46-B46F-45BA-978B-C299855C3B06}.Debug|x86.Build.0 = Debug|x86
		{FAA17D46-B46F-45BA-978B-C299855C3B06}.Release|Any CPU.ActiveCfg = Release|Any CPU
		{FAA17D46-B46F-45BA-978B-C299855C3B06}.Release|Any CPU.Build.0 = Release|Any CPU
		{FAA17D46-B46F-45BA-978B-C299855C3B06}.Release|x64.ActiveCfg = Release|x64
		{FAA17D46-B46F-45BA-978B-C299855C3B06}.Release|x64.Build.0 = Release|x64
		{FAA17D46-B46F-45BA-978B-C299855C3B06}.Release|x86.ActiveCfg = Release|x86
		{FAA17D46-B46F-45BA-978B-C299855C3B06}.Release|x86.Build.0 = Release|x86
		{149DAD81-9C63-42F8-8B0C-500645BAD9E3}.Debug|Any CPU.ActiveCfg = Debug|Any CPU
		{149DAD81-9C63-42F8-8B0C-500645BAD9E3}.Debug|Any CPU.Build.0 = Debug|Any CPU
		{149DAD81-9C63-42F8-8B0C-500645BAD9E3}.Debug|x64.ActiveCfg = Debug|x64
		{149DAD81-9C63-42F8-8B0C-500645BAD9E3}.Debug|x64.Build.0 = Debug|x64
		{149DAD81-9C63-42F8-8B0C-500645BAD9E3}.Debug|x86.ActiveCfg = Debug|x86
		{149DAD81-9C63-42F8-8B0C-500645BAD9E3}.Debug|x86.Build.0 = Debug|x86
		{149DAD81-9C63-42F8-8B0C-500645BAD9E3}.Release|Any CPU.ActiveCfg = Release|Any CPU
		{149DAD81-9C63-42F8-8B0C-500645BAD9E3}.Release|Any CPU.Build.0 = Release|Any CPU
		{149DAD81-9C63-42F8-8B0C-500645BAD9E3}.Release|x64.ActiveCfg = Release|x64
		{149DAD81-9C63-42F8-8B0C-500645BAD9E3}.Release|x64.Build.0 = Release|x64
		{149DAD81-9C63-42F8-8B0C-500645BAD9E3}.Release|x86.ActiveCfg = Release|x86
		{149DAD81-9C63-42F8-8B0C-500645BAD9E3}.Release|x86.Build.0 = Release|x86
		{032C2158-2B94-485C-A32E-B880E63F7F29}.Debug|Any CPU.ActiveCfg = Debug|Any CPU
		{032C2158-2B94-485C-A32E-B880E63F7F29}.Debug|Any CPU.Build.0 = Debug|Any CPU
		{032C2158-2B94-485C-A32E-B880E63F7F29}.Debug|x64.ActiveCfg = Debug|x64
		{032C2158-2B94-485C-A32E-B880E63F7F29}.Debug|x64.Build.0 = Debug|x64
		{032C2158-2B94-485C-A32E-B880E63F7F29}.Debug|x86.ActiveCfg = Debug|x86
		{032C2158-2B94-485C-A32E-B880E63F7F29}.Debug|x86.Build.0 = Debug|x86
		{032C2158-2B94-485C-A32E-B880E63F7F29}.Release|Any CPU.ActiveCfg = Release|Any CPU
		{032C2158-2B94-485C-A32E-B880E63F7F29}.Release|Any CPU.Build.0 = Release|Any CPU
		{032C2158-2B94-485C-A32E-B880E63F7F29}.Release|x64.ActiveCfg = Release|x64
		{032C2158-2B94-485C-A32E-B880E63F7F29}.Release|x64.Build.0 = Release|x64
		{032C2158-2B94-485C-A32E-B880E63F7F29}.Release|x86.ActiveCfg = Release|x86
		{032C2158-2B94-485C-A32E-B880E63F7F29}.Release|x86.Build.0 = Release|x86
		{7DDA3633-FB33-4187-8209-093616E50B08}.Debug|Any CPU.ActiveCfg = Debug|Any CPU
		{7DDA3633-FB33-4187-8209-093616E50B08}.Debug|Any CPU.Build.0 = Debug|Any CPU
		{7DDA3633-FB33-4187-8209-093616E50B08}.Debug|x64.ActiveCfg = Debug|x64
		{7DDA3633-FB33-4187-8209-093616E50B08}.Debug|x64.Build.0 = Debug|x64
		{7DDA3633-FB33-4187-8209-093616E50B08}.Debug|x86.ActiveCfg = Debug|x86
		{7DDA3633-FB33-4187-8209-093616E50B08}.Debug|x86.Build.0 = Debug|x86
		{7DDA3633-FB33-4187-8209-093616E50B08}.Release|Any CPU.ActiveCfg = Release|Any CPU
		{7DDA3633-FB33-4187-8209-093616E50B08}.Release|Any CPU.Build.0 = Release|Any CPU
		{7DDA3633-FB33-4187-8209-093616E50B08}.Release|x64.ActiveCfg = Release|x64
		{7DDA3633-FB33-4187-8209-093616E50B08}.Release|x64.Build.0 = Release|x64
		{7DDA3633-FB33-4187-8209-093616E50B08}.Release|x86.ActiveCfg = Release|x86
		{7DDA3633-FB33-4187-8209-093616E50B08}.Release|x86.Build.0 = Release|x86
		{A37A7E14-0000-0000-0000-000000000000}.Debug|Any CPU.ActiveCfg = Debug|Any CPU
		{A37A7E14-0000-0000-0000-000000000000}.Debug|Any CPU.Build.0 = Debug|Any CPU
		{A37A7E14-0000-0000-0000-000000000000}.Debug|x64.ActiveCfg = Debug|x64
		{A37A7E14-0000-0000-0000-000000000000}.Debug|x64.Build.0 = Debug|x64
		{A37A7E14-0000-0000-0000-000000000000}.Debug|x86.ActiveCfg = Debug|x86
		{A37A7E14-0000-0000-0000-000000000000}.Debug|x86.Build.0 = Debug|x86
		{A37A7E14-0000-0000-0000-000000000000}.Release|Any CPU.ActiveCfg = Release|Any CPU
		{A37A7E14-0000-0000-0000-000000000000}.Release|Any CPU.Build.0 = Release|Any CPU
		{A37A7E14-0000-0000-0000-000000000000}.Release|x64.ActiveCfg = Release|x64
		{A37A7E14-0000-0000-0000-000000000000}.Release|x64.Build.0 = Release|x64
		{A37A7E14-0000-0000-0000-000000000000}.Release|x86.ActiveCfg = Release|x86
		{A37A7E14-0000-0000-0000-000000000000}.Release|x86.Build.0 = Release|x86
		{62C0DB35-0000-0000-0000-000000000000}.Debug|Any CPU.ActiveCfg = Debug|Any CPU
		{62C0DB35-0000-0000-0000-000000000000}.Debug|Any CPU.Build.0 = Debug|Any CPU
		{62C0DB35-0000-0000-0000-000000000000}.Debug|x64.ActiveCfg = Debug|x64
		{62C0DB35-0000-0000-0000-000000000000}.Debug|x64.Build.0 = Debug|x64
		{62C0DB35-0000-0000-0000-000000000000}.Debug|x86.ActiveCfg = Debug|x86
		{62C0DB35-0000-0000-0000-000000000000}.Debug|x86.Build.0 = Debug|x86
		{62C0DB35-0000-0000-0000-000000000000}.Release|Any CPU.ActiveCfg = Release|Any CPU
		{62C0DB35-0000-0000-0000-000000000000}.Release|Any CPU.Build.0 = Release|Any CPU
		{62C0DB35-0000-0000-0000-000000000000}.Release|x64.ActiveCfg = Release|x64
		{62C0DB35-0000-0000-0000-000000000000}.Release|x64.Build.0 = Release|x64
		{62C0DB35-0000-0000-0000-000000000000}.Release|x86.ActiveCfg = Release|x86
		{62C0DB35-0000-0000-0000-000000000000}.Release|x86.Build.0 = Release|x86
		{A625BE88-0000-0000-0000-000000000000}.Debug|Any CPU.ActiveCfg = Debug|Any CPU
		{A625BE88-0000-0000-0000-000000000000}.Debug|Any CPU.Build.0 = Debug|Any CPU
		{A625BE88-0000-0000-0000-000000000000}.Debug|x64.ActiveCfg = Debug|x64
		{A625BE88-0000-0000-0000-000000000000}.Debug|x64.Build.0 = Debug|x64
		{A625BE88-0000-0000-0000-000000000000}.Debug|x86.ActiveCfg = Debug|x86
		{A625BE88-0000-0000-0000-000000000000}.Debug|x86.Build.0 = Debug|x86
		{A625BE88-0000-0000-0000-000000000000}.Release|Any CPU.ActiveCfg = Release|Any CPU
		{A625BE88-0000-0000-0000-000000000000}.Release|Any CPU.Build.0 = Release|Any CPU
		{A625BE88-0000-0000-0000-000000000000}.Release|x64.ActiveCfg = Release|x64
		{A625BE88-0000-0000-0000-000000000000}.Release|x64.Build.0 = Release|x64
		{A625BE88-0000-0000-0000-000000000000}.Release|x86.ActiveCfg = Release|x86
		{A625BE88-0000-0000-0000-000000000000}.Release|x86.Build.0 = Release|x86
		{31D19132-0000-0000-0000-000000000000}.Debug|Any CPU.ActiveCfg = Debug|Any CPU
		{31D19132-0000-0000-0000-000000000000}.Debug|Any CPU.Build.0 = Debug|Any CPU
		{31D19132-0000-0000-0000-000000000000}.Debug|x64.ActiveCfg = Debug|x64
		{31D19132-0000-0000-0000-000000000000}.Debug|x64.Build.0 = Debug|x64
		{31D19132-0000-0000-0000-000000000000}.Debug|x86.ActiveCfg = Debug|x86
		{31D19132-0000-0000-0000-000000000000}.Debug|x86.Build.0 = Debug|x86
		{31D19132-0000-0000-0000-000000000000}.Release|Any CPU.ActiveCfg = Release|Any CPU
		{31D19132-0000-0000-0000-000000000000}.Release|Any CPU.Build.0 = Release|Any CPU
		{31D19132-0000-0000-0000-000000000000}.Release|x64.ActiveCfg = Release|x64
		{31D19132-0000-0000-0000-000000000000}.Release|x64.Build.0 = Release|x64
		{31D19132-0000-0000-0000-000000000000}.Release|x86.ActiveCfg = Release|x86
		{31D19132-0000-0000-0000-000000000000}.Release|x86.Build.0 = Release|x86
		{5FDFF4B6-0000-0000-0000-000000000000}.Debug|Any CPU.ActiveCfg = Debug|Any CPU
		{5FDFF4B6-0000-0000-0000-000000000000}.Debug|Any CPU.Build.0 = Debug|Any CPU
		{5FDFF4B6-0000-0000-0000-000000000000}.Debug|x64.ActiveCfg = Debug|x64
		{5FDFF4B6-0000-0000-0000-000000000000}.Debug|x64.Build.0 = Debug|x64
		{5FDFF4B6-0000-0000-0000-000000000000}.Debug|x86.ActiveCfg = Debug|x86
		{5FDFF4B6-0000-0000-0000-000000000000}.Debug|x86.Build.0 = Debug|x86
		{5FDFF4B6-0000-0000-0000-000000000000}.Release|Any CPU.ActiveCfg = Release|Any CPU
		{5FDFF4B6-0000-0000-0000-000000000000}.Release|Any CPU.Build.0 = Release|Any CPU
		{5FDFF4B6-0000-0000-0000-000000000000}.Release|x64.ActiveCfg = Release|x64
		{5FDFF4B6-0000-0000-0000-000000000000}.Release|x64.Build.0 = Release|x64
		{5FDFF4B6-0000-0000-0000-000000000000}.Release|x86.ActiveCfg = Release|x86
		{5FDFF4B6-0000-0000-0000-000000000000}.Release|x86.Build.0 = Release|x86
		{C426C9D1-8857-4E52-BAC7-4C05EE6070AB}.Debug|Any CPU.ActiveCfg = Debug|Any CPU
		{C426C9D1-8857-4E52-BAC7-4C05EE6070AB}.Debug|Any CPU.Build.0 = Debug|Any CPU
		{C426C9D1-8857-4E52-BAC7-4C05EE6070AB}.Debug|x64.ActiveCfg = Debug|x64
		{C426C9D1-8857-4E52-BAC7-4C05EE6070AB}.Debug|x64.Build.0 = Debug|x64
		{C426C9D1-8857-4E52-BAC7-4C05EE6070AB}.Debug|x86.ActiveCfg = Debug|x86
		{C426C9D1-8857-4E52-BAC7-4C05EE6070AB}.Debug|x86.Build.0 = Debug|x86
		{C426C9D1-8857-4E52-BAC7-4C05EE6070AB}.Release|Any CPU.ActiveCfg = Release|Any CPU
		{C426C9D1-8857-4E52-BAC7-4C05EE6070AB}.Release|Any CPU.Build.0 = Release|Any CPU
		{C426C9D1-8857-4E52-BAC7-4C05EE6070AB}.Release|x64.ActiveCfg = Release|x64
		{C426C9D1-8857-4E52-BAC7-4C05EE6070AB}.Release|x64.Build.0 = Release|x64
		{C426C9D1-8857-4E52-BAC7-4C05EE6070AB}.Release|x86.ActiveCfg = Release|x86
		{C426C9D1-8857-4E52-BAC7-4C05EE6070AB}.Release|x86.Build.0 = Release|x86
		{E73BB233-D88B-44A7-A98F-D71EE158381D}.Debug|Any CPU.ActiveCfg = Debug|Any CPU
		{E73BB233-D88B-44A7-A98F-D71EE158381D}.Debug|Any CPU.Build.0 = Debug|Any CPU
		{E73BB233-D88B-44A7-A98F-D71EE158381D}.Debug|x64.ActiveCfg = Debug|x64
		{E73BB233-D88B-44A7-A98F-D71EE158381D}.Debug|x64.Build.0 = Debug|x64
		{E73BB233-D88B-44A7-A98F-D71EE158381D}.Debug|x86.ActiveCfg = Debug|x86
		{E73BB233-D88B-44A7-A98F-D71EE158381D}.Debug|x86.Build.0 = Debug|x86
		{E73BB233-D88B-44A7-A98F-D71EE158381D}.Release|Any CPU.ActiveCfg = Release|Any CPU
		{E73BB233-D88B-44A7-A98F-D71EE158381D}.Release|Any CPU.Build.0 = Release|Any CPU
		{E73BB233-D88B-44A7-A98F-D71EE158381D}.Release|x64.ActiveCfg = Release|x64
		{E73BB233-D88B-44A7-A98F-D71EE158381D}.Release|x64.Build.0 = Release|x64
		{E73BB233-D88B-44A7-A98F-D71EE158381D}.Release|x86.ActiveCfg = Release|x86
		{E73BB233-D88B-44A7-A98F-D71EE158381D}.Release|x86.Build.0 = Release|x86
		{4E2D9A17-2195-4A51-AAE3-924517440293}.Debug|Any CPU.ActiveCfg = Debug|Any CPU
		{4E2D9A17-2195-4A51-AAE3-924517440293}.Debug|Any CPU.Build.0 = Debug|Any CPU
		{4E2D9A17-2195-4A51-AAE3-924517440293}.Debug|x64.ActiveCfg = Debug|x64
		{4E2D9A17-2195-4A51-AAE3-924517440293}.Debug|x64.Build.0 = Debug|x64
		{4E2D9A17-2195-4A51-AAE3-924517440293}.Debug|x86.ActiveCfg = Debug|x86
		{4E2D9A17-2195-4A51-AAE3-924517440293}.Debug|x86.Build.0 = Debug|x86
		{4E2D9A17-2195-4A51-AAE3-924517440293}.Release|Any CPU.ActiveCfg = Release|Any CPU
		{4E2D9A17-2195-4A51-AAE3-924517440293}.Release|Any CPU.Build.0 = Release|Any CPU
		{4E2D9A17-2195-4A51-AAE3-924517440293}.Release|x64.ActiveCfg = Release|x64
		{4E2D9A17-2195-4A51-AAE3-924517440293}.Release|x64.Build.0 = Release|x64
		{4E2D9A17-2195-4A51-AAE3-924517440293}.Release|x86.ActiveCfg = Release|x86
		{4E2D9A17-2195-4A51-AAE3-924517440293}.Release|x86.Build.0 = Release|x86
		{D68133BD-1E63-496E-9EDE-4FBDBF77B486}.Debug|Any CPU.ActiveCfg = Debug|Any CPU
		{D68133BD-1E63-496E-9EDE-4FBDBF77B486}.Debug|Any CPU.Build.0 = Debug|Any CPU
		{D68133BD-1E63-496E-9EDE-4FBDBF77B486}.Debug|x64.ActiveCfg = Debug|x64
		{D68133BD-1E63-496E-9EDE-4FBDBF77B486}.Debug|x64.Build.0 = Debug|x64
		{D68133BD-1E63-496E-9EDE-4FBDBF77B486}.Debug|x86.ActiveCfg = Debug|x86
		{D68133BD-1E63-496E-9EDE-4FBDBF77B486}.Debug|x86.Build.0 = Debug|x86
		{D68133BD-1E63-496E-9EDE-4FBDBF77B486}.Release|Any CPU.ActiveCfg = Release|Any CPU
		{D68133BD-1E63-496E-9EDE-4FBDBF77B486}.Release|Any CPU.Build.0 = Release|Any CPU
		{D68133BD-1E63-496E-9EDE-4FBDBF77B486}.Release|x64.ActiveCfg = Release|x64
		{D68133BD-1E63-496E-9EDE-4FBDBF77B486}.Release|x64.Build.0 = Release|x64
		{D68133BD-1E63-496E-9EDE-4FBDBF77B486}.Release|x86.ActiveCfg = Release|x86
		{D68133BD-1E63-496E-9EDE-4FBDBF77B486}.Release|x86.Build.0 = Release|x86
		{8559DD7F-A16F-46D0-A05A-9139FAEBA8FD}.Debug|Any CPU.ActiveCfg = Debug|Any CPU
		{8559DD7F-A16F-46D0-A05A-9139FAEBA8FD}.Debug|Any CPU.Build.0 = Debug|Any CPU
		{8559DD7F-A16F-46D0-A05A-9139FAEBA8FD}.Debug|x64.ActiveCfg = Debug|x64
		{8559DD7F-A16F-46D0-A05A-9139FAEBA8FD}.Debug|x64.Build.0 = Debug|x64
		{8559DD7F-A16F-46D0-A05A-9139FAEBA8FD}.Debug|x86.ActiveCfg = Debug|x86
		{8559DD7F-A16F-46D0-A05A-9139FAEBA8FD}.Debug|x86.Build.0 = Debug|x86
		{8559DD7F-A16F-46D0-A05A-9139FAEBA8FD}.Release|Any CPU.ActiveCfg = Release|Any CPU
		{8559DD7F-A16F-46D0-A05A-9139FAEBA8FD}.Release|Any CPU.Build.0 = Release|Any CPU
		{8559DD7F-A16F-46D0-A05A-9139FAEBA8FD}.Release|x64.ActiveCfg = Release|x64
		{8559DD7F-A16F-46D0-A05A-9139FAEBA8FD}.Release|x64.Build.0 = Release|x64
		{8559DD7F-A16F-46D0-A05A-9139FAEBA8FD}.Release|x86.ActiveCfg = Release|x86
		{8559DD7F-A16F-46D0-A05A-9139FAEBA8FD}.Release|x86.Build.0 = Release|x86
		{63E6915C-7EA4-4D76-AB28-0D7191EEA626}.Debug|Any CPU.ActiveCfg = Debug|Any CPU
		{63E6915C-7EA4-4D76-AB28-0D7191EEA626}.Debug|Any CPU.Build.0 = Debug|Any CPU
		{63E6915C-7EA4-4D76-AB28-0D7191EEA626}.Debug|x64.ActiveCfg = Debug|x64
		{63E6915C-7EA4-4D76-AB28-0D7191EEA626}.Debug|x64.Build.0 = Debug|x64
		{63E6915C-7EA4-4D76-AB28-0D7191EEA626}.Debug|x86.ActiveCfg = Debug|x86
		{63E6915C-7EA4-4D76-AB28-0D7191EEA626}.Debug|x86.Build.0 = Debug|x86
		{63E6915C-7EA4-4D76-AB28-0D7191EEA626}.Release|Any CPU.ActiveCfg = Release|Any CPU
		{63E6915C-7EA4-4D76-AB28-0D7191EEA626}.Release|Any CPU.Build.0 = Release|Any CPU
		{63E6915C-7EA4-4D76-AB28-0D7191EEA626}.Release|x64.ActiveCfg = Release|x64
		{63E6915C-7EA4-4D76-AB28-0D7191EEA626}.Release|x64.Build.0 = Release|x64
		{63E6915C-7EA4-4D76-AB28-0D7191EEA626}.Release|x86.ActiveCfg = Release|x86
		{63E6915C-7EA4-4D76-AB28-0D7191EEA626}.Release|x86.Build.0 = Release|x86
		{FBC6DD59-D09D-499C-B03C-99C1C78FF2AC}.Debug|Any CPU.ActiveCfg = Debug|Any CPU
		{FBC6DD59-D09D-499C-B03C-99C1C78FF2AC}.Debug|Any CPU.Build.0 = Debug|Any CPU
		{FBC6DD59-D09D-499C-B03C-99C1C78FF2AC}.Debug|x64.ActiveCfg = Debug|x64
		{FBC6DD59-D09D-499C-B03C-99C1C78FF2AC}.Debug|x64.Build.0 = Debug|x64
		{FBC6DD59-D09D-499C-B03C-99C1C78FF2AC}.Debug|x86.ActiveCfg = Debug|x86
		{FBC6DD59-D09D-499C-B03C-99C1C78FF2AC}.Debug|x86.Build.0 = Debug|x86
		{FBC6DD59-D09D-499C-B03C-99C1C78FF2AC}.Release|Any CPU.ActiveCfg = Release|Any CPU
		{FBC6DD59-D09D-499C-B03C-99C1C78FF2AC}.Release|Any CPU.Build.0 = Release|Any CPU
		{FBC6DD59-D09D-499C-B03C-99C1C78FF2AC}.Release|x64.ActiveCfg = Release|x64
		{FBC6DD59-D09D-499C-B03C-99C1C78FF2AC}.Release|x64.Build.0 = Release|x64
		{FBC6DD59-D09D-499C-B03C-99C1C78FF2AC}.Release|x86.ActiveCfg = Release|x86
		{FBC6DD59-D09D-499C-B03C-99C1C78FF2AC}.Release|x86.Build.0 = Release|x86
		{65EEC6DF-CCC8-46AB-B9FB-00D5A624FE94}.Debug|Any CPU.ActiveCfg = Debug|x64
		{65EEC6DF-CCC8-46AB-B9FB-00D5A624FE94}.Debug|Any CPU.Build.0 = Debug|x64
		{65EEC6DF-CCC8-46AB-B9FB-00D5A624FE94}.Debug|x64.ActiveCfg = Debug|Any CPU
		{65EEC6DF-CCC8-46AB-B9FB-00D5A624FE94}.Debug|x64.Build.0 = Debug|Any CPU
		{65EEC6DF-CCC8-46AB-B9FB-00D5A624FE94}.Debug|x86.ActiveCfg = Debug|Any CPU
		{65EEC6DF-CCC8-46AB-B9FB-00D5A624FE94}.Debug|x86.Build.0 = Debug|Any CPU
		{65EEC6DF-CCC8-46AB-B9FB-00D5A624FE94}.Release|Any CPU.ActiveCfg = Release|x64
		{65EEC6DF-CCC8-46AB-B9FB-00D5A624FE94}.Release|Any CPU.Build.0 = Release|x64
		{65EEC6DF-CCC8-46AB-B9FB-00D5A624FE94}.Release|x64.ActiveCfg = Release|Any CPU
		{65EEC6DF-CCC8-46AB-B9FB-00D5A624FE94}.Release|x64.Build.0 = Release|Any CPU
		{65EEC6DF-CCC8-46AB-B9FB-00D5A624FE94}.Release|x86.ActiveCfg = Release|Any CPU
		{65EEC6DF-CCC8-46AB-B9FB-00D5A624FE94}.Release|x86.Build.0 = Release|Any CPU
		{2F739124-DDA6-45CF-AD05-1B94A04643F1}.Debug|Any CPU.ActiveCfg = Debug|Any CPU
		{2F739124-DDA6-45CF-AD05-1B94A04643F1}.Debug|Any CPU.Build.0 = Debug|Any CPU
		{2F739124-DDA6-45CF-AD05-1B94A04643F1}.Debug|x64.ActiveCfg = Debug|Any CPU
		{2F739124-DDA6-45CF-AD05-1B94A04643F1}.Debug|x64.Build.0 = Debug|Any CPU
		{2F739124-DDA6-45CF-AD05-1B94A04643F1}.Debug|x86.ActiveCfg = Debug|Any CPU
		{2F739124-DDA6-45CF-AD05-1B94A04643F1}.Debug|x86.Build.0 = Debug|Any CPU
		{2F739124-DDA6-45CF-AD05-1B94A04643F1}.Release|Any CPU.ActiveCfg = Release|Any CPU
		{2F739124-DDA6-45CF-AD05-1B94A04643F1}.Release|Any CPU.Build.0 = Release|Any CPU
		{2F739124-DDA6-45CF-AD05-1B94A04643F1}.Release|x64.ActiveCfg = Release|Any CPU
		{2F739124-DDA6-45CF-AD05-1B94A04643F1}.Release|x64.Build.0 = Release|Any CPU
		{2F739124-DDA6-45CF-AD05-1B94A04643F1}.Release|x86.ActiveCfg = Release|Any CPU
		{2F739124-DDA6-45CF-AD05-1B94A04643F1}.Release|x86.Build.0 = Release|Any CPU
		{B0AA7772-1EAC-448C-AB0B-F5E1E2F7EFE0}.Debug|Any CPU.ActiveCfg = Debug|Any CPU
		{B0AA7772-1EAC-448C-AB0B-F5E1E2F7EFE0}.Debug|Any CPU.Build.0 = Debug|Any CPU
		{B0AA7772-1EAC-448C-AB0B-F5E1E2F7EFE0}.Debug|x64.ActiveCfg = Debug|Any CPU
		{B0AA7772-1EAC-448C-AB0B-F5E1E2F7EFE0}.Debug|x64.Build.0 = Debug|Any CPU
		{B0AA7772-1EAC-448C-AB0B-F5E1E2F7EFE0}.Debug|x86.ActiveCfg = Debug|Any CPU
		{B0AA7772-1EAC-448C-AB0B-F5E1E2F7EFE0}.Debug|x86.Build.0 = Debug|Any CPU
		{B0AA7772-1EAC-448C-AB0B-F5E1E2F7EFE0}.Release|Any CPU.ActiveCfg = Release|Any CPU
		{B0AA7772-1EAC-448C-AB0B-F5E1E2F7EFE0}.Release|Any CPU.Build.0 = Release|Any CPU
		{B0AA7772-1EAC-448C-AB0B-F5E1E2F7EFE0}.Release|x64.ActiveCfg = Release|Any CPU
		{B0AA7772-1EAC-448C-AB0B-F5E1E2F7EFE0}.Release|x64.Build.0 = Release|Any CPU
		{B0AA7772-1EAC-448C-AB0B-F5E1E2F7EFE0}.Release|x86.ActiveCfg = Release|Any CPU
		{B0AA7772-1EAC-448C-AB0B-F5E1E2F7EFE0}.Release|x86.Build.0 = Release|Any CPU
	EndGlobalSection
	GlobalSection(SolutionProperties) = preSolution
		HideSolutionNode = FALSE
	EndGlobalSection
	GlobalSection(NestedProjects) = preSolution
		{C75532C4-765B-418E-B09B-46D36B2ABDB1} = {7D541424-C5FF-4386-AF57-05F0A639209A}
		{245E07F6-10D5-4CFA-B003-0DEB06B223DA} = {7D541424-C5FF-4386-AF57-05F0A639209A}
		{2DAC1A31-EF28-499A-B67A-963B5343D778} = {54E430C9-0906-45E3-A082-6D0E815D3214}
		{22AE2386-60F1-476E-9303-61CDB0AAC4CF} = {132CCC5A-6300-4286-AA15-CFF9144D02D8}
		{C56A1E79-4B83-4233-9758-D2BF5410FDA7} = {132CCC5A-6300-4286-AA15-CFF9144D02D8}
		{6AB4EEE6-1889-43AB-83F7-A4F083230BE7} = {C56A1E79-4B83-4233-9758-D2BF5410FDA7}
		{D7ADC901-E1C4-480E-8F6D-B1FFD5CF87E8} = {C56A1E79-4B83-4233-9758-D2BF5410FDA7}
		{A82126CA-23AA-41F1-8586-A5938D44D0A7} = {54E430C9-0906-45E3-A082-6D0E815D3214}
		{51AC9959-AFEE-4F91-8A19-03CF0528AB62} = {F844473E-66CB-47EB-BFF5-078469D18866}
		{6A41EAF1-67D4-43F0-B6B8-1A1395B07235} = {CCF690AE-FB6D-40AB-8E6C-034B617981E9}
		{1B2E7AC4-B206-4268-A782-53B3E3025A43} = {CCF690AE-FB6D-40AB-8E6C-034B617981E9}
		{0FF760B5-436B-44E5-8660-696BFA62A77B} = {CCF690AE-FB6D-40AB-8E6C-034B617981E9}
		{A83E25B7-D5D9-49C0-8FD6-D58213AD1E41} = {CCF690AE-FB6D-40AB-8E6C-034B617981E9}
		{0D4673AA-44F0-4B27-B5CE-9AD5E8C9A730} = {CCF690AE-FB6D-40AB-8E6C-034B617981E9}
		{34134161-C8D8-4CDA-9822-AD9D954140B2} = {CCF690AE-FB6D-40AB-8E6C-034B617981E9}
		{9D67F045-EB5D-4759-8BE4-06D99A20A668} = {CCF690AE-FB6D-40AB-8E6C-034B617981E9}
		{DE53B631-199E-49B8-8B4D-FE9F3D5B28CD} = {CCF690AE-FB6D-40AB-8E6C-034B617981E9}
		{EFF5C0D7-E17A-4EFF-BFF4-029267B91071} = {CCF690AE-FB6D-40AB-8E6C-034B617981E9}
		{99391458-FE91-4E52-8E38-486F13A02829} = {CCF690AE-FB6D-40AB-8E6C-034B617981E9}
		{587DB362-8AE3-4697-86AC-CAD2F1D4F2EF} = {CCF690AE-FB6D-40AB-8E6C-034B617981E9}
		{DE89F393-94D0-4A2D-A394-F0933461447B} = {CCF690AE-FB6D-40AB-8E6C-034B617981E9}
		{24AD5CD6-7091-4BE6-85B6-E352EDA5FE33} = {CCF690AE-FB6D-40AB-8E6C-034B617981E9}
		{7D3DABE0-4D95-4CDF-B9DE-B798660B6CA3} = {CCF690AE-FB6D-40AB-8E6C-034B617981E9}
		{DADC8BF0-B87D-4D2F-B9A8-C243ABDDFCEB} = {CCF690AE-FB6D-40AB-8E6C-034B617981E9}
		{FAA17D46-B46F-45BA-978B-C299855C3B06} = {CCF690AE-FB6D-40AB-8E6C-034B617981E9}
		{149DAD81-9C63-42F8-8B0C-500645BAD9E3} = {CCF690AE-FB6D-40AB-8E6C-034B617981E9}
		{032C2158-2B94-485C-A32E-B880E63F7F29} = {CCF690AE-FB6D-40AB-8E6C-034B617981E9}
		{7DDA3633-FB33-4187-8209-093616E50B08} = {CCF690AE-FB6D-40AB-8E6C-034B617981E9}
		{CCF690AE-FB6D-40AB-8E6C-034B617981E9} = {FA99A4F6-0E68-4289-A5A8-80C8A9F694CA}
		{85CF08EB-9EC4-48C8-9D72-5AEDF6215700} = {FA99A4F6-0E68-4289-A5A8-80C8A9F694CA}
		{A37A7E14-0000-0000-0000-000000000000} = {85CF08EB-9EC4-48C8-9D72-5AEDF6215700}
		{62C0DB35-0000-0000-0000-000000000000} = {85CF08EB-9EC4-48C8-9D72-5AEDF6215700}
		{A625BE88-0000-0000-0000-000000000000} = {85CF08EB-9EC4-48C8-9D72-5AEDF6215700}
		{31D19132-0000-0000-0000-000000000000} = {85CF08EB-9EC4-48C8-9D72-5AEDF6215700}
		{5FDFF4B6-0000-0000-0000-000000000000} = {85CF08EB-9EC4-48C8-9D72-5AEDF6215700}
		{C426C9D1-8857-4E52-BAC7-4C05EE6070AB} = {85CF08EB-9EC4-48C8-9D72-5AEDF6215700}
		{E73BB233-D88B-44A7-A98F-D71EE158381D} = {132CCC5A-6300-4286-AA15-CFF9144D02D8}
		{4E2D9A17-2195-4A51-AAE3-924517440293} = {CCF690AE-FB6D-40AB-8E6C-034B617981E9}
		{929D5B3B-E29A-40CC-93D8-0FF43A6F9FA1} = {A9C2D381-3B8E-4633-9931-2A335ADDE4BE}
		{D68133BD-1E63-496E-9EDE-4FBDBF77B486} = {A9C2D381-3B8E-4633-9931-2A335ADDE4BE}
		{8559DD7F-A16F-46D0-A05A-9139FAEBA8FD} = {929D5B3B-E29A-40CC-93D8-0FF43A6F9FA1}
		{63E6915C-7EA4-4D76-AB28-0D7191EEA626} = {929D5B3B-E29A-40CC-93D8-0FF43A6F9FA1}
		{FBC6DD59-D09D-499C-B03C-99C1C78FF2AC} = {A9C2D381-3B8E-4633-9931-2A335ADDE4BE}
		{A9C2D381-3B8E-4633-9931-2A335ADDE4BE} = {54E430C9-0906-45E3-A082-6D0E815D3214}
		{65EEC6DF-CCC8-46AB-B9FB-00D5A624FE94} = {F844473E-66CB-47EB-BFF5-078469D18866}
		{2F739124-DDA6-45CF-AD05-1B94A04643F1} = {F844473E-66CB-47EB-BFF5-078469D18866}
		{F844473E-66CB-47EB-BFF5-078469D18866} = {54E430C9-0906-45E3-A082-6D0E815D3214}
		{B0AA7772-1EAC-448C-AB0B-F5E1E2F7EFE0} = {7D541424-C5FF-4386-AF57-05F0A639209A}
	EndGlobalSection
	GlobalSection(MonoDevelopProperties) = preSolution
		StartupItem = GeckoFxTest\GeckoFxTest.csproj
	EndGlobalSection
	GlobalSection(MonoDevelopProperties) = preSolution
		StartupItem = GeckoFxTest\GeckoFxTest.csproj
	EndGlobalSection
	GlobalSection(MonoDevelopProperties) = preSolution
		StartupItem = GeckoFxTest\GeckoFxTest.csproj
	EndGlobalSection
	GlobalSection(MonoDevelopProperties) = preSolution
		StartupItem = GeckoFxTest\GeckoFxTest.csproj
	EndGlobalSection
	GlobalSection(MonoDevelopProperties) = preSolution
		StartupItem = GeckoFxTest\GeckoFxTest.csproj
	EndGlobalSection
	GlobalSection(MonoDevelopProperties) = preSolution
		StartupItem = Source\Examples\OpenTK.Examples.csproj
	EndGlobalSection
EndGlobal
