Microsoft Visual Studio Solution File, Format Version 12.00
# Visual Studio 14
VisualStudioVersion = 14.0.23107.0
MinimumVisualStudioVersion = 10.0.40219.1
Project("{FAE04EC0-301F-11D3-BF4B-00C04F79EFBC}") = "Anathema", "Anathema\Anathema.csproj", "{DC9EB93D-7973-4A32-826F-F441B3DA9F9B}"
EndProject
Project("{FAE04EC0-301F-11D3-BF4B-00C04F79EFBC}") = "MemorySharp", "MemorySharp\MemorySharp\MemorySharp.csproj", "{78A6F97D-5CA8-4E92-8E17-2545983C9555}"
EndProject
Project("{FAE04EC0-301F-11D3-BF4B-00C04F79EFBC}") = "MemorySharpTests", "MemorySharp\MemorySharpTests\MemorySharpTests.csproj", "{E3EFE942-113F-46AA-9CF4-A51473D9E8B8}"
EndProject
Project("{8BC9CEB8-8B4A-11D0-8D11-00A0C91BC942}") = "Fasm.NET", "Fasm\Fasm.NET\Fasm.NET.vcxproj", "{2DAC1A31-EF28-499A-B67A-963B5343D778}"
EndProject
Project("{FAE04EC0-301F-11D3-BF4B-00C04F79EFBC}") = "Fasm.NET.Tests", "Fasm\Fasm.NET.Tests\Fasm.NET.Tests.csproj", "{87C6E1E9-D714-498A-BFF6-883645A0630A}"
EndProject
Project("{FAE04EC0-301F-11D3-BF4B-00C04F79EFBC}") = "Be.HexEditor", "HexEditor\Be.HexEditor\Be.HexEditor.csproj", "{FF4ADB46-210E-429E-9176-68613F5CBE90}"
EndProject
Project("{FAE04EC0-301F-11D3-BF4B-00C04F79EFBC}") = "Be.Windows.Forms.HexBox", "HexEditor\Be.Windows.Forms.HexBox\Be.Windows.Forms.HexBox.csproj", "{26C5F25F-B450-4CAF-AD8B-B8D11AE73457}"
EndProject
Project("{FAE04EC0-301F-11D3-BF4B-00C04F79EFBC}") = "DockingSuite", "DockingSuite\DockingSuite.csproj", "{C75532C4-765B-418E-B09B-46D36B2ABDB1}"
EndProject
Project("{FAE04EC0-301F-11D3-BF4B-00C04F79EFBC}") = "ThemeVS2013Blue", "DockingSuite\ThemeVS2013Blue.csproj", "{245E07F6-10D5-4CFA-B003-0DEB06B223DA}"
EndProject
Global
	GlobalSection(SolutionConfigurationPlatforms) = preSolution
		Debug|Any CPU = Debug|Any CPU
		Debug|Mixed Platforms = Debug|Mixed Platforms
		Debug|Win32 = Debug|Win32
		Debug|x64 = Debug|x64
		Debug|x86 = Debug|x86
		Release|Any CPU = Release|Any CPU
		Release|Mixed Platforms = Release|Mixed Platforms
		Release|Win32 = Release|Win32
		Release|x64 = Release|x64
		Release|x86 = Release|x86
	EndGlobalSection
	GlobalSection(ProjectConfigurationPlatforms) = postSolution
		{DC9EB93D-7973-4A32-826F-F441B3DA9F9B}.Debug|Any CPU.ActiveCfg = Debug|Any CPU
		{DC9EB93D-7973-4A32-826F-F441B3DA9F9B}.Debug|Any CPU.Build.0 = Debug|Any CPU
		{DC9EB93D-7973-4A32-826F-F441B3DA9F9B}.Debug|Mixed Platforms.ActiveCfg = Debug|x86
		{DC9EB93D-7973-4A32-826F-F441B3DA9F9B}.Debug|Mixed Platforms.Build.0 = Debug|x86
		{DC9EB93D-7973-4A32-826F-F441B3DA9F9B}.Debug|Win32.ActiveCfg = Debug|x86
		{DC9EB93D-7973-4A32-826F-F441B3DA9F9B}.Debug|Win32.Build.0 = Debug|x86
		{DC9EB93D-7973-4A32-826F-F441B3DA9F9B}.Debug|x64.ActiveCfg = Debug|Any CPU
		{DC9EB93D-7973-4A32-826F-F441B3DA9F9B}.Debug|x64.Build.0 = Debug|Any CPU
		{DC9EB93D-7973-4A32-826F-F441B3DA9F9B}.Debug|x86.ActiveCfg = Debug|x86
		{DC9EB93D-7973-4A32-826F-F441B3DA9F9B}.Debug|x86.Build.0 = Debug|x86
		{DC9EB93D-7973-4A32-826F-F441B3DA9F9B}.Release|Any CPU.ActiveCfg = Release|Any CPU
		{DC9EB93D-7973-4A32-826F-F441B3DA9F9B}.Release|Any CPU.Build.0 = Release|Any CPU
		{DC9EB93D-7973-4A32-826F-F441B3DA9F9B}.Release|Mixed Platforms.ActiveCfg = Release|x86
		{DC9EB93D-7973-4A32-826F-F441B3DA9F9B}.Release|Mixed Platforms.Build.0 = Release|x86
		{DC9EB93D-7973-4A32-826F-F441B3DA9F9B}.Release|Win32.ActiveCfg = Release|x86
		{DC9EB93D-7973-4A32-826F-F441B3DA9F9B}.Release|Win32.Build.0 = Release|x86
		{DC9EB93D-7973-4A32-826F-F441B3DA9F9B}.Release|x64.ActiveCfg = Release|Any CPU
		{DC9EB93D-7973-4A32-826F-F441B3DA9F9B}.Release|x64.Build.0 = Release|Any CPU
		{DC9EB93D-7973-4A32-826F-F441B3DA9F9B}.Release|x86.ActiveCfg = Release|x86
		{DC9EB93D-7973-4A32-826F-F441B3DA9F9B}.Release|x86.Build.0 = Release|x86
		{78A6F97D-5CA8-4E92-8E17-2545983C9555}.Debug|Any CPU.ActiveCfg = Debug|Any CPU
		{78A6F97D-5CA8-4E92-8E17-2545983C9555}.Debug|Any CPU.Build.0 = Debug|Any CPU
		{78A6F97D-5CA8-4E92-8E17-2545983C9555}.Debug|Mixed Platforms.ActiveCfg = Debug|Any CPU
		{78A6F97D-5CA8-4E92-8E17-2545983C9555}.Debug|Mixed Platforms.Build.0 = Debug|Any CPU
		{78A6F97D-5CA8-4E92-8E17-2545983C9555}.Debug|Win32.ActiveCfg = Debug|Any CPU
		{78A6F97D-5CA8-4E92-8E17-2545983C9555}.Debug|x64.ActiveCfg = Debug|x64
		{78A6F97D-5CA8-4E92-8E17-2545983C9555}.Debug|x64.Build.0 = Debug|x64
		{78A6F97D-5CA8-4E92-8E17-2545983C9555}.Debug|x86.ActiveCfg = Debug|Any CPU
		{78A6F97D-5CA8-4E92-8E17-2545983C9555}.Debug|x86.Build.0 = Debug|Any CPU
		{78A6F97D-5CA8-4E92-8E17-2545983C9555}.Release|Any CPU.ActiveCfg = Release|Any CPU
		{78A6F97D-5CA8-4E92-8E17-2545983C9555}.Release|Any CPU.Build.0 = Release|Any CPU
		{78A6F97D-5CA8-4E92-8E17-2545983C9555}.Release|Mixed Platforms.ActiveCfg = Release|Any CPU
		{78A6F97D-5CA8-4E92-8E17-2545983C9555}.Release|Mixed Platforms.Build.0 = Release|Any CPU
		{78A6F97D-5CA8-4E92-8E17-2545983C9555}.Release|Win32.ActiveCfg = Release|Any CPU
		{78A6F97D-5CA8-4E92-8E17-2545983C9555}.Release|x64.ActiveCfg = Release|x64
		{78A6F97D-5CA8-4E92-8E17-2545983C9555}.Release|x64.Build.0 = Release|x64
		{78A6F97D-5CA8-4E92-8E17-2545983C9555}.Release|x86.ActiveCfg = Release|Any CPU
		{78A6F97D-5CA8-4E92-8E17-2545983C9555}.Release|x86.Build.0 = Release|Any CPU
		{E3EFE942-113F-46AA-9CF4-A51473D9E8B8}.Debug|Any CPU.ActiveCfg = Debug|Any CPU
		{E3EFE942-113F-46AA-9CF4-A51473D9E8B8}.Debug|Any CPU.Build.0 = Debug|Any CPU
		{E3EFE942-113F-46AA-9CF4-A51473D9E8B8}.Debug|Mixed Platforms.ActiveCfg = Debug|Any CPU
		{E3EFE942-113F-46AA-9CF4-A51473D9E8B8}.Debug|Mixed Platforms.Build.0 = Debug|Any CPU
		{E3EFE942-113F-46AA-9CF4-A51473D9E8B8}.Debug|Win32.ActiveCfg = Debug|Any CPU
		{E3EFE942-113F-46AA-9CF4-A51473D9E8B8}.Debug|x64.ActiveCfg = Debug|Any CPU
		{E3EFE942-113F-46AA-9CF4-A51473D9E8B8}.Debug|x86.ActiveCfg = Debug|Any CPU
		{E3EFE942-113F-46AA-9CF4-A51473D9E8B8}.Debug|x86.Build.0 = Debug|Any CPU
		{E3EFE942-113F-46AA-9CF4-A51473D9E8B8}.Release|Any CPU.ActiveCfg = Release|Any CPU
		{E3EFE942-113F-46AA-9CF4-A51473D9E8B8}.Release|Any CPU.Build.0 = Release|Any CPU
		{E3EFE942-113F-46AA-9CF4-A51473D9E8B8}.Release|Mixed Platforms.ActiveCfg = Release|Any CPU
		{E3EFE942-113F-46AA-9CF4-A51473D9E8B8}.Release|Mixed Platforms.Build.0 = Release|Any CPU
		{E3EFE942-113F-46AA-9CF4-A51473D9E8B8}.Release|Win32.ActiveCfg = Release|Any CPU
		{E3EFE942-113F-46AA-9CF4-A51473D9E8B8}.Release|x64.ActiveCfg = Release|Any CPU
		{E3EFE942-113F-46AA-9CF4-A51473D9E8B8}.Release|x86.ActiveCfg = Release|Any CPU
		{E3EFE942-113F-46AA-9CF4-A51473D9E8B8}.Release|x86.Build.0 = Release|Any CPU
		{2DAC1A31-EF28-499A-B67A-963B5343D778}.Debug|Any CPU.ActiveCfg = Debug|Win32
		{2DAC1A31-EF28-499A-B67A-963B5343D778}.Debug|Mixed Platforms.ActiveCfg = Debug|Win32
		{2DAC1A31-EF28-499A-B67A-963B5343D778}.Debug|Mixed Platforms.Build.0 = Debug|Win32
		{2DAC1A31-EF28-499A-B67A-963B5343D778}.Debug|Win32.ActiveCfg = Debug|Win32
		{2DAC1A31-EF28-499A-B67A-963B5343D778}.Debug|Win32.Build.0 = Debug|Win32
		{2DAC1A31-EF28-499A-B67A-963B5343D778}.Debug|x64.ActiveCfg = Debug|Win32
		{2DAC1A31-EF28-499A-B67A-963B5343D778}.Debug|x86.ActiveCfg = Debug|Win32
		{2DAC1A31-EF28-499A-B67A-963B5343D778}.Debug|x86.Build.0 = Debug|Win32
		{2DAC1A31-EF28-499A-B67A-963B5343D778}.Release|Any CPU.ActiveCfg = Release|Win32
		{2DAC1A31-EF28-499A-B67A-963B5343D778}.Release|Mixed Platforms.ActiveCfg = Release|Win32
		{2DAC1A31-EF28-499A-B67A-963B5343D778}.Release|Mixed Platforms.Build.0 = Release|Win32
		{2DAC1A31-EF28-499A-B67A-963B5343D778}.Release|Win32.ActiveCfg = Release|Win32
		{2DAC1A31-EF28-499A-B67A-963B5343D778}.Release|Win32.Build.0 = Release|Win32
		{2DAC1A31-EF28-499A-B67A-963B5343D778}.Release|x64.ActiveCfg = Release|Win32
		{2DAC1A31-EF28-499A-B67A-963B5343D778}.Release|x86.ActiveCfg = Release|Win32
		{2DAC1A31-EF28-499A-B67A-963B5343D778}.Release|x86.Build.0 = Release|Win32
		{87C6E1E9-D714-498A-BFF6-883645A0630A}.Debug|Any CPU.ActiveCfg = Debug|x86
		{87C6E1E9-D714-498A-BFF6-883645A0630A}.Debug|Mixed Platforms.ActiveCfg = Debug|x86
		{87C6E1E9-D714-498A-BFF6-883645A0630A}.Debug|Mixed Platforms.Build.0 = Debug|x86
		{87C6E1E9-D714-498A-BFF6-883645A0630A}.Debug|Win32.ActiveCfg = Debug|x86
		{87C6E1E9-D714-498A-BFF6-883645A0630A}.Debug|Win32.Build.0 = Debug|x86
		{87C6E1E9-D714-498A-BFF6-883645A0630A}.Debug|x64.ActiveCfg = Debug|x86
		{87C6E1E9-D714-498A-BFF6-883645A0630A}.Debug|x86.ActiveCfg = Debug|x86
		{87C6E1E9-D714-498A-BFF6-883645A0630A}.Debug|x86.Build.0 = Debug|x86
		{87C6E1E9-D714-498A-BFF6-883645A0630A}.Release|Any CPU.ActiveCfg = Release|x86
		{87C6E1E9-D714-498A-BFF6-883645A0630A}.Release|Mixed Platforms.ActiveCfg = Release|x86
		{87C6E1E9-D714-498A-BFF6-883645A0630A}.Release|Mixed Platforms.Build.0 = Release|x86
		{87C6E1E9-D714-498A-BFF6-883645A0630A}.Release|Win32.ActiveCfg = Release|x86
		{87C6E1E9-D714-498A-BFF6-883645A0630A}.Release|Win32.Build.0 = Release|x86
		{87C6E1E9-D714-498A-BFF6-883645A0630A}.Release|x64.ActiveCfg = Release|x86
		{87C6E1E9-D714-498A-BFF6-883645A0630A}.Release|x86.ActiveCfg = Release|x86
		{87C6E1E9-D714-498A-BFF6-883645A0630A}.Release|x86.Build.0 = Release|x86
		{FF4ADB46-210E-429E-9176-68613F5CBE90}.Debug|Any CPU.ActiveCfg = Debug|Any CPU
		{FF4ADB46-210E-429E-9176-68613F5CBE90}.Debug|Any CPU.Build.0 = Debug|Any CPU
		{FF4ADB46-210E-429E-9176-68613F5CBE90}.Debug|Mixed Platforms.ActiveCfg = Debug|Any CPU
		{FF4ADB46-210E-429E-9176-68613F5CBE90}.Debug|Mixed Platforms.Build.0 = Debug|Any CPU
		{FF4ADB46-210E-429E-9176-68613F5CBE90}.Debug|Win32.ActiveCfg = Debug|Any CPU
		{FF4ADB46-210E-429E-9176-68613F5CBE90}.Debug|Win32.Build.0 = Debug|Any CPU
		{FF4ADB46-210E-429E-9176-68613F5CBE90}.Debug|x64.ActiveCfg = Debug|Any CPU
		{FF4ADB46-210E-429E-9176-68613F5CBE90}.Debug|x64.Build.0 = Debug|Any CPU
		{FF4ADB46-210E-429E-9176-68613F5CBE90}.Debug|x86.ActiveCfg = Debug|Any CPU
		{FF4ADB46-210E-429E-9176-68613F5CBE90}.Debug|x86.Build.0 = Debug|Any CPU
		{FF4ADB46-210E-429E-9176-68613F5CBE90}.Release|Any CPU.ActiveCfg = Release|Any CPU
		{FF4ADB46-210E-429E-9176-68613F5CBE90}.Release|Any CPU.Build.0 = Release|Any CPU
		{FF4ADB46-210E-429E-9176-68613F5CBE90}.Release|Mixed Platforms.ActiveCfg = Release|Any CPU
		{FF4ADB46-210E-429E-9176-68613F5CBE90}.Release|Mixed Platforms.Build.0 = Release|Any CPU
		{FF4ADB46-210E-429E-9176-68613F5CBE90}.Release|Win32.ActiveCfg = Release|Any CPU
		{FF4ADB46-210E-429E-9176-68613F5CBE90}.Release|Win32.Build.0 = Release|Any CPU
		{FF4ADB46-210E-429E-9176-68613F5CBE90}.Release|x64.ActiveCfg = Release|Any CPU
		{FF4ADB46-210E-429E-9176-68613F5CBE90}.Release|x64.Build.0 = Release|Any CPU
		{FF4ADB46-210E-429E-9176-68613F5CBE90}.Release|x86.ActiveCfg = Release|Any CPU
		{FF4ADB46-210E-429E-9176-68613F5CBE90}.Release|x86.Build.0 = Release|Any CPU
		{26C5F25F-B450-4CAF-AD8B-B8D11AE73457}.Debug|Any CPU.ActiveCfg = Debug|Any CPU
		{26C5F25F-B450-4CAF-AD8B-B8D11AE73457}.Debug|Any CPU.Build.0 = Debug|Any CPU
		{26C5F25F-B450-4CAF-AD8B-B8D11AE73457}.Debug|Mixed Platforms.ActiveCfg = Debug|Any CPU
		{26C5F25F-B450-4CAF-AD8B-B8D11AE73457}.Debug|Mixed Platforms.Build.0 = Debug|Any CPU
		{26C5F25F-B450-4CAF-AD8B-B8D11AE73457}.Debug|Win32.ActiveCfg = Debug|Any CPU
		{26C5F25F-B450-4CAF-AD8B-B8D11AE73457}.Debug|Win32.Build.0 = Debug|Any CPU
		{26C5F25F-B450-4CAF-AD8B-B8D11AE73457}.Debug|x64.ActiveCfg = Debug|Any CPU
		{26C5F25F-B450-4CAF-AD8B-B8D11AE73457}.Debug|x64.Build.0 = Debug|Any CPU
		{26C5F25F-B450-4CAF-AD8B-B8D11AE73457}.Debug|x86.ActiveCfg = Debug|Any CPU
		{26C5F25F-B450-4CAF-AD8B-B8D11AE73457}.Debug|x86.Build.0 = Debug|Any CPU
		{26C5F25F-B450-4CAF-AD8B-B8D11AE73457}.Release|Any CPU.ActiveCfg = Release|Any CPU
		{26C5F25F-B450-4CAF-AD8B-B8D11AE73457}.Release|Any CPU.Build.0 = Release|Any CPU
		{26C5F25F-B450-4CAF-AD8B-B8D11AE73457}.Release|Mixed Platforms.ActiveCfg = Release|Any CPU
		{26C5F25F-B450-4CAF-AD8B-B8D11AE73457}.Release|Mixed Platforms.Build.0 = Release|Any CPU
		{26C5F25F-B450-4CAF-AD8B-B8D11AE73457}.Release|Win32.ActiveCfg = Release|Any CPU
		{26C5F25F-B450-4CAF-AD8B-B8D11AE73457}.Release|Win32.Build.0 = Release|Any CPU
		{26C5F25F-B450-4CAF-AD8B-B8D11AE73457}.Release|x64.ActiveCfg = Release|Any CPU
		{26C5F25F-B450-4CAF-AD8B-B8D11AE73457}.Release|x64.Build.0 = Release|Any CPU
		{26C5F25F-B450-4CAF-AD8B-B8D11AE73457}.Release|x86.ActiveCfg = Release|Any CPU
		{26C5F25F-B450-4CAF-AD8B-B8D11AE73457}.Release|x86.Build.0 = Release|Any CPU
		{C75532C4-765B-418E-B09B-46D36B2ABDB1}.Debug|Any CPU.ActiveCfg = Debug|Any CPU
		{C75532C4-765B-418E-B09B-46D36B2ABDB1}.Debug|Any CPU.Build.0 = Debug|Any CPU
		{C75532C4-765B-418E-B09B-46D36B2ABDB1}.Debug|Mixed Platforms.ActiveCfg = Debug|Any CPU
		{C75532C4-765B-418E-B09B-46D36B2ABDB1}.Debug|Mixed Platforms.Build.0 = Debug|Any CPU
		{C75532C4-765B-418E-B09B-46D36B2ABDB1}.Debug|Win32.ActiveCfg = Debug|Any CPU
		{C75532C4-765B-418E-B09B-46D36B2ABDB1}.Debug|Win32.Build.0 = Debug|Any CPU
		{C75532C4-765B-418E-B09B-46D36B2ABDB1}.Debug|x64.ActiveCfg = Debug|Any CPU
		{C75532C4-765B-418E-B09B-46D36B2ABDB1}.Debug|x64.Build.0 = Debug|Any CPU
		{C75532C4-765B-418E-B09B-46D36B2ABDB1}.Debug|x86.ActiveCfg = Debug|Any CPU
		{C75532C4-765B-418E-B09B-46D36B2ABDB1}.Debug|x86.Build.0 = Debug|Any CPU
		{C75532C4-765B-418E-B09B-46D36B2ABDB1}.Release|Any CPU.ActiveCfg = Release|Any CPU
		{C75532C4-765B-418E-B09B-46D36B2ABDB1}.Release|Any CPU.Build.0 = Release|Any CPU
		{C75532C4-765B-418E-B09B-46D36B2ABDB1}.Release|Mixed Platforms.ActiveCfg = Release|Any CPU
		{C75532C4-765B-418E-B09B-46D36B2ABDB1}.Release|Mixed Platforms.Build.0 = Release|Any CPU
		{C75532C4-765B-418E-B09B-46D36B2ABDB1}.Release|Win32.ActiveCfg = Release|Any CPU
		{C75532C4-765B-418E-B09B-46D36B2ABDB1}.Release|Win32.Build.0 = Release|Any CPU
		{C75532C4-765B-418E-B09B-46D36B2ABDB1}.Release|x64.ActiveCfg = Release|Any CPU
		{C75532C4-765B-418E-B09B-46D36B2ABDB1}.Release|x64.Build.0 = Release|Any CPU
		{C75532C4-765B-418E-B09B-46D36B2ABDB1}.Release|x86.ActiveCfg = Release|Any CPU
		{C75532C4-765B-418E-B09B-46D36B2ABDB1}.Release|x86.Build.0 = Release|Any CPU
		{245E07F6-10D5-4CFA-B003-0DEB06B223DA}.Debug|Any CPU.ActiveCfg = Debug|Any CPU
		{245E07F6-10D5-4CFA-B003-0DEB06B223DA}.Debug|Any CPU.Build.0 = Debug|Any CPU
		{245E07F6-10D5-4CFA-B003-0DEB06B223DA}.Debug|Mixed Platforms.ActiveCfg = Debug|Any CPU
		{245E07F6-10D5-4CFA-B003-0DEB06B223DA}.Debug|Mixed Platforms.Build.0 = Debug|Any CPU
		{245E07F6-10D5-4CFA-B003-0DEB06B223DA}.Debug|Win32.ActiveCfg = Debug|Any CPU
		{245E07F6-10D5-4CFA-B003-0DEB06B223DA}.Debug|Win32.Build.0 = Debug|Any CPU
		{245E07F6-10D5-4CFA-B003-0DEB06B223DA}.Debug|x64.ActiveCfg = Debug|Any CPU
		{245E07F6-10D5-4CFA-B003-0DEB06B223DA}.Debug|x64.Build.0 = Debug|Any CPU
		{245E07F6-10D5-4CFA-B003-0DEB06B223DA}.Debug|x86.ActiveCfg = Debug|Any CPU
		{245E07F6-10D5-4CFA-B003-0DEB06B223DA}.Debug|x86.Build.0 = Debug|Any CPU
		{245E07F6-10D5-4CFA-B003-0DEB06B223DA}.Release|Any CPU.ActiveCfg = Release|Any CPU
		{245E07F6-10D5-4CFA-B003-0DEB06B223DA}.Release|Any CPU.Build.0 = Release|Any CPU
		{245E07F6-10D5-4CFA-B003-0DEB06B223DA}.Release|Mixed Platforms.ActiveCfg = Release|Any CPU
		{245E07F6-10D5-4CFA-B003-0DEB06B223DA}.Release|Mixed Platforms.Build.0 = Release|Any CPU
		{245E07F6-10D5-4CFA-B003-0DEB06B223DA}.Release|Win32.ActiveCfg = Release|Any CPU
		{245E07F6-10D5-4CFA-B003-0DEB06B223DA}.Release|Win32.Build.0 = Release|Any CPU
		{245E07F6-10D5-4CFA-B003-0DEB06B223DA}.Release|x64.ActiveCfg = Release|Any CPU
		{245E07F6-10D5-4CFA-B003-0DEB06B223DA}.Release|x64.Build.0 = Release|Any CPU
		{245E07F6-10D5-4CFA-B003-0DEB06B223DA}.Release|x86.ActiveCfg = Release|Any CPU
		{245E07F6-10D5-4CFA-B003-0DEB06B223DA}.Release|x86.Build.0 = Release|Any CPU
	EndGlobalSection
	GlobalSection(SolutionProperties) = preSolution
		HideSolutionNode = FALSE
	EndGlobalSection
EndGlobal
