
Microsoft Visual Studio Solution File, Format Version 12.00
# Blend for Visual Studio 15
VisualStudioVersion = 15.0.26403.7
MinimumVisualStudioVersion = 10.0.40219.1
Project("{8BC9CEB8-8B4A-11D0-8D11-00A0C91BC942}") = "Fasm.NET", "Fasm\Fasm.NET\Fasm.NET.vcxproj", "{2DAC1A31-EF28-499A-B67A-963B5343D778}"
EndProject
Project("{2150E333-8FDC-42A3-9474-1A3956D46DE8}") = "Internals", "Internals", "{54E430C9-0906-45E3-A082-6D0E815D3214}"
EndProject
Project("{FAE04EC0-301F-11D3-BF4B-00C04F79EFBC}") = "Microsoft.Diagnostics.Runtime", "Microsoft.Diagnostics.Runtime\Microsoft.Diagnostics.Runtime.csproj", "{A82126CA-23AA-41F1-8586-A5938D44D0A7}"
EndProject
Project("{FAE04EC0-301F-11D3-BF4B-00C04F79EFBC}") = "SqualrProxy32", "SqualrProxy32\SqualrProxy32.csproj", "{51AC9959-AFEE-4F91-8A19-03CF0528AB62}"
EndProject
Project("{2150E333-8FDC-42A3-9474-1A3956D46DE8}") = "Controls", "Controls", "{132CCC5A-6300-4286-AA15-CFF9144D02D8}"
EndProject
Project("{FAE04EC0-301F-11D3-BF4B-00C04F79EFBC}") = "SqualrProxy64", "SqualrProxy64\SqualrProxy64.csproj", "{65EEC6DF-CCC8-46AB-B9FB-00D5A624FE94}"
EndProject
Project("{FAE04EC0-301F-11D3-BF4B-00C04F79EFBC}") = "SqualrProxy", "SqualrProxy\SqualrProxy.csproj", "{2F739124-DDA6-45CF-AD05-1B94A04643F1}"
EndProject
Project("{2150E333-8FDC-42A3-9474-1A3956D46DE8}") = "Proxy", "Proxy", "{F844473E-66CB-47EB-BFF5-078469D18866}"
EndProject
Project("{FAE04EC0-301F-11D3-BF4B-00C04F79EFBC}") = "Squalr", "Squalr\Squalr.csproj", "{BCC372DD-2823-459D-9594-C16E777AD292}"
EndProject
Project("{FAE04EC0-301F-11D3-BF4B-00C04F79EFBC}") = "WpfToolkit", "WpfToolkit\WpfToolkit.csproj", "{72E591D6-8F83-4D8C-8F67-9C325E623234}"
EndProject
Project("{FAE04EC0-301F-11D3-BF4B-00C04F79EFBC}") = "LiveCharts", "LiveCharts\Core\LiveCharts.csproj", "{D447642C-A85F-4AB0-96D9-C66CFF91AADA}"
EndProject
Project("{FAE04EC0-301F-11D3-BF4B-00C04F79EFBC}") = "WpfCharts", "LiveCharts\WpfView\WpfCharts.csproj", "{4D253423-AE05-47F6-A59D-9162EC0BB1F2}"
EndProject
Project("{2150E333-8FDC-42A3-9474-1A3956D46DE8}") = "Charts", "Charts", "{3DB28A81-095F-4933-8188-4D6CA93EABE9}"
EndProject
Project("{FAE04EC0-301F-11D3-BF4B-00C04F79EFBC}") = "SqualrTests", "SqualrTests\SqualrTests.csproj", "{38366488-8632-48E5-9519-AF2E1F0808B9}"
EndProject
Project("{FAE04EC0-301F-11D3-BF4B-00C04F79EFBC}") = "Xceed.Wpf.AvalonDock", "Xceed.Wpf.AvalonDock\Xceed.Wpf.AvalonDock.csproj", "{60D1D960-8AAE-4F87-8D85-0C2BDD6254B1}"
EndProject
Project("{FAE04EC0-301F-11D3-BF4B-00C04F79EFBC}") = "Deploy", "Deploy\Deploy.csproj", "{8B2579C2-FAA1-4CC7-A48E-2B6D4901C503}"
EndProject
Project("{2150E333-8FDC-42A3-9474-1A3956D46DE8}") = "Squalr", "Squalr", "{B9D21C46-8963-4377-AEAD-A891F3D618A9}"
EndProject
Project("{2150E333-8FDC-42A3-9474-1A3956D46DE8}") = "Hook", "Hook", "{2652D5B8-A3F7-4CC4-8CC8-E374567FB28E}"
EndProject
Project("{FAE04EC0-301F-11D3-BF4B-00C04F79EFBC}") = "SqualrHookServer", "SqualrHook\SqualrHookServer.csproj", "{78C9C399-D9AD-426A-8164-F872745AAE3C}"
EndProject
Project("{FAE04EC0-301F-11D3-BF4B-00C04F79EFBC}") = "SqualrHookClient", "SqualrHookClient\SqualrHookClient.csproj", "{E9576568-5640-4883-AA5D-0BB2F6853E18}"
EndProject
Project("{FAE04EC0-301F-11D3-BF4B-00C04F79EFBC}") = "SqualrStream", "SqualrStream\SqualrStream.csproj", "{E46EFBA0-17F7-4565-8629-D3BF41C4BED7}"
EndProject
Project("{FAE04EC0-301F-11D3-BF4B-00C04F79EFBC}") = "SqualrCore", "SqualrCore\SqualrCore.csproj", "{78010AA2-1ECC-4CF6-87D0-C27578E79698}"
EndProject
Project("{FAE04EC0-301F-11D3-BF4B-00C04F79EFBC}") = "StyleCopExtensions", "StyleCopExtensions\StyleCopExtensions.csproj", "{5D0E3EBA-C09C-4B19-9E35-D2515F004FB5}"
EndProject
Global
	GlobalSection(SolutionConfigurationPlatforms) = preSolution
		Debug|Any CPU = Debug|Any CPU
		Debug|Mixed Platforms = Debug|Mixed Platforms
		Debug|x64 = Debug|x64
		Debug|x86 = Debug|x86
		Release|Any CPU = Release|Any CPU
		Release|Mixed Platforms = Release|Mixed Platforms
		Release|x64 = Release|x64
		Release|x86 = Release|x86
	EndGlobalSection
	GlobalSection(ProjectConfigurationPlatforms) = postSolution
		{2DAC1A31-EF28-499A-B67A-963B5343D778}.Debug|Any CPU.ActiveCfg = Debug|Win32
		{2DAC1A31-EF28-499A-B67A-963B5343D778}.Debug|Any CPU.Build.0 = Debug|Win32
		{2DAC1A31-EF28-499A-B67A-963B5343D778}.Debug|Mixed Platforms.ActiveCfg = Debug|Win32
		{2DAC1A31-EF28-499A-B67A-963B5343D778}.Debug|Mixed Platforms.Build.0 = Debug|Win32
		{2DAC1A31-EF28-499A-B67A-963B5343D778}.Debug|x64.ActiveCfg = Debug|Win32
		{2DAC1A31-EF28-499A-B67A-963B5343D778}.Debug|x64.Build.0 = Debug|Win32
		{2DAC1A31-EF28-499A-B67A-963B5343D778}.Debug|x86.ActiveCfg = Debug|Win32
		{2DAC1A31-EF28-499A-B67A-963B5343D778}.Debug|x86.Build.0 = Debug|Win32
		{2DAC1A31-EF28-499A-B67A-963B5343D778}.Release|Any CPU.ActiveCfg = Release|Win32
		{2DAC1A31-EF28-499A-B67A-963B5343D778}.Release|Any CPU.Build.0 = Release|Win32
		{2DAC1A31-EF28-499A-B67A-963B5343D778}.Release|Mixed Platforms.ActiveCfg = Release|Win32
		{2DAC1A31-EF28-499A-B67A-963B5343D778}.Release|Mixed Platforms.Build.0 = Release|Win32
		{2DAC1A31-EF28-499A-B67A-963B5343D778}.Release|x64.ActiveCfg = Release|Win32
		{2DAC1A31-EF28-499A-B67A-963B5343D778}.Release|x64.Build.0 = Release|Win32
		{2DAC1A31-EF28-499A-B67A-963B5343D778}.Release|x86.ActiveCfg = Release|Win32
		{2DAC1A31-EF28-499A-B67A-963B5343D778}.Release|x86.Build.0 = Release|Win32
		{A82126CA-23AA-41F1-8586-A5938D44D0A7}.Debug|Any CPU.ActiveCfg = Debug|Any CPU
		{A82126CA-23AA-41F1-8586-A5938D44D0A7}.Debug|Any CPU.Build.0 = Debug|Any CPU
		{A82126CA-23AA-41F1-8586-A5938D44D0A7}.Debug|Mixed Platforms.ActiveCfg = Debug|x86
		{A82126CA-23AA-41F1-8586-A5938D44D0A7}.Debug|Mixed Platforms.Build.0 = Debug|x86
		{A82126CA-23AA-41F1-8586-A5938D44D0A7}.Debug|x64.ActiveCfg = Debug|x64
		{A82126CA-23AA-41F1-8586-A5938D44D0A7}.Debug|x64.Build.0 = Debug|x64
		{A82126CA-23AA-41F1-8586-A5938D44D0A7}.Debug|x86.ActiveCfg = Debug|x86
		{A82126CA-23AA-41F1-8586-A5938D44D0A7}.Debug|x86.Build.0 = Debug|x86
		{A82126CA-23AA-41F1-8586-A5938D44D0A7}.Release|Any CPU.ActiveCfg = Release|Any CPU
		{A82126CA-23AA-41F1-8586-A5938D44D0A7}.Release|Any CPU.Build.0 = Release|Any CPU
		{A82126CA-23AA-41F1-8586-A5938D44D0A7}.Release|Mixed Platforms.ActiveCfg = Release|x86
		{A82126CA-23AA-41F1-8586-A5938D44D0A7}.Release|Mixed Platforms.Build.0 = Release|x86
		{A82126CA-23AA-41F1-8586-A5938D44D0A7}.Release|x64.ActiveCfg = Release|x64
		{A82126CA-23AA-41F1-8586-A5938D44D0A7}.Release|x64.Build.0 = Release|x64
		{A82126CA-23AA-41F1-8586-A5938D44D0A7}.Release|x86.ActiveCfg = Release|x86
		{A82126CA-23AA-41F1-8586-A5938D44D0A7}.Release|x86.Build.0 = Release|x86
		{51AC9959-AFEE-4F91-8A19-03CF0528AB62}.Debug|Any CPU.ActiveCfg = Debug|x86
		{51AC9959-AFEE-4F91-8A19-03CF0528AB62}.Debug|Any CPU.Build.0 = Debug|x86
		{51AC9959-AFEE-4F91-8A19-03CF0528AB62}.Debug|Mixed Platforms.ActiveCfg = Debug|x86
		{51AC9959-AFEE-4F91-8A19-03CF0528AB62}.Debug|Mixed Platforms.Build.0 = Debug|x86
		{51AC9959-AFEE-4F91-8A19-03CF0528AB62}.Debug|x64.ActiveCfg = Debug|x86
		{51AC9959-AFEE-4F91-8A19-03CF0528AB62}.Debug|x64.Build.0 = Debug|x86
		{51AC9959-AFEE-4F91-8A19-03CF0528AB62}.Debug|x86.ActiveCfg = Debug|x86
		{51AC9959-AFEE-4F91-8A19-03CF0528AB62}.Debug|x86.Build.0 = Debug|x86
		{51AC9959-AFEE-4F91-8A19-03CF0528AB62}.Release|Any CPU.ActiveCfg = Release|x86
		{51AC9959-AFEE-4F91-8A19-03CF0528AB62}.Release|Any CPU.Build.0 = Release|x86
		{51AC9959-AFEE-4F91-8A19-03CF0528AB62}.Release|Mixed Platforms.ActiveCfg = Release|x86
		{51AC9959-AFEE-4F91-8A19-03CF0528AB62}.Release|Mixed Platforms.Build.0 = Release|x86
		{51AC9959-AFEE-4F91-8A19-03CF0528AB62}.Release|x64.ActiveCfg = Release|x86
		{51AC9959-AFEE-4F91-8A19-03CF0528AB62}.Release|x64.Build.0 = Release|x86
		{51AC9959-AFEE-4F91-8A19-03CF0528AB62}.Release|x86.ActiveCfg = Release|x86
		{51AC9959-AFEE-4F91-8A19-03CF0528AB62}.Release|x86.Build.0 = Release|x86
		{65EEC6DF-CCC8-46AB-B9FB-00D5A624FE94}.Debug|Any CPU.ActiveCfg = Debug|x64
		{65EEC6DF-CCC8-46AB-B9FB-00D5A624FE94}.Debug|Any CPU.Build.0 = Debug|x64
		{65EEC6DF-CCC8-46AB-B9FB-00D5A624FE94}.Debug|Mixed Platforms.ActiveCfg = Debug|x86
		{65EEC6DF-CCC8-46AB-B9FB-00D5A624FE94}.Debug|Mixed Platforms.Build.0 = Debug|x86
		{65EEC6DF-CCC8-46AB-B9FB-00D5A624FE94}.Debug|x64.ActiveCfg = Debug|x64
		{65EEC6DF-CCC8-46AB-B9FB-00D5A624FE94}.Debug|x64.Build.0 = Debug|x64
		{65EEC6DF-CCC8-46AB-B9FB-00D5A624FE94}.Debug|x86.ActiveCfg = Debug|x64
		{65EEC6DF-CCC8-46AB-B9FB-00D5A624FE94}.Debug|x86.Build.0 = Debug|x64
		{65EEC6DF-CCC8-46AB-B9FB-00D5A624FE94}.Release|Any CPU.ActiveCfg = Release|x64
		{65EEC6DF-CCC8-46AB-B9FB-00D5A624FE94}.Release|Any CPU.Build.0 = Release|x64
		{65EEC6DF-CCC8-46AB-B9FB-00D5A624FE94}.Release|Mixed Platforms.ActiveCfg = Release|x86
		{65EEC6DF-CCC8-46AB-B9FB-00D5A624FE94}.Release|Mixed Platforms.Build.0 = Release|x86
		{65EEC6DF-CCC8-46AB-B9FB-00D5A624FE94}.Release|x64.ActiveCfg = Release|Any CPU
		{65EEC6DF-CCC8-46AB-B9FB-00D5A624FE94}.Release|x64.Build.0 = Release|Any CPU
		{65EEC6DF-CCC8-46AB-B9FB-00D5A624FE94}.Release|x86.ActiveCfg = Release|Any CPU
		{65EEC6DF-CCC8-46AB-B9FB-00D5A624FE94}.Release|x86.Build.0 = Release|Any CPU
		{2F739124-DDA6-45CF-AD05-1B94A04643F1}.Debug|Any CPU.ActiveCfg = Debug|Any CPU
		{2F739124-DDA6-45CF-AD05-1B94A04643F1}.Debug|Any CPU.Build.0 = Debug|Any CPU
		{2F739124-DDA6-45CF-AD05-1B94A04643F1}.Debug|Mixed Platforms.ActiveCfg = Debug|x86
		{2F739124-DDA6-45CF-AD05-1B94A04643F1}.Debug|Mixed Platforms.Build.0 = Debug|x86
		{2F739124-DDA6-45CF-AD05-1B94A04643F1}.Debug|x64.ActiveCfg = Debug|Any CPU
		{2F739124-DDA6-45CF-AD05-1B94A04643F1}.Debug|x64.Build.0 = Debug|Any CPU
		{2F739124-DDA6-45CF-AD05-1B94A04643F1}.Debug|x86.ActiveCfg = Debug|x86
		{2F739124-DDA6-45CF-AD05-1B94A04643F1}.Debug|x86.Build.0 = Debug|x86
		{2F739124-DDA6-45CF-AD05-1B94A04643F1}.Release|Any CPU.ActiveCfg = Release|Any CPU
		{2F739124-DDA6-45CF-AD05-1B94A04643F1}.Release|Any CPU.Build.0 = Release|Any CPU
		{2F739124-DDA6-45CF-AD05-1B94A04643F1}.Release|Mixed Platforms.ActiveCfg = Release|x86
		{2F739124-DDA6-45CF-AD05-1B94A04643F1}.Release|Mixed Platforms.Build.0 = Release|x86
		{2F739124-DDA6-45CF-AD05-1B94A04643F1}.Release|x64.ActiveCfg = Release|Any CPU
		{2F739124-DDA6-45CF-AD05-1B94A04643F1}.Release|x64.Build.0 = Release|Any CPU
		{2F739124-DDA6-45CF-AD05-1B94A04643F1}.Release|x86.ActiveCfg = Release|Any CPU
		{2F739124-DDA6-45CF-AD05-1B94A04643F1}.Release|x86.Build.0 = Release|Any CPU
		{BCC372DD-2823-459D-9594-C16E777AD292}.Debug|Any CPU.ActiveCfg = Debug|Any CPU
		{BCC372DD-2823-459D-9594-C16E777AD292}.Debug|Any CPU.Build.0 = Debug|Any CPU
		{BCC372DD-2823-459D-9594-C16E777AD292}.Debug|Mixed Platforms.ActiveCfg = Debug|x86
		{BCC372DD-2823-459D-9594-C16E777AD292}.Debug|Mixed Platforms.Build.0 = Debug|x86
		{BCC372DD-2823-459D-9594-C16E777AD292}.Debug|x64.ActiveCfg = Debug|x64
		{BCC372DD-2823-459D-9594-C16E777AD292}.Debug|x64.Build.0 = Debug|x64
		{BCC372DD-2823-459D-9594-C16E777AD292}.Debug|x86.ActiveCfg = Debug|x86
		{BCC372DD-2823-459D-9594-C16E777AD292}.Debug|x86.Build.0 = Debug|x86
		{BCC372DD-2823-459D-9594-C16E777AD292}.Release|Any CPU.ActiveCfg = Release|Any CPU
		{BCC372DD-2823-459D-9594-C16E777AD292}.Release|Any CPU.Build.0 = Release|Any CPU
		{BCC372DD-2823-459D-9594-C16E777AD292}.Release|Mixed Platforms.ActiveCfg = Release|x86
		{BCC372DD-2823-459D-9594-C16E777AD292}.Release|Mixed Platforms.Build.0 = Release|x86
		{BCC372DD-2823-459D-9594-C16E777AD292}.Release|x64.ActiveCfg = Release|Any CPU
		{BCC372DD-2823-459D-9594-C16E777AD292}.Release|x64.Build.0 = Release|Any CPU
		{BCC372DD-2823-459D-9594-C16E777AD292}.Release|x86.ActiveCfg = Release|Any CPU
		{BCC372DD-2823-459D-9594-C16E777AD292}.Release|x86.Build.0 = Release|Any CPU
		{72E591D6-8F83-4D8C-8F67-9C325E623234}.Debug|Any CPU.ActiveCfg = Debug|Any CPU
		{72E591D6-8F83-4D8C-8F67-9C325E623234}.Debug|Any CPU.Build.0 = Debug|Any CPU
		{72E591D6-8F83-4D8C-8F67-9C325E623234}.Debug|Mixed Platforms.ActiveCfg = Debug|x86
		{72E591D6-8F83-4D8C-8F67-9C325E623234}.Debug|Mixed Platforms.Build.0 = Debug|x86
		{72E591D6-8F83-4D8C-8F67-9C325E623234}.Debug|x64.ActiveCfg = Debug|x64
		{72E591D6-8F83-4D8C-8F67-9C325E623234}.Debug|x64.Build.0 = Debug|x64
		{72E591D6-8F83-4D8C-8F67-9C325E623234}.Debug|x86.ActiveCfg = Debug|x86
		{72E591D6-8F83-4D8C-8F67-9C325E623234}.Debug|x86.Build.0 = Debug|x86
		{72E591D6-8F83-4D8C-8F67-9C325E623234}.Release|Any CPU.ActiveCfg = Release|Any CPU
		{72E591D6-8F83-4D8C-8F67-9C325E623234}.Release|Any CPU.Build.0 = Release|Any CPU
		{72E591D6-8F83-4D8C-8F67-9C325E623234}.Release|Mixed Platforms.ActiveCfg = Release|x86
		{72E591D6-8F83-4D8C-8F67-9C325E623234}.Release|Mixed Platforms.Build.0 = Release|x86
		{72E591D6-8F83-4D8C-8F67-9C325E623234}.Release|x64.ActiveCfg = Release|Any CPU
		{72E591D6-8F83-4D8C-8F67-9C325E623234}.Release|x64.Build.0 = Release|Any CPU
		{72E591D6-8F83-4D8C-8F67-9C325E623234}.Release|x86.ActiveCfg = Release|Any CPU
		{72E591D6-8F83-4D8C-8F67-9C325E623234}.Release|x86.Build.0 = Release|Any CPU
		{D447642C-A85F-4AB0-96D9-C66CFF91AADA}.Debug|Any CPU.ActiveCfg = Debug|Any CPU
		{D447642C-A85F-4AB0-96D9-C66CFF91AADA}.Debug|Any CPU.Build.0 = Debug|Any CPU
		{D447642C-A85F-4AB0-96D9-C66CFF91AADA}.Debug|Mixed Platforms.ActiveCfg = Debug|x86
		{D447642C-A85F-4AB0-96D9-C66CFF91AADA}.Debug|Mixed Platforms.Build.0 = Debug|x86
		{D447642C-A85F-4AB0-96D9-C66CFF91AADA}.Debug|x64.ActiveCfg = Debug|x64
		{D447642C-A85F-4AB0-96D9-C66CFF91AADA}.Debug|x64.Build.0 = Debug|x64
		{D447642C-A85F-4AB0-96D9-C66CFF91AADA}.Debug|x86.ActiveCfg = Debug|x86
		{D447642C-A85F-4AB0-96D9-C66CFF91AADA}.Debug|x86.Build.0 = Debug|x86
		{D447642C-A85F-4AB0-96D9-C66CFF91AADA}.Release|Any CPU.ActiveCfg = Release|Any CPU
		{D447642C-A85F-4AB0-96D9-C66CFF91AADA}.Release|Any CPU.Build.0 = Release|Any CPU
		{D447642C-A85F-4AB0-96D9-C66CFF91AADA}.Release|Mixed Platforms.ActiveCfg = Release|x86
		{D447642C-A85F-4AB0-96D9-C66CFF91AADA}.Release|Mixed Platforms.Build.0 = Release|x86
		{D447642C-A85F-4AB0-96D9-C66CFF91AADA}.Release|x64.ActiveCfg = Release|Any CPU
		{D447642C-A85F-4AB0-96D9-C66CFF91AADA}.Release|x64.Build.0 = Release|Any CPU
		{D447642C-A85F-4AB0-96D9-C66CFF91AADA}.Release|x86.ActiveCfg = Release|Any CPU
		{D447642C-A85F-4AB0-96D9-C66CFF91AADA}.Release|x86.Build.0 = Release|Any CPU
		{4D253423-AE05-47F6-A59D-9162EC0BB1F2}.Debug|Any CPU.ActiveCfg = Debug|Any CPU
		{4D253423-AE05-47F6-A59D-9162EC0BB1F2}.Debug|Any CPU.Build.0 = Debug|Any CPU
		{4D253423-AE05-47F6-A59D-9162EC0BB1F2}.Debug|Mixed Platforms.ActiveCfg = Debug|x86
		{4D253423-AE05-47F6-A59D-9162EC0BB1F2}.Debug|Mixed Platforms.Build.0 = Debug|x86
		{4D253423-AE05-47F6-A59D-9162EC0BB1F2}.Debug|x64.ActiveCfg = Debug|x64
		{4D253423-AE05-47F6-A59D-9162EC0BB1F2}.Debug|x64.Build.0 = Debug|x64
		{4D253423-AE05-47F6-A59D-9162EC0BB1F2}.Debug|x86.ActiveCfg = Debug|x86
		{4D253423-AE05-47F6-A59D-9162EC0BB1F2}.Debug|x86.Build.0 = Debug|x86
		{4D253423-AE05-47F6-A59D-9162EC0BB1F2}.Release|Any CPU.ActiveCfg = Release|Any CPU
		{4D253423-AE05-47F6-A59D-9162EC0BB1F2}.Release|Any CPU.Build.0 = Release|Any CPU
		{4D253423-AE05-47F6-A59D-9162EC0BB1F2}.Release|Mixed Platforms.ActiveCfg = Release|x86
		{4D253423-AE05-47F6-A59D-9162EC0BB1F2}.Release|Mixed Platforms.Build.0 = Release|x86
		{4D253423-AE05-47F6-A59D-9162EC0BB1F2}.Release|x64.ActiveCfg = Release|Any CPU
		{4D253423-AE05-47F6-A59D-9162EC0BB1F2}.Release|x64.Build.0 = Release|Any CPU
		{4D253423-AE05-47F6-A59D-9162EC0BB1F2}.Release|x86.ActiveCfg = Release|Any CPU
		{4D253423-AE05-47F6-A59D-9162EC0BB1F2}.Release|x86.Build.0 = Release|Any CPU
		{38366488-8632-48E5-9519-AF2E1F0808B9}.Debug|Any CPU.ActiveCfg = Debug|Any CPU
		{38366488-8632-48E5-9519-AF2E1F0808B9}.Debug|Any CPU.Build.0 = Debug|Any CPU
		{38366488-8632-48E5-9519-AF2E1F0808B9}.Debug|Mixed Platforms.ActiveCfg = Debug|Any CPU
		{38366488-8632-48E5-9519-AF2E1F0808B9}.Debug|Mixed Platforms.Build.0 = Debug|Any CPU
		{38366488-8632-48E5-9519-AF2E1F0808B9}.Debug|x64.ActiveCfg = Debug|Any CPU
		{38366488-8632-48E5-9519-AF2E1F0808B9}.Debug|x64.Build.0 = Debug|Any CPU
		{38366488-8632-48E5-9519-AF2E1F0808B9}.Debug|x86.ActiveCfg = Debug|Any CPU
		{38366488-8632-48E5-9519-AF2E1F0808B9}.Debug|x86.Build.0 = Debug|Any CPU
		{38366488-8632-48E5-9519-AF2E1F0808B9}.Release|Any CPU.ActiveCfg = Release|Any CPU
		{38366488-8632-48E5-9519-AF2E1F0808B9}.Release|Any CPU.Build.0 = Release|Any CPU
		{38366488-8632-48E5-9519-AF2E1F0808B9}.Release|Mixed Platforms.ActiveCfg = Release|Any CPU
		{38366488-8632-48E5-9519-AF2E1F0808B9}.Release|Mixed Platforms.Build.0 = Release|Any CPU
		{38366488-8632-48E5-9519-AF2E1F0808B9}.Release|x64.ActiveCfg = Release|Any CPU
		{38366488-8632-48E5-9519-AF2E1F0808B9}.Release|x64.Build.0 = Release|Any CPU
		{38366488-8632-48E5-9519-AF2E1F0808B9}.Release|x86.ActiveCfg = Release|Any CPU
		{38366488-8632-48E5-9519-AF2E1F0808B9}.Release|x86.Build.0 = Release|Any CPU
		{60D1D960-8AAE-4F87-8D85-0C2BDD6254B1}.Debug|Any CPU.ActiveCfg = Debug|Any CPU
		{60D1D960-8AAE-4F87-8D85-0C2BDD6254B1}.Debug|Any CPU.Build.0 = Debug|Any CPU
		{60D1D960-8AAE-4F87-8D85-0C2BDD6254B1}.Debug|Mixed Platforms.ActiveCfg = Debug|Any CPU
		{60D1D960-8AAE-4F87-8D85-0C2BDD6254B1}.Debug|Mixed Platforms.Build.0 = Debug|Any CPU
		{60D1D960-8AAE-4F87-8D85-0C2BDD6254B1}.Debug|x64.ActiveCfg = Debug|Any CPU
		{60D1D960-8AAE-4F87-8D85-0C2BDD6254B1}.Debug|x64.Build.0 = Debug|Any CPU
		{60D1D960-8AAE-4F87-8D85-0C2BDD6254B1}.Debug|x86.ActiveCfg = Debug|Any CPU
		{60D1D960-8AAE-4F87-8D85-0C2BDD6254B1}.Debug|x86.Build.0 = Debug|Any CPU
		{60D1D960-8AAE-4F87-8D85-0C2BDD6254B1}.Release|Any CPU.ActiveCfg = Release|Any CPU
		{60D1D960-8AAE-4F87-8D85-0C2BDD6254B1}.Release|Any CPU.Build.0 = Release|Any CPU
		{60D1D960-8AAE-4F87-8D85-0C2BDD6254B1}.Release|Mixed Platforms.ActiveCfg = Release|Any CPU
		{60D1D960-8AAE-4F87-8D85-0C2BDD6254B1}.Release|Mixed Platforms.Build.0 = Release|Any CPU
		{60D1D960-8AAE-4F87-8D85-0C2BDD6254B1}.Release|x64.ActiveCfg = Release|Any CPU
		{60D1D960-8AAE-4F87-8D85-0C2BDD6254B1}.Release|x64.Build.0 = Release|Any CPU
		{60D1D960-8AAE-4F87-8D85-0C2BDD6254B1}.Release|x86.ActiveCfg = Release|Any CPU
		{60D1D960-8AAE-4F87-8D85-0C2BDD6254B1}.Release|x86.Build.0 = Release|Any CPU
		{8B2579C2-FAA1-4CC7-A48E-2B6D4901C503}.Debug|Any CPU.ActiveCfg = Debug|Any CPU
		{8B2579C2-FAA1-4CC7-A48E-2B6D4901C503}.Debug|Any CPU.Build.0 = Debug|Any CPU
		{8B2579C2-FAA1-4CC7-A48E-2B6D4901C503}.Debug|Mixed Platforms.ActiveCfg = Debug|Any CPU
		{8B2579C2-FAA1-4CC7-A48E-2B6D4901C503}.Debug|Mixed Platforms.Build.0 = Debug|Any CPU
		{8B2579C2-FAA1-4CC7-A48E-2B6D4901C503}.Debug|x64.ActiveCfg = Debug|Any CPU
		{8B2579C2-FAA1-4CC7-A48E-2B6D4901C503}.Debug|x64.Build.0 = Debug|Any CPU
		{8B2579C2-FAA1-4CC7-A48E-2B6D4901C503}.Debug|x86.ActiveCfg = Debug|Any CPU
		{8B2579C2-FAA1-4CC7-A48E-2B6D4901C503}.Debug|x86.Build.0 = Debug|Any CPU
		{8B2579C2-FAA1-4CC7-A48E-2B6D4901C503}.Release|Any CPU.ActiveCfg = Release|Any CPU
		{8B2579C2-FAA1-4CC7-A48E-2B6D4901C503}.Release|Any CPU.Build.0 = Release|Any CPU
		{8B2579C2-FAA1-4CC7-A48E-2B6D4901C503}.Release|Mixed Platforms.ActiveCfg = Release|Any CPU
		{8B2579C2-FAA1-4CC7-A48E-2B6D4901C503}.Release|Mixed Platforms.Build.0 = Release|Any CPU
		{8B2579C2-FAA1-4CC7-A48E-2B6D4901C503}.Release|x64.ActiveCfg = Release|Any CPU
		{8B2579C2-FAA1-4CC7-A48E-2B6D4901C503}.Release|x64.Build.0 = Release|Any CPU
		{8B2579C2-FAA1-4CC7-A48E-2B6D4901C503}.Release|x86.ActiveCfg = Release|Any CPU
		{8B2579C2-FAA1-4CC7-A48E-2B6D4901C503}.Release|x86.Build.0 = Release|Any CPU
		{78C9C399-D9AD-426A-8164-F872745AAE3C}.Debug|Any CPU.ActiveCfg = Debug|Any CPU
		{78C9C399-D9AD-426A-8164-F872745AAE3C}.Debug|Any CPU.Build.0 = Debug|Any CPU
		{78C9C399-D9AD-426A-8164-F872745AAE3C}.Debug|Mixed Platforms.ActiveCfg = Debug|Any CPU
		{78C9C399-D9AD-426A-8164-F872745AAE3C}.Debug|Mixed Platforms.Build.0 = Debug|Any CPU
		{78C9C399-D9AD-426A-8164-F872745AAE3C}.Debug|x64.ActiveCfg = Debug|Any CPU
		{78C9C399-D9AD-426A-8164-F872745AAE3C}.Debug|x64.Build.0 = Debug|Any CPU
		{78C9C399-D9AD-426A-8164-F872745AAE3C}.Debug|x86.ActiveCfg = Debug|Any CPU
		{78C9C399-D9AD-426A-8164-F872745AAE3C}.Debug|x86.Build.0 = Debug|Any CPU
		{78C9C399-D9AD-426A-8164-F872745AAE3C}.Release|Any CPU.ActiveCfg = Release|Any CPU
		{78C9C399-D9AD-426A-8164-F872745AAE3C}.Release|Any CPU.Build.0 = Release|Any CPU
		{78C9C399-D9AD-426A-8164-F872745AAE3C}.Release|Mixed Platforms.ActiveCfg = Release|Any CPU
		{78C9C399-D9AD-426A-8164-F872745AAE3C}.Release|Mixed Platforms.Build.0 = Release|Any CPU
		{78C9C399-D9AD-426A-8164-F872745AAE3C}.Release|x64.ActiveCfg = Release|Any CPU
		{78C9C399-D9AD-426A-8164-F872745AAE3C}.Release|x64.Build.0 = Release|Any CPU
		{78C9C399-D9AD-426A-8164-F872745AAE3C}.Release|x86.ActiveCfg = Release|Any CPU
		{78C9C399-D9AD-426A-8164-F872745AAE3C}.Release|x86.Build.0 = Release|Any CPU
		{E9576568-5640-4883-AA5D-0BB2F6853E18}.Debug|Any CPU.ActiveCfg = Debug|Any CPU
		{E9576568-5640-4883-AA5D-0BB2F6853E18}.Debug|Any CPU.Build.0 = Debug|Any CPU
		{E9576568-5640-4883-AA5D-0BB2F6853E18}.Debug|Mixed Platforms.ActiveCfg = Debug|Any CPU
		{E9576568-5640-4883-AA5D-0BB2F6853E18}.Debug|Mixed Platforms.Build.0 = Debug|Any CPU
		{E9576568-5640-4883-AA5D-0BB2F6853E18}.Debug|x64.ActiveCfg = Debug|Any CPU
		{E9576568-5640-4883-AA5D-0BB2F6853E18}.Debug|x64.Build.0 = Debug|Any CPU
		{E9576568-5640-4883-AA5D-0BB2F6853E18}.Debug|x86.ActiveCfg = Debug|Any CPU
		{E9576568-5640-4883-AA5D-0BB2F6853E18}.Debug|x86.Build.0 = Debug|Any CPU
		{E9576568-5640-4883-AA5D-0BB2F6853E18}.Release|Any CPU.ActiveCfg = Release|Any CPU
		{E9576568-5640-4883-AA5D-0BB2F6853E18}.Release|Any CPU.Build.0 = Release|Any CPU
		{E9576568-5640-4883-AA5D-0BB2F6853E18}.Release|Mixed Platforms.ActiveCfg = Release|Any CPU
		{E9576568-5640-4883-AA5D-0BB2F6853E18}.Release|Mixed Platforms.Build.0 = Release|Any CPU
		{E9576568-5640-4883-AA5D-0BB2F6853E18}.Release|x64.ActiveCfg = Release|Any CPU
		{E9576568-5640-4883-AA5D-0BB2F6853E18}.Release|x64.Build.0 = Release|Any CPU
		{E9576568-5640-4883-AA5D-0BB2F6853E18}.Release|x86.ActiveCfg = Release|Any CPU
		{E9576568-5640-4883-AA5D-0BB2F6853E18}.Release|x86.Build.0 = Release|Any CPU
		{E46EFBA0-17F7-4565-8629-D3BF41C4BED7}.Debug|Any CPU.ActiveCfg = Debug|Any CPU
		{E46EFBA0-17F7-4565-8629-D3BF41C4BED7}.Debug|Any CPU.Build.0 = Debug|Any CPU
		{E46EFBA0-17F7-4565-8629-D3BF41C4BED7}.Debug|Mixed Platforms.ActiveCfg = Debug|Any CPU
		{E46EFBA0-17F7-4565-8629-D3BF41C4BED7}.Debug|Mixed Platforms.Build.0 = Debug|Any CPU
		{E46EFBA0-17F7-4565-8629-D3BF41C4BED7}.Debug|x64.ActiveCfg = Debug|Any CPU
		{E46EFBA0-17F7-4565-8629-D3BF41C4BED7}.Debug|x64.Build.0 = Debug|Any CPU
		{E46EFBA0-17F7-4565-8629-D3BF41C4BED7}.Debug|x86.ActiveCfg = Debug|Any CPU
		{E46EFBA0-17F7-4565-8629-D3BF41C4BED7}.Debug|x86.Build.0 = Debug|Any CPU
		{E46EFBA0-17F7-4565-8629-D3BF41C4BED7}.Release|Any CPU.ActiveCfg = Release|Any CPU
		{E46EFBA0-17F7-4565-8629-D3BF41C4BED7}.Release|Any CPU.Build.0 = Release|Any CPU
		{E46EFBA0-17F7-4565-8629-D3BF41C4BED7}.Release|Mixed Platforms.ActiveCfg = Release|Any CPU
		{E46EFBA0-17F7-4565-8629-D3BF41C4BED7}.Release|Mixed Platforms.Build.0 = Release|Any CPU
		{E46EFBA0-17F7-4565-8629-D3BF41C4BED7}.Release|x64.ActiveCfg = Release|Any CPU
		{E46EFBA0-17F7-4565-8629-D3BF41C4BED7}.Release|x64.Build.0 = Release|Any CPU
		{E46EFBA0-17F7-4565-8629-D3BF41C4BED7}.Release|x86.ActiveCfg = Release|Any CPU
		{E46EFBA0-17F7-4565-8629-D3BF41C4BED7}.Release|x86.Build.0 = Release|Any CPU
		{78010AA2-1ECC-4CF6-87D0-C27578E79698}.Debug|Any CPU.ActiveCfg = Debug|Any CPU
		{78010AA2-1ECC-4CF6-87D0-C27578E79698}.Debug|Any CPU.Build.0 = Debug|Any CPU
		{78010AA2-1ECC-4CF6-87D0-C27578E79698}.Debug|Mixed Platforms.ActiveCfg = Debug|Any CPU
		{78010AA2-1ECC-4CF6-87D0-C27578E79698}.Debug|Mixed Platforms.Build.0 = Debug|Any CPU
		{78010AA2-1ECC-4CF6-87D0-C27578E79698}.Debug|x64.ActiveCfg = Debug|Any CPU
		{78010AA2-1ECC-4CF6-87D0-C27578E79698}.Debug|x64.Build.0 = Debug|Any CPU
		{78010AA2-1ECC-4CF6-87D0-C27578E79698}.Debug|x86.ActiveCfg = Debug|Any CPU
		{78010AA2-1ECC-4CF6-87D0-C27578E79698}.Debug|x86.Build.0 = Debug|Any CPU
		{78010AA2-1ECC-4CF6-87D0-C27578E79698}.Release|Any CPU.ActiveCfg = Release|Any CPU
		{78010AA2-1ECC-4CF6-87D0-C27578E79698}.Release|Any CPU.Build.0 = Release|Any CPU
		{78010AA2-1ECC-4CF6-87D0-C27578E79698}.Release|Mixed Platforms.ActiveCfg = Release|Any CPU
		{78010AA2-1ECC-4CF6-87D0-C27578E79698}.Release|Mixed Platforms.Build.0 = Release|Any CPU
		{78010AA2-1ECC-4CF6-87D0-C27578E79698}.Release|x64.ActiveCfg = Release|Any CPU
		{78010AA2-1ECC-4CF6-87D0-C27578E79698}.Release|x64.Build.0 = Release|Any CPU
		{78010AA2-1ECC-4CF6-87D0-C27578E79698}.Release|x86.ActiveCfg = Release|Any CPU
		{78010AA2-1ECC-4CF6-87D0-C27578E79698}.Release|x86.Build.0 = Release|Any CPU
		{5D0E3EBA-C09C-4B19-9E35-D2515F004FB5}.Debug|Any CPU.ActiveCfg = Debug|Any CPU
		{5D0E3EBA-C09C-4B19-9E35-D2515F004FB5}.Debug|Any CPU.Build.0 = Debug|Any CPU
		{5D0E3EBA-C09C-4B19-9E35-D2515F004FB5}.Debug|Mixed Platforms.ActiveCfg = Debug|Any CPU
		{5D0E3EBA-C09C-4B19-9E35-D2515F004FB5}.Debug|Mixed Platforms.Build.0 = Debug|Any CPU
		{5D0E3EBA-C09C-4B19-9E35-D2515F004FB5}.Debug|x64.ActiveCfg = Debug|Any CPU
		{5D0E3EBA-C09C-4B19-9E35-D2515F004FB5}.Debug|x64.Build.0 = Debug|Any CPU
		{5D0E3EBA-C09C-4B19-9E35-D2515F004FB5}.Debug|x86.ActiveCfg = Debug|Any CPU
		{5D0E3EBA-C09C-4B19-9E35-D2515F004FB5}.Debug|x86.Build.0 = Debug|Any CPU
		{5D0E3EBA-C09C-4B19-9E35-D2515F004FB5}.Release|Any CPU.ActiveCfg = Release|Any CPU
		{5D0E3EBA-C09C-4B19-9E35-D2515F004FB5}.Release|Any CPU.Build.0 = Release|Any CPU
		{5D0E3EBA-C09C-4B19-9E35-D2515F004FB5}.Release|Mixed Platforms.ActiveCfg = Release|Any CPU
		{5D0E3EBA-C09C-4B19-9E35-D2515F004FB5}.Release|Mixed Platforms.Build.0 = Release|Any CPU
		{5D0E3EBA-C09C-4B19-9E35-D2515F004FB5}.Release|x64.ActiveCfg = Release|Any CPU
		{5D0E3EBA-C09C-4B19-9E35-D2515F004FB5}.Release|x64.Build.0 = Release|Any CPU
		{5D0E3EBA-C09C-4B19-9E35-D2515F004FB5}.Release|x86.ActiveCfg = Release|Any CPU
		{5D0E3EBA-C09C-4B19-9E35-D2515F004FB5}.Release|x86.Build.0 = Release|Any CPU
	EndGlobalSection
	GlobalSection(SolutionProperties) = preSolution
		HideSolutionNode = FALSE
	EndGlobalSection
	GlobalSection(NestedProjects) = preSolution
		{2DAC1A31-EF28-499A-B67A-963B5343D778} = {54E430C9-0906-45E3-A082-6D0E815D3214}
		{A82126CA-23AA-41F1-8586-A5938D44D0A7} = {54E430C9-0906-45E3-A082-6D0E815D3214}
		{51AC9959-AFEE-4F91-8A19-03CF0528AB62} = {F844473E-66CB-47EB-BFF5-078469D18866}
		{65EEC6DF-CCC8-46AB-B9FB-00D5A624FE94} = {F844473E-66CB-47EB-BFF5-078469D18866}
		{2F739124-DDA6-45CF-AD05-1B94A04643F1} = {F844473E-66CB-47EB-BFF5-078469D18866}
		{F844473E-66CB-47EB-BFF5-078469D18866} = {B9D21C46-8963-4377-AEAD-A891F3D618A9}
		{BCC372DD-2823-459D-9594-C16E777AD292} = {B9D21C46-8963-4377-AEAD-A891F3D618A9}
		{72E591D6-8F83-4D8C-8F67-9C325E623234} = {132CCC5A-6300-4286-AA15-CFF9144D02D8}
		{D447642C-A85F-4AB0-96D9-C66CFF91AADA} = {3DB28A81-095F-4933-8188-4D6CA93EABE9}
		{4D253423-AE05-47F6-A59D-9162EC0BB1F2} = {3DB28A81-095F-4933-8188-4D6CA93EABE9}
		{3DB28A81-095F-4933-8188-4D6CA93EABE9} = {132CCC5A-6300-4286-AA15-CFF9144D02D8}
		{38366488-8632-48E5-9519-AF2E1F0808B9} = {B9D21C46-8963-4377-AEAD-A891F3D618A9}
		{60D1D960-8AAE-4F87-8D85-0C2BDD6254B1} = {132CCC5A-6300-4286-AA15-CFF9144D02D8}
		{8B2579C2-FAA1-4CC7-A48E-2B6D4901C503} = {54E430C9-0906-45E3-A082-6D0E815D3214}
		{2652D5B8-A3F7-4CC4-8CC8-E374567FB28E} = {B9D21C46-8963-4377-AEAD-A891F3D618A9}
		{78C9C399-D9AD-426A-8164-F872745AAE3C} = {2652D5B8-A3F7-4CC4-8CC8-E374567FB28E}
		{E9576568-5640-4883-AA5D-0BB2F6853E18} = {2652D5B8-A3F7-4CC4-8CC8-E374567FB28E}
		{E46EFBA0-17F7-4565-8629-D3BF41C4BED7} = {B9D21C46-8963-4377-AEAD-A891F3D618A9}
		{78010AA2-1ECC-4CF6-87D0-C27578E79698} = {B9D21C46-8963-4377-AEAD-A891F3D618A9}
		{5D0E3EBA-C09C-4B19-9E35-D2515F004FB5} = {54E430C9-0906-45E3-A082-6D0E815D3214}
	EndGlobalSection
	GlobalSection(MonoDevelopProperties) = preSolution
		StartupItem = GeckoFxTest\GeckoFxTest.csproj
	EndGlobalSection
	GlobalSection(MonoDevelopProperties) = preSolution
		StartupItem = GeckoFxTest\GeckoFxTest.csproj
	EndGlobalSection
	GlobalSection(MonoDevelopProperties) = preSolution
		StartupItem = GeckoFxTest\GeckoFxTest.csproj
	EndGlobalSection
	GlobalSection(MonoDevelopProperties) = preSolution
		StartupItem = GeckoFxTest\GeckoFxTest.csproj
	EndGlobalSection
	GlobalSection(MonoDevelopProperties) = preSolution
		StartupItem = GeckoFxTest\GeckoFxTest.csproj
	EndGlobalSection
	GlobalSection(MonoDevelopProperties) = preSolution
		StartupItem = Source\Examples\OpenTK.Examples.csproj
	EndGlobalSection
	GlobalSection(MonoDevelopProperties) = preSolution
		StartupItem = Nancy.Demo.Hosting.Aspnet\Nancy.Demo.Hosting.Aspnet.csproj
	EndGlobalSection
EndGlobal
