
Microsoft Visual Studio Solution File, Format Version 12.00
# Visual Studio 15
VisualStudioVersion = 15.0.27130.2027
MinimumVisualStudioVersion = 10.0.40219.1
Project("{2150E333-8FDC-42A3-9474-1A3956D46DE8}") = "Squalr", "Squalr", "{B9D21C46-8963-4377-AEAD-A891F3D618A9}"
EndProject
Project("{2150E333-8FDC-42A3-9474-1A3956D46DE8}") = "Engine", "Engine", "{F853488B-5AC3-464C-86D7-32B33051E885}"
EndProject
Project("{2150E333-8FDC-42A3-9474-1A3956D46DE8}") = "Tests", "Tests", "{388F31C5-BD14-455A-8759-54A59485B946}"
EndProject
Project("{FAE04EC0-301F-11D3-BF4B-00C04F79EFBC}") = "SqualrTests", "Tests\SqualrTests\SqualrTests.csproj", "{38366488-8632-48E5-9519-AF2E1F0808B9}"
EndProject
Project("{2150E333-8FDC-42A3-9474-1A3956D46DE8}") = "Visual Studio", "Visual Studio", "{F945B5F5-1707-4553-A469-85A7C5B84A31}"
EndProject
Project("{FAE04EC0-301F-11D3-BF4B-00C04F79EFBC}") = "SqualrVs", "VisualStudio\SqualrVs\SqualrVs.csproj", "{39A2034A-3125-4A2D-984A-AAAF0AB747C5}"
EndProject
Project("{FAE04EC0-301F-11D3-BF4B-00C04F79EFBC}") = "SqualrVs.Script", "VisualStudio\SqualrVs.Script\SqualrVs.Script.csproj", "{7645445A-DEC3-4B51-B023-84DEADC1C83F}"
EndProject
Project("{FAE04EC0-301F-11D3-BF4B-00C04F79EFBC}") = "Squalr", "Squalr\Squalr.csproj", "{4F03A43B-1DDD-4F22-B8C0-9EB80C23B9CF}"
EndProject
Project("{FAE04EC0-301F-11D3-BF4B-00C04F79EFBC}") = "CompilerService", "CompilerService\CompilerService.csproj", "{AEE92C34-28EB-49EC-8DD3-2398DACC2DD9}"
EndProject
Project("{9A19103F-16F7-4668-BE54-9A1E7A4F7556}") = "Squalr.Engine.Scripting", "Squalr.Engine.Scripting\Squalr.Engine.Scripting.csproj", "{0612F4DC-E843-4DD6-8856-98DAD0033DE3}"
EndProject
Project("{9A19103F-16F7-4668-BE54-9A1E7A4F7556}") = "Squalr.Engine.Utils", "Squalr.Engine.Utils\Squalr.Engine.Utils.csproj", "{7AD05601-EB5A-4C7C-854A-7024644EDC3F}"
EndProject
Project("{9A19103F-16F7-4668-BE54-9A1E7A4F7556}") = "Squalr.Engine.Output", "Squalr.Engine.Output\Squalr.Engine.Output.csproj", "{9C723E37-C519-4675-A697-E357BF932A0B}"
EndProject
Project("{9A19103F-16F7-4668-BE54-9A1E7A4F7556}") = "Squalr.Engine.Processes", "Squalr.Engine.Processes\Squalr.Engine.Processes.csproj", "{85B7C94F-C89C-45BD-871A-1F2B6FC41BDD}"
EndProject
Project("{9A19103F-16F7-4668-BE54-9A1E7A4F7556}") = "Squalr.Engine.Internal.TaskScheduler", "Squalr.Engine.Internal.TaskScheduler\Squalr.Engine.Internal.TaskScheduler.csproj", "{1884CB62-2DC0-4A76-9A77-AF61238E29BD}"
EndProject
Project("{9A19103F-16F7-4668-BE54-9A1E7A4F7556}") = "Squalr.Engine.Memory", "Squalr.Engine.Memory\Squalr.Engine.Memory.csproj", "{77E64E71-8E26-4311-9C10-61D4CAFD4FEF}"
EndProject
Project("{9A19103F-16F7-4668-BE54-9A1E7A4F7556}") = "Squalr.Engine.Graphics", "Squalr.Engine.Graphics\Squalr.Engine.Graphics.csproj", "{DCCB0FD1-5467-43CD-973C-289CB27CA2DC}"
EndProject
Project("{9A19103F-16F7-4668-BE54-9A1E7A4F7556}") = "Squalr.Engine.Unrandomizer", "Squalr.Engine.Unrandomizer\Squalr.Engine.Unrandomizer.csproj", "{21D8D02C-5FE6-4C72-BEC2-83B47B83B614}"
EndProject
Project("{9A19103F-16F7-4668-BE54-9A1E7A4F7556}") = "Squalr.Engine.SpeedManipulator", "Squalr.Engine.SpeedManipulator\Squalr.Engine.SpeedManipulator.csproj", "{D6175C09-0678-4AA1-A8D6-5E3284B2E3CE}"
EndProject
Project("{9A19103F-16F7-4668-BE54-9A1E7A4F7556}") = "Squalr.Engine.Hook", "Squalr.Engine.Hook\Squalr.Engine.Hook.csproj", "{2D9DAE4D-3610-4C41-9C72-CA13D535078D}"
EndProject
Project("{9A19103F-16F7-4668-BE54-9A1E7A4F7556}") = "Squalr.Engine.Internal.HookServer", "Squalr.Engine.Internal.HookServer\Squalr.Engine.Internal.HookServer.csproj", "{4B3E1596-5511-4246-A084-110DFAC3E0E2}"
EndProject
Project("{9A19103F-16F7-4668-BE54-9A1E7A4F7556}") = "Squalr.Engine", "Squalr.Engine\Squalr.Engine.csproj", "{0B78BEBF-D43F-431C-8A5F-9734C6FDA1B3}"
EndProject
Project("{9A19103F-16F7-4668-BE54-9A1E7A4F7556}") = "Squalr.Engine.Debugger", "Squalr.Engine.Debugger\Squalr.Engine.Debugger.csproj", "{930C55EE-A79F-4F06-B843-0AE9CC375217}"
EndProject
Project("{9A19103F-16F7-4668-BE54-9A1E7A4F7556}") = "Squalr.Engine.DataTypes", "Squalr.Engine.DataTypes\Squalr.Engine.DataTypes.csproj", "{EEF17FA4-E4A6-456B-89B7-5DED5C1930AB}"
EndProject
Project("{9A19103F-16F7-4668-BE54-9A1E7A4F7556}") = "Squalr.Engine.Architecture", "Squalr.Engine.Architecture\Squalr.Engine.Architecture.csproj", "{BF9B9BD8-1EC3-4F09-B90E-9F822FFAF407}"
EndProject
Project("{9A19103F-16F7-4668-BE54-9A1E7A4F7556}") = "Squalr.Engine.Input", "Squalr.Engine.Input\Squalr.Engine.Input.csproj", "{53A598F0-69ED-4311-848E-5F74B4AE8E3F}"
EndProject
Project("{9A19103F-16F7-4668-BE54-9A1E7A4F7556}") = "Squalr.Engine.Networking", "Squalr.Engine.Networking\Squalr.Engine.Networking.csproj", "{E4BF8497-1D90-47E4-9E8D-4C1A33EB674C}"
EndProject
Project("{9A19103F-16F7-4668-BE54-9A1E7A4F7556}") = "Squalr.Engine.Memory.Clr", "Squalr.Engine.Memory.Clr\Squalr.Engine.Memory.Clr.csproj", "{D4A3478B-3E94-4A86-92A9-8DC69117E371}"
EndProject
Project("{9A19103F-16F7-4668-BE54-9A1E7A4F7556}") = "Squalr.Engine.Memory.Jvm", "Squalr.Engine.Memory.Jvm\Squalr.Engine.Memory.Jvm.csproj", "{6B385C23-922A-4D24-A75D-527BFF6C3841}"
EndProject
Project("{FAE04EC0-301F-11D3-BF4B-00C04F79EFBC}") = "Squalr.Theme", "Squalr.Theme\Squalr.Theme.csproj", "{60D1D960-8AAE-4F87-8D85-0C2BDD6254B1}"
EndProject
Global
	GlobalSection(SolutionConfigurationPlatforms) = preSolution
		Debug|Any CPU = Debug|Any CPU
		Debug|x64 = Debug|x64
		Debug|x86 = Debug|x86
		Release|Any CPU = Release|Any CPU
		Release|x64 = Release|x64
		Release|x86 = Release|x86
	EndGlobalSection
	GlobalSection(ProjectConfigurationPlatforms) = postSolution
		{38366488-8632-48E5-9519-AF2E1F0808B9}.Debug|Any CPU.ActiveCfg = Debug|Any CPU
		{38366488-8632-48E5-9519-AF2E1F0808B9}.Debug|Any CPU.Build.0 = Debug|Any CPU
		{38366488-8632-48E5-9519-AF2E1F0808B9}.Debug|x64.ActiveCfg = Debug|Any CPU
		{38366488-8632-48E5-9519-AF2E1F0808B9}.Debug|x64.Build.0 = Debug|Any CPU
		{38366488-8632-48E5-9519-AF2E1F0808B9}.Debug|x86.ActiveCfg = Debug|Any CPU
		{38366488-8632-48E5-9519-AF2E1F0808B9}.Debug|x86.Build.0 = Debug|Any CPU
		{38366488-8632-48E5-9519-AF2E1F0808B9}.Release|Any CPU.ActiveCfg = Release|Any CPU
		{38366488-8632-48E5-9519-AF2E1F0808B9}.Release|Any CPU.Build.0 = Release|Any CPU
		{38366488-8632-48E5-9519-AF2E1F0808B9}.Release|x64.ActiveCfg = Release|Any CPU
		{38366488-8632-48E5-9519-AF2E1F0808B9}.Release|x64.Build.0 = Release|Any CPU
		{38366488-8632-48E5-9519-AF2E1F0808B9}.Release|x86.ActiveCfg = Release|Any CPU
		{38366488-8632-48E5-9519-AF2E1F0808B9}.Release|x86.Build.0 = Release|Any CPU
		{39A2034A-3125-4A2D-984A-AAAF0AB747C5}.Debug|Any CPU.ActiveCfg = Debug|Any CPU
		{39A2034A-3125-4A2D-984A-AAAF0AB747C5}.Debug|Any CPU.Build.0 = Debug|Any CPU
		{39A2034A-3125-4A2D-984A-AAAF0AB747C5}.Debug|x64.ActiveCfg = Debug|Any CPU
		{39A2034A-3125-4A2D-984A-AAAF0AB747C5}.Debug|x64.Build.0 = Debug|Any CPU
		{39A2034A-3125-4A2D-984A-AAAF0AB747C5}.Debug|x86.ActiveCfg = Debug|Any CPU
		{39A2034A-3125-4A2D-984A-AAAF0AB747C5}.Debug|x86.Build.0 = Debug|Any CPU
		{39A2034A-3125-4A2D-984A-AAAF0AB747C5}.Release|Any CPU.ActiveCfg = Release|Any CPU
		{39A2034A-3125-4A2D-984A-AAAF0AB747C5}.Release|Any CPU.Build.0 = Release|Any CPU
		{39A2034A-3125-4A2D-984A-AAAF0AB747C5}.Release|x64.ActiveCfg = Release|Any CPU
		{39A2034A-3125-4A2D-984A-AAAF0AB747C5}.Release|x64.Build.0 = Release|Any CPU
		{39A2034A-3125-4A2D-984A-AAAF0AB747C5}.Release|x86.ActiveCfg = Release|Any CPU
		{39A2034A-3125-4A2D-984A-AAAF0AB747C5}.Release|x86.Build.0 = Release|Any CPU
		{7645445A-DEC3-4B51-B023-84DEADC1C83F}.Debug|Any CPU.ActiveCfg = Debug|Any CPU
		{7645445A-DEC3-4B51-B023-84DEADC1C83F}.Debug|Any CPU.Build.0 = Debug|Any CPU
		{7645445A-DEC3-4B51-B023-84DEADC1C83F}.Debug|x64.ActiveCfg = Debug|Any CPU
		{7645445A-DEC3-4B51-B023-84DEADC1C83F}.Debug|x64.Build.0 = Debug|Any CPU
		{7645445A-DEC3-4B51-B023-84DEADC1C83F}.Debug|x86.ActiveCfg = Debug|Any CPU
		{7645445A-DEC3-4B51-B023-84DEADC1C83F}.Debug|x86.Build.0 = Debug|Any CPU
		{7645445A-DEC3-4B51-B023-84DEADC1C83F}.Release|Any CPU.ActiveCfg = Release|Any CPU
		{7645445A-DEC3-4B51-B023-84DEADC1C83F}.Release|Any CPU.Build.0 = Release|Any CPU
		{7645445A-DEC3-4B51-B023-84DEADC1C83F}.Release|x64.ActiveCfg = Release|Any CPU
		{7645445A-DEC3-4B51-B023-84DEADC1C83F}.Release|x64.Build.0 = Release|Any CPU
		{7645445A-DEC3-4B51-B023-84DEADC1C83F}.Release|x86.ActiveCfg = Release|Any CPU
		{7645445A-DEC3-4B51-B023-84DEADC1C83F}.Release|x86.Build.0 = Release|Any CPU
		{4F03A43B-1DDD-4F22-B8C0-9EB80C23B9CF}.Debug|Any CPU.ActiveCfg = Debug|Any CPU
		{4F03A43B-1DDD-4F22-B8C0-9EB80C23B9CF}.Debug|Any CPU.Build.0 = Debug|Any CPU
		{4F03A43B-1DDD-4F22-B8C0-9EB80C23B9CF}.Debug|x64.ActiveCfg = Debug|Any CPU
		{4F03A43B-1DDD-4F22-B8C0-9EB80C23B9CF}.Debug|x64.Build.0 = Debug|Any CPU
		{4F03A43B-1DDD-4F22-B8C0-9EB80C23B9CF}.Debug|x86.ActiveCfg = Debug|Any CPU
		{4F03A43B-1DDD-4F22-B8C0-9EB80C23B9CF}.Debug|x86.Build.0 = Debug|Any CPU
		{4F03A43B-1DDD-4F22-B8C0-9EB80C23B9CF}.Release|Any CPU.ActiveCfg = Release|Any CPU
		{4F03A43B-1DDD-4F22-B8C0-9EB80C23B9CF}.Release|Any CPU.Build.0 = Release|Any CPU
		{4F03A43B-1DDD-4F22-B8C0-9EB80C23B9CF}.Release|x64.ActiveCfg = Release|Any CPU
		{4F03A43B-1DDD-4F22-B8C0-9EB80C23B9CF}.Release|x64.Build.0 = Release|Any CPU
		{4F03A43B-1DDD-4F22-B8C0-9EB80C23B9CF}.Release|x86.ActiveCfg = Release|Any CPU
		{4F03A43B-1DDD-4F22-B8C0-9EB80C23B9CF}.Release|x86.Build.0 = Release|Any CPU
		{AEE92C34-28EB-49EC-8DD3-2398DACC2DD9}.Debug|Any CPU.ActiveCfg = Debug|Any CPU
		{AEE92C34-28EB-49EC-8DD3-2398DACC2DD9}.Debug|Any CPU.Build.0 = Debug|Any CPU
		{AEE92C34-28EB-49EC-8DD3-2398DACC2DD9}.Debug|x64.ActiveCfg = Debug|Any CPU
		{AEE92C34-28EB-49EC-8DD3-2398DACC2DD9}.Debug|x64.Build.0 = Debug|Any CPU
		{AEE92C34-28EB-49EC-8DD3-2398DACC2DD9}.Debug|x86.ActiveCfg = Debug|Any CPU
		{AEE92C34-28EB-49EC-8DD3-2398DACC2DD9}.Debug|x86.Build.0 = Debug|Any CPU
		{AEE92C34-28EB-49EC-8DD3-2398DACC2DD9}.Release|Any CPU.ActiveCfg = Release|Any CPU
		{AEE92C34-28EB-49EC-8DD3-2398DACC2DD9}.Release|Any CPU.Build.0 = Release|Any CPU
		{AEE92C34-28EB-49EC-8DD3-2398DACC2DD9}.Release|x64.ActiveCfg = Release|Any CPU
		{AEE92C34-28EB-49EC-8DD3-2398DACC2DD9}.Release|x64.Build.0 = Release|Any CPU
		{AEE92C34-28EB-49EC-8DD3-2398DACC2DD9}.Release|x86.ActiveCfg = Release|Any CPU
		{AEE92C34-28EB-49EC-8DD3-2398DACC2DD9}.Release|x86.Build.0 = Release|Any CPU
		{0612F4DC-E843-4DD6-8856-98DAD0033DE3}.Debug|Any CPU.ActiveCfg = Debug|Any CPU
		{0612F4DC-E843-4DD6-8856-98DAD0033DE3}.Debug|Any CPU.Build.0 = Debug|Any CPU
		{0612F4DC-E843-4DD6-8856-98DAD0033DE3}.Debug|x64.ActiveCfg = Debug|Any CPU
		{0612F4DC-E843-4DD6-8856-98DAD0033DE3}.Debug|x64.Build.0 = Debug|Any CPU
		{0612F4DC-E843-4DD6-8856-98DAD0033DE3}.Debug|x86.ActiveCfg = Debug|Any CPU
		{0612F4DC-E843-4DD6-8856-98DAD0033DE3}.Debug|x86.Build.0 = Debug|Any CPU
		{0612F4DC-E843-4DD6-8856-98DAD0033DE3}.Release|Any CPU.ActiveCfg = Release|Any CPU
		{0612F4DC-E843-4DD6-8856-98DAD0033DE3}.Release|Any CPU.Build.0 = Release|Any CPU
		{0612F4DC-E843-4DD6-8856-98DAD0033DE3}.Release|x64.ActiveCfg = Release|Any CPU
		{0612F4DC-E843-4DD6-8856-98DAD0033DE3}.Release|x64.Build.0 = Release|Any CPU
		{0612F4DC-E843-4DD6-8856-98DAD0033DE3}.Release|x86.ActiveCfg = Release|Any CPU
		{0612F4DC-E843-4DD6-8856-98DAD0033DE3}.Release|x86.Build.0 = Release|Any CPU
		{7AD05601-EB5A-4C7C-854A-7024644EDC3F}.Debug|Any CPU.ActiveCfg = Debug|Any CPU
		{7AD05601-EB5A-4C7C-854A-7024644EDC3F}.Debug|Any CPU.Build.0 = Debug|Any CPU
		{7AD05601-EB5A-4C7C-854A-7024644EDC3F}.Debug|x64.ActiveCfg = Debug|Any CPU
		{7AD05601-EB5A-4C7C-854A-7024644EDC3F}.Debug|x64.Build.0 = Debug|Any CPU
		{7AD05601-EB5A-4C7C-854A-7024644EDC3F}.Debug|x86.ActiveCfg = Debug|Any CPU
		{7AD05601-EB5A-4C7C-854A-7024644EDC3F}.Debug|x86.Build.0 = Debug|Any CPU
		{7AD05601-EB5A-4C7C-854A-7024644EDC3F}.Release|Any CPU.ActiveCfg = Release|Any CPU
		{7AD05601-EB5A-4C7C-854A-7024644EDC3F}.Release|Any CPU.Build.0 = Release|Any CPU
		{7AD05601-EB5A-4C7C-854A-7024644EDC3F}.Release|x64.ActiveCfg = Release|Any CPU
		{7AD05601-EB5A-4C7C-854A-7024644EDC3F}.Release|x64.Build.0 = Release|Any CPU
		{7AD05601-EB5A-4C7C-854A-7024644EDC3F}.Release|x86.ActiveCfg = Release|Any CPU
		{7AD05601-EB5A-4C7C-854A-7024644EDC3F}.Release|x86.Build.0 = Release|Any CPU
		{9C723E37-C519-4675-A697-E357BF932A0B}.Debug|Any CPU.ActiveCfg = Debug|Any CPU
		{9C723E37-C519-4675-A697-E357BF932A0B}.Debug|Any CPU.Build.0 = Debug|Any CPU
		{9C723E37-C519-4675-A697-E357BF932A0B}.Debug|x64.ActiveCfg = Debug|Any CPU
		{9C723E37-C519-4675-A697-E357BF932A0B}.Debug|x64.Build.0 = Debug|Any CPU
		{9C723E37-C519-4675-A697-E357BF932A0B}.Debug|x86.ActiveCfg = Debug|Any CPU
		{9C723E37-C519-4675-A697-E357BF932A0B}.Debug|x86.Build.0 = Debug|Any CPU
		{9C723E37-C519-4675-A697-E357BF932A0B}.Release|Any CPU.ActiveCfg = Release|Any CPU
		{9C723E37-C519-4675-A697-E357BF932A0B}.Release|Any CPU.Build.0 = Release|Any CPU
		{9C723E37-C519-4675-A697-E357BF932A0B}.Release|x64.ActiveCfg = Release|Any CPU
		{9C723E37-C519-4675-A697-E357BF932A0B}.Release|x64.Build.0 = Release|Any CPU
		{9C723E37-C519-4675-A697-E357BF932A0B}.Release|x86.ActiveCfg = Release|Any CPU
		{9C723E37-C519-4675-A697-E357BF932A0B}.Release|x86.Build.0 = Release|Any CPU
		{85B7C94F-C89C-45BD-871A-1F2B6FC41BDD}.Debug|Any CPU.ActiveCfg = Debug|Any CPU
		{85B7C94F-C89C-45BD-871A-1F2B6FC41BDD}.Debug|Any CPU.Build.0 = Debug|Any CPU
		{85B7C94F-C89C-45BD-871A-1F2B6FC41BDD}.Debug|x64.ActiveCfg = Debug|Any CPU
		{85B7C94F-C89C-45BD-871A-1F2B6FC41BDD}.Debug|x64.Build.0 = Debug|Any CPU
		{85B7C94F-C89C-45BD-871A-1F2B6FC41BDD}.Debug|x86.ActiveCfg = Debug|Any CPU
		{85B7C94F-C89C-45BD-871A-1F2B6FC41BDD}.Debug|x86.Build.0 = Debug|Any CPU
		{85B7C94F-C89C-45BD-871A-1F2B6FC41BDD}.Release|Any CPU.ActiveCfg = Release|Any CPU
		{85B7C94F-C89C-45BD-871A-1F2B6FC41BDD}.Release|Any CPU.Build.0 = Release|Any CPU
		{85B7C94F-C89C-45BD-871A-1F2B6FC41BDD}.Release|x64.ActiveCfg = Release|Any CPU
		{85B7C94F-C89C-45BD-871A-1F2B6FC41BDD}.Release|x64.Build.0 = Release|Any CPU
		{85B7C94F-C89C-45BD-871A-1F2B6FC41BDD}.Release|x86.ActiveCfg = Release|Any CPU
		{85B7C94F-C89C-45BD-871A-1F2B6FC41BDD}.Release|x86.Build.0 = Release|Any CPU
		{1884CB62-2DC0-4A76-9A77-AF61238E29BD}.Debug|Any CPU.ActiveCfg = Debug|Any CPU
		{1884CB62-2DC0-4A76-9A77-AF61238E29BD}.Debug|Any CPU.Build.0 = Debug|Any CPU
		{1884CB62-2DC0-4A76-9A77-AF61238E29BD}.Debug|x64.ActiveCfg = Debug|Any CPU
		{1884CB62-2DC0-4A76-9A77-AF61238E29BD}.Debug|x64.Build.0 = Debug|Any CPU
		{1884CB62-2DC0-4A76-9A77-AF61238E29BD}.Debug|x86.ActiveCfg = Debug|Any CPU
		{1884CB62-2DC0-4A76-9A77-AF61238E29BD}.Debug|x86.Build.0 = Debug|Any CPU
		{1884CB62-2DC0-4A76-9A77-AF61238E29BD}.Release|Any CPU.ActiveCfg = Release|Any CPU
		{1884CB62-2DC0-4A76-9A77-AF61238E29BD}.Release|Any CPU.Build.0 = Release|Any CPU
		{1884CB62-2DC0-4A76-9A77-AF61238E29BD}.Release|x64.ActiveCfg = Release|Any CPU
		{1884CB62-2DC0-4A76-9A77-AF61238E29BD}.Release|x64.Build.0 = Release|Any CPU
		{1884CB62-2DC0-4A76-9A77-AF61238E29BD}.Release|x86.ActiveCfg = Release|Any CPU
		{1884CB62-2DC0-4A76-9A77-AF61238E29BD}.Release|x86.Build.0 = Release|Any CPU
		{77E64E71-8E26-4311-9C10-61D4CAFD4FEF}.Debug|Any CPU.ActiveCfg = Debug|Any CPU
		{77E64E71-8E26-4311-9C10-61D4CAFD4FEF}.Debug|Any CPU.Build.0 = Debug|Any CPU
		{77E64E71-8E26-4311-9C10-61D4CAFD4FEF}.Debug|x64.ActiveCfg = Debug|Any CPU
		{77E64E71-8E26-4311-9C10-61D4CAFD4FEF}.Debug|x64.Build.0 = Debug|Any CPU
		{77E64E71-8E26-4311-9C10-61D4CAFD4FEF}.Debug|x86.ActiveCfg = Debug|Any CPU
		{77E64E71-8E26-4311-9C10-61D4CAFD4FEF}.Debug|x86.Build.0 = Debug|Any CPU
		{77E64E71-8E26-4311-9C10-61D4CAFD4FEF}.Release|Any CPU.ActiveCfg = Release|Any CPU
		{77E64E71-8E26-4311-9C10-61D4CAFD4FEF}.Release|Any CPU.Build.0 = Release|Any CPU
		{77E64E71-8E26-4311-9C10-61D4CAFD4FEF}.Release|x64.ActiveCfg = Release|Any CPU
		{77E64E71-8E26-4311-9C10-61D4CAFD4FEF}.Release|x64.Build.0 = Release|Any CPU
		{77E64E71-8E26-4311-9C10-61D4CAFD4FEF}.Release|x86.ActiveCfg = Release|Any CPU
		{77E64E71-8E26-4311-9C10-61D4CAFD4FEF}.Release|x86.Build.0 = Release|Any CPU
		{DCCB0FD1-5467-43CD-973C-289CB27CA2DC}.Debug|Any CPU.ActiveCfg = Debug|Any CPU
		{DCCB0FD1-5467-43CD-973C-289CB27CA2DC}.Debug|Any CPU.Build.0 = Debug|Any CPU
		{DCCB0FD1-5467-43CD-973C-289CB27CA2DC}.Debug|x64.ActiveCfg = Debug|Any CPU
		{DCCB0FD1-5467-43CD-973C-289CB27CA2DC}.Debug|x64.Build.0 = Debug|Any CPU
		{DCCB0FD1-5467-43CD-973C-289CB27CA2DC}.Debug|x86.ActiveCfg = Debug|Any CPU
		{DCCB0FD1-5467-43CD-973C-289CB27CA2DC}.Debug|x86.Build.0 = Debug|Any CPU
		{DCCB0FD1-5467-43CD-973C-289CB27CA2DC}.Release|Any CPU.ActiveCfg = Release|Any CPU
		{DCCB0FD1-5467-43CD-973C-289CB27CA2DC}.Release|Any CPU.Build.0 = Release|Any CPU
		{DCCB0FD1-5467-43CD-973C-289CB27CA2DC}.Release|x64.ActiveCfg = Release|Any CPU
		{DCCB0FD1-5467-43CD-973C-289CB27CA2DC}.Release|x64.Build.0 = Release|Any CPU
		{DCCB0FD1-5467-43CD-973C-289CB27CA2DC}.Release|x86.ActiveCfg = Release|Any CPU
		{DCCB0FD1-5467-43CD-973C-289CB27CA2DC}.Release|x86.Build.0 = Release|Any CPU
		{21D8D02C-5FE6-4C72-BEC2-83B47B83B614}.Debug|Any CPU.ActiveCfg = Debug|Any CPU
		{21D8D02C-5FE6-4C72-BEC2-83B47B83B614}.Debug|Any CPU.Build.0 = Debug|Any CPU
		{21D8D02C-5FE6-4C72-BEC2-83B47B83B614}.Debug|x64.ActiveCfg = Debug|Any CPU
		{21D8D02C-5FE6-4C72-BEC2-83B47B83B614}.Debug|x64.Build.0 = Debug|Any CPU
		{21D8D02C-5FE6-4C72-BEC2-83B47B83B614}.Debug|x86.ActiveCfg = Debug|Any CPU
		{21D8D02C-5FE6-4C72-BEC2-83B47B83B614}.Debug|x86.Build.0 = Debug|Any CPU
		{21D8D02C-5FE6-4C72-BEC2-83B47B83B614}.Release|Any CPU.ActiveCfg = Release|Any CPU
		{21D8D02C-5FE6-4C72-BEC2-83B47B83B614}.Release|Any CPU.Build.0 = Release|Any CPU
		{21D8D02C-5FE6-4C72-BEC2-83B47B83B614}.Release|x64.ActiveCfg = Release|Any CPU
		{21D8D02C-5FE6-4C72-BEC2-83B47B83B614}.Release|x64.Build.0 = Release|Any CPU
		{21D8D02C-5FE6-4C72-BEC2-83B47B83B614}.Release|x86.ActiveCfg = Release|Any CPU
		{21D8D02C-5FE6-4C72-BEC2-83B47B83B614}.Release|x86.Build.0 = Release|Any CPU
		{D6175C09-0678-4AA1-A8D6-5E3284B2E3CE}.Debug|Any CPU.ActiveCfg = Debug|Any CPU
		{D6175C09-0678-4AA1-A8D6-5E3284B2E3CE}.Debug|Any CPU.Build.0 = Debug|Any CPU
		{D6175C09-0678-4AA1-A8D6-5E3284B2E3CE}.Debug|x64.ActiveCfg = Debug|Any CPU
		{D6175C09-0678-4AA1-A8D6-5E3284B2E3CE}.Debug|x64.Build.0 = Debug|Any CPU
		{D6175C09-0678-4AA1-A8D6-5E3284B2E3CE}.Debug|x86.ActiveCfg = Debug|Any CPU
		{D6175C09-0678-4AA1-A8D6-5E3284B2E3CE}.Debug|x86.Build.0 = Debug|Any CPU
		{D6175C09-0678-4AA1-A8D6-5E3284B2E3CE}.Release|Any CPU.ActiveCfg = Release|Any CPU
		{D6175C09-0678-4AA1-A8D6-5E3284B2E3CE}.Release|Any CPU.Build.0 = Release|Any CPU
		{D6175C09-0678-4AA1-A8D6-5E3284B2E3CE}.Release|x64.ActiveCfg = Release|Any CPU
		{D6175C09-0678-4AA1-A8D6-5E3284B2E3CE}.Release|x64.Build.0 = Release|Any CPU
		{D6175C09-0678-4AA1-A8D6-5E3284B2E3CE}.Release|x86.ActiveCfg = Release|Any CPU
		{D6175C09-0678-4AA1-A8D6-5E3284B2E3CE}.Release|x86.Build.0 = Release|Any CPU
		{2D9DAE4D-3610-4C41-9C72-CA13D535078D}.Debug|Any CPU.ActiveCfg = Debug|Any CPU
		{2D9DAE4D-3610-4C41-9C72-CA13D535078D}.Debug|Any CPU.Build.0 = Debug|Any CPU
		{2D9DAE4D-3610-4C41-9C72-CA13D535078D}.Debug|x64.ActiveCfg = Debug|Any CPU
		{2D9DAE4D-3610-4C41-9C72-CA13D535078D}.Debug|x64.Build.0 = Debug|Any CPU
		{2D9DAE4D-3610-4C41-9C72-CA13D535078D}.Debug|x86.ActiveCfg = Debug|Any CPU
		{2D9DAE4D-3610-4C41-9C72-CA13D535078D}.Debug|x86.Build.0 = Debug|Any CPU
		{2D9DAE4D-3610-4C41-9C72-CA13D535078D}.Release|Any CPU.ActiveCfg = Release|Any CPU
		{2D9DAE4D-3610-4C41-9C72-CA13D535078D}.Release|Any CPU.Build.0 = Release|Any CPU
		{2D9DAE4D-3610-4C41-9C72-CA13D535078D}.Release|x64.ActiveCfg = Release|Any CPU
		{2D9DAE4D-3610-4C41-9C72-CA13D535078D}.Release|x64.Build.0 = Release|Any CPU
		{2D9DAE4D-3610-4C41-9C72-CA13D535078D}.Release|x86.ActiveCfg = Release|Any CPU
		{2D9DAE4D-3610-4C41-9C72-CA13D535078D}.Release|x86.Build.0 = Release|Any CPU
		{4B3E1596-5511-4246-A084-110DFAC3E0E2}.Debug|Any CPU.ActiveCfg = Debug|Any CPU
		{4B3E1596-5511-4246-A084-110DFAC3E0E2}.Debug|Any CPU.Build.0 = Debug|Any CPU
		{4B3E1596-5511-4246-A084-110DFAC3E0E2}.Debug|x64.ActiveCfg = Debug|Any CPU
		{4B3E1596-5511-4246-A084-110DFAC3E0E2}.Debug|x64.Build.0 = Debug|Any CPU
		{4B3E1596-5511-4246-A084-110DFAC3E0E2}.Debug|x86.ActiveCfg = Debug|Any CPU
		{4B3E1596-5511-4246-A084-110DFAC3E0E2}.Debug|x86.Build.0 = Debug|Any CPU
		{4B3E1596-5511-4246-A084-110DFAC3E0E2}.Release|Any CPU.ActiveCfg = Release|Any CPU
		{4B3E1596-5511-4246-A084-110DFAC3E0E2}.Release|Any CPU.Build.0 = Release|Any CPU
		{4B3E1596-5511-4246-A084-110DFAC3E0E2}.Release|x64.ActiveCfg = Release|Any CPU
		{4B3E1596-5511-4246-A084-110DFAC3E0E2}.Release|x64.Build.0 = Release|Any CPU
		{4B3E1596-5511-4246-A084-110DFAC3E0E2}.Release|x86.ActiveCfg = Release|Any CPU
		{4B3E1596-5511-4246-A084-110DFAC3E0E2}.Release|x86.Build.0 = Release|Any CPU
		{0B78BEBF-D43F-431C-8A5F-9734C6FDA1B3}.Debug|Any CPU.ActiveCfg = Debug|Any CPU
		{0B78BEBF-D43F-431C-8A5F-9734C6FDA1B3}.Debug|Any CPU.Build.0 = Debug|Any CPU
		{0B78BEBF-D43F-431C-8A5F-9734C6FDA1B3}.Debug|x64.ActiveCfg = Debug|Any CPU
		{0B78BEBF-D43F-431C-8A5F-9734C6FDA1B3}.Debug|x64.Build.0 = Debug|Any CPU
		{0B78BEBF-D43F-431C-8A5F-9734C6FDA1B3}.Debug|x86.ActiveCfg = Debug|Any CPU
		{0B78BEBF-D43F-431C-8A5F-9734C6FDA1B3}.Debug|x86.Build.0 = Debug|Any CPU
		{0B78BEBF-D43F-431C-8A5F-9734C6FDA1B3}.Release|Any CPU.ActiveCfg = Release|Any CPU
		{0B78BEBF-D43F-431C-8A5F-9734C6FDA1B3}.Release|Any CPU.Build.0 = Release|Any CPU
		{0B78BEBF-D43F-431C-8A5F-9734C6FDA1B3}.Release|x64.ActiveCfg = Release|Any CPU
		{0B78BEBF-D43F-431C-8A5F-9734C6FDA1B3}.Release|x64.Build.0 = Release|Any CPU
		{0B78BEBF-D43F-431C-8A5F-9734C6FDA1B3}.Release|x86.ActiveCfg = Release|Any CPU
		{0B78BEBF-D43F-431C-8A5F-9734C6FDA1B3}.Release|x86.Build.0 = Release|Any CPU
		{930C55EE-A79F-4F06-B843-0AE9CC375217}.Debug|Any CPU.ActiveCfg = Debug|Any CPU
		{930C55EE-A79F-4F06-B843-0AE9CC375217}.Debug|Any CPU.Build.0 = Debug|Any CPU
		{930C55EE-A79F-4F06-B843-0AE9CC375217}.Debug|x64.ActiveCfg = Debug|Any CPU
		{930C55EE-A79F-4F06-B843-0AE9CC375217}.Debug|x64.Build.0 = Debug|Any CPU
		{930C55EE-A79F-4F06-B843-0AE9CC375217}.Debug|x86.ActiveCfg = Debug|Any CPU
		{930C55EE-A79F-4F06-B843-0AE9CC375217}.Debug|x86.Build.0 = Debug|Any CPU
		{930C55EE-A79F-4F06-B843-0AE9CC375217}.Release|Any CPU.ActiveCfg = Release|Any CPU
		{930C55EE-A79F-4F06-B843-0AE9CC375217}.Release|Any CPU.Build.0 = Release|Any CPU
		{930C55EE-A79F-4F06-B843-0AE9CC375217}.Release|x64.ActiveCfg = Release|Any CPU
		{930C55EE-A79F-4F06-B843-0AE9CC375217}.Release|x64.Build.0 = Release|Any CPU
		{930C55EE-A79F-4F06-B843-0AE9CC375217}.Release|x86.ActiveCfg = Release|Any CPU
		{930C55EE-A79F-4F06-B843-0AE9CC375217}.Release|x86.Build.0 = Release|Any CPU
		{EEF17FA4-E4A6-456B-89B7-5DED5C1930AB}.Debug|Any CPU.ActiveCfg = Debug|Any CPU
		{EEF17FA4-E4A6-456B-89B7-5DED5C1930AB}.Debug|Any CPU.Build.0 = Debug|Any CPU
		{EEF17FA4-E4A6-456B-89B7-5DED5C1930AB}.Debug|x64.ActiveCfg = Debug|Any CPU
		{EEF17FA4-E4A6-456B-89B7-5DED5C1930AB}.Debug|x64.Build.0 = Debug|Any CPU
		{EEF17FA4-E4A6-456B-89B7-5DED5C1930AB}.Debug|x86.ActiveCfg = Debug|Any CPU
		{EEF17FA4-E4A6-456B-89B7-5DED5C1930AB}.Debug|x86.Build.0 = Debug|Any CPU
		{EEF17FA4-E4A6-456B-89B7-5DED5C1930AB}.Release|Any CPU.ActiveCfg = Release|Any CPU
		{EEF17FA4-E4A6-456B-89B7-5DED5C1930AB}.Release|Any CPU.Build.0 = Release|Any CPU
		{EEF17FA4-E4A6-456B-89B7-5DED5C1930AB}.Release|x64.ActiveCfg = Release|Any CPU
		{EEF17FA4-E4A6-456B-89B7-5DED5C1930AB}.Release|x64.Build.0 = Release|Any CPU
		{EEF17FA4-E4A6-456B-89B7-5DED5C1930AB}.Release|x86.ActiveCfg = Release|Any CPU
		{EEF17FA4-E4A6-456B-89B7-5DED5C1930AB}.Release|x86.Build.0 = Release|Any CPU
		{BF9B9BD8-1EC3-4F09-B90E-9F822FFAF407}.Debug|Any CPU.ActiveCfg = Debug|Any CPU
		{BF9B9BD8-1EC3-4F09-B90E-9F822FFAF407}.Debug|Any CPU.Build.0 = Debug|Any CPU
		{BF9B9BD8-1EC3-4F09-B90E-9F822FFAF407}.Debug|x64.ActiveCfg = Debug|Any CPU
		{BF9B9BD8-1EC3-4F09-B90E-9F822FFAF407}.Debug|x64.Build.0 = Debug|Any CPU
		{BF9B9BD8-1EC3-4F09-B90E-9F822FFAF407}.Debug|x86.ActiveCfg = Debug|Any CPU
		{BF9B9BD8-1EC3-4F09-B90E-9F822FFAF407}.Debug|x86.Build.0 = Debug|Any CPU
		{BF9B9BD8-1EC3-4F09-B90E-9F822FFAF407}.Release|Any CPU.ActiveCfg = Release|Any CPU
		{BF9B9BD8-1EC3-4F09-B90E-9F822FFAF407}.Release|Any CPU.Build.0 = Release|Any CPU
		{BF9B9BD8-1EC3-4F09-B90E-9F822FFAF407}.Release|x64.ActiveCfg = Release|Any CPU
		{BF9B9BD8-1EC3-4F09-B90E-9F822FFAF407}.Release|x64.Build.0 = Release|Any CPU
		{BF9B9BD8-1EC3-4F09-B90E-9F822FFAF407}.Release|x86.ActiveCfg = Release|Any CPU
		{BF9B9BD8-1EC3-4F09-B90E-9F822FFAF407}.Release|x86.Build.0 = Release|Any CPU
		{53A598F0-69ED-4311-848E-5F74B4AE8E3F}.Debug|Any CPU.ActiveCfg = Debug|Any CPU
		{53A598F0-69ED-4311-848E-5F74B4AE8E3F}.Debug|Any CPU.Build.0 = Debug|Any CPU
		{53A598F0-69ED-4311-848E-5F74B4AE8E3F}.Debug|x64.ActiveCfg = Debug|Any CPU
		{53A598F0-69ED-4311-848E-5F74B4AE8E3F}.Debug|x64.Build.0 = Debug|Any CPU
		{53A598F0-69ED-4311-848E-5F74B4AE8E3F}.Debug|x86.ActiveCfg = Debug|Any CPU
		{53A598F0-69ED-4311-848E-5F74B4AE8E3F}.Debug|x86.Build.0 = Debug|Any CPU
		{53A598F0-69ED-4311-848E-5F74B4AE8E3F}.Release|Any CPU.ActiveCfg = Release|Any CPU
		{53A598F0-69ED-4311-848E-5F74B4AE8E3F}.Release|Any CPU.Build.0 = Release|Any CPU
		{53A598F0-69ED-4311-848E-5F74B4AE8E3F}.Release|x64.ActiveCfg = Release|Any CPU
		{53A598F0-69ED-4311-848E-5F74B4AE8E3F}.Release|x64.Build.0 = Release|Any CPU
		{53A598F0-69ED-4311-848E-5F74B4AE8E3F}.Release|x86.ActiveCfg = Release|Any CPU
		{53A598F0-69ED-4311-848E-5F74B4AE8E3F}.Release|x86.Build.0 = Release|Any CPU
		{E4BF8497-1D90-47E4-9E8D-4C1A33EB674C}.Debug|Any CPU.ActiveCfg = Debug|Any CPU
		{E4BF8497-1D90-47E4-9E8D-4C1A33EB674C}.Debug|Any CPU.Build.0 = Debug|Any CPU
		{E4BF8497-1D90-47E4-9E8D-4C1A33EB674C}.Debug|x64.ActiveCfg = Debug|Any CPU
		{E4BF8497-1D90-47E4-9E8D-4C1A33EB674C}.Debug|x64.Build.0 = Debug|Any CPU
		{E4BF8497-1D90-47E4-9E8D-4C1A33EB674C}.Debug|x86.ActiveCfg = Debug|Any CPU
		{E4BF8497-1D90-47E4-9E8D-4C1A33EB674C}.Debug|x86.Build.0 = Debug|Any CPU
		{E4BF8497-1D90-47E4-9E8D-4C1A33EB674C}.Release|Any CPU.ActiveCfg = Release|Any CPU
		{E4BF8497-1D90-47E4-9E8D-4C1A33EB674C}.Release|Any CPU.Build.0 = Release|Any CPU
		{E4BF8497-1D90-47E4-9E8D-4C1A33EB674C}.Release|x64.ActiveCfg = Release|Any CPU
		{E4BF8497-1D90-47E4-9E8D-4C1A33EB674C}.Release|x64.Build.0 = Release|Any CPU
		{E4BF8497-1D90-47E4-9E8D-4C1A33EB674C}.Release|x86.ActiveCfg = Release|Any CPU
		{E4BF8497-1D90-47E4-9E8D-4C1A33EB674C}.Release|x86.Build.0 = Release|Any CPU
		{D4A3478B-3E94-4A86-92A9-8DC69117E371}.Debug|Any CPU.ActiveCfg = Debug|Any CPU
		{D4A3478B-3E94-4A86-92A9-8DC69117E371}.Debug|Any CPU.Build.0 = Debug|Any CPU
		{D4A3478B-3E94-4A86-92A9-8DC69117E371}.Debug|x64.ActiveCfg = Debug|Any CPU
		{D4A3478B-3E94-4A86-92A9-8DC69117E371}.Debug|x64.Build.0 = Debug|Any CPU
		{D4A3478B-3E94-4A86-92A9-8DC69117E371}.Debug|x86.ActiveCfg = Debug|Any CPU
		{D4A3478B-3E94-4A86-92A9-8DC69117E371}.Debug|x86.Build.0 = Debug|Any CPU
		{D4A3478B-3E94-4A86-92A9-8DC69117E371}.Release|Any CPU.ActiveCfg = Release|Any CPU
		{D4A3478B-3E94-4A86-92A9-8DC69117E371}.Release|Any CPU.Build.0 = Release|Any CPU
		{D4A3478B-3E94-4A86-92A9-8DC69117E371}.Release|x64.ActiveCfg = Release|Any CPU
		{D4A3478B-3E94-4A86-92A9-8DC69117E371}.Release|x64.Build.0 = Release|Any CPU
		{D4A3478B-3E94-4A86-92A9-8DC69117E371}.Release|x86.ActiveCfg = Release|Any CPU
		{D4A3478B-3E94-4A86-92A9-8DC69117E371}.Release|x86.Build.0 = Release|Any CPU
		{6B385C23-922A-4D24-A75D-527BFF6C3841}.Debug|Any CPU.ActiveCfg = Debug|Any CPU
		{6B385C23-922A-4D24-A75D-527BFF6C3841}.Debug|Any CPU.Build.0 = Debug|Any CPU
		{6B385C23-922A-4D24-A75D-527BFF6C3841}.Debug|x64.ActiveCfg = Debug|Any CPU
		{6B385C23-922A-4D24-A75D-527BFF6C3841}.Debug|x64.Build.0 = Debug|Any CPU
		{6B385C23-922A-4D24-A75D-527BFF6C3841}.Debug|x86.ActiveCfg = Debug|Any CPU
		{6B385C23-922A-4D24-A75D-527BFF6C3841}.Debug|x86.Build.0 = Debug|Any CPU
		{6B385C23-922A-4D24-A75D-527BFF6C3841}.Release|Any CPU.ActiveCfg = Release|Any CPU
		{6B385C23-922A-4D24-A75D-527BFF6C3841}.Release|Any CPU.Build.0 = Release|Any CPU
		{6B385C23-922A-4D24-A75D-527BFF6C3841}.Release|x64.ActiveCfg = Release|Any CPU
		{6B385C23-922A-4D24-A75D-527BFF6C3841}.Release|x64.Build.0 = Release|Any CPU
		{6B385C23-922A-4D24-A75D-527BFF6C3841}.Release|x86.ActiveCfg = Release|Any CPU
		{6B385C23-922A-4D24-A75D-527BFF6C3841}.Release|x86.Build.0 = Release|Any CPU
		{60D1D960-8AAE-4F87-8D85-0C2BDD6254B1}.Debug|Any CPU.ActiveCfg = Debug|Any CPU
		{60D1D960-8AAE-4F87-8D85-0C2BDD6254B1}.Debug|Any CPU.Build.0 = Debug|Any CPU
		{60D1D960-8AAE-4F87-8D85-0C2BDD6254B1}.Debug|x64.ActiveCfg = Debug|Any CPU
		{60D1D960-8AAE-4F87-8D85-0C2BDD6254B1}.Debug|x64.Build.0 = Debug|Any CPU
		{60D1D960-8AAE-4F87-8D85-0C2BDD6254B1}.Debug|x86.ActiveCfg = Debug|Any CPU
		{60D1D960-8AAE-4F87-8D85-0C2BDD6254B1}.Debug|x86.Build.0 = Debug|Any CPU
		{60D1D960-8AAE-4F87-8D85-0C2BDD6254B1}.Release|Any CPU.ActiveCfg = Release|Any CPU
		{60D1D960-8AAE-4F87-8D85-0C2BDD6254B1}.Release|Any CPU.Build.0 = Release|Any CPU
		{60D1D960-8AAE-4F87-8D85-0C2BDD6254B1}.Release|x64.ActiveCfg = Release|Any CPU
		{60D1D960-8AAE-4F87-8D85-0C2BDD6254B1}.Release|x64.Build.0 = Release|Any CPU
		{60D1D960-8AAE-4F87-8D85-0C2BDD6254B1}.Release|x86.ActiveCfg = Release|Any CPU
		{60D1D960-8AAE-4F87-8D85-0C2BDD6254B1}.Release|x86.Build.0 = Release|Any CPU
	EndGlobalSection
	GlobalSection(SolutionProperties) = preSolution
		HideSolutionNode = FALSE
	EndGlobalSection
	GlobalSection(NestedProjects) = preSolution
		{38366488-8632-48E5-9519-AF2E1F0808B9} = {388F31C5-BD14-455A-8759-54A59485B946}
		{39A2034A-3125-4A2D-984A-AAAF0AB747C5} = {F945B5F5-1707-4553-A469-85A7C5B84A31}
		{7645445A-DEC3-4B51-B023-84DEADC1C83F} = {F945B5F5-1707-4553-A469-85A7C5B84A31}
		{4F03A43B-1DDD-4F22-B8C0-9EB80C23B9CF} = {B9D21C46-8963-4377-AEAD-A891F3D618A9}
		{AEE92C34-28EB-49EC-8DD3-2398DACC2DD9} = {B9D21C46-8963-4377-AEAD-A891F3D618A9}
		{0612F4DC-E843-4DD6-8856-98DAD0033DE3} = {F853488B-5AC3-464C-86D7-32B33051E885}
		{7AD05601-EB5A-4C7C-854A-7024644EDC3F} = {F853488B-5AC3-464C-86D7-32B33051E885}
		{9C723E37-C519-4675-A697-E357BF932A0B} = {F853488B-5AC3-464C-86D7-32B33051E885}
		{85B7C94F-C89C-45BD-871A-1F2B6FC41BDD} = {F853488B-5AC3-464C-86D7-32B33051E885}
		{1884CB62-2DC0-4A76-9A77-AF61238E29BD} = {F853488B-5AC3-464C-86D7-32B33051E885}
		{77E64E71-8E26-4311-9C10-61D4CAFD4FEF} = {F853488B-5AC3-464C-86D7-32B33051E885}
		{DCCB0FD1-5467-43CD-973C-289CB27CA2DC} = {F853488B-5AC3-464C-86D7-32B33051E885}
		{21D8D02C-5FE6-4C72-BEC2-83B47B83B614} = {F853488B-5AC3-464C-86D7-32B33051E885}
		{D6175C09-0678-4AA1-A8D6-5E3284B2E3CE} = {F853488B-5AC3-464C-86D7-32B33051E885}
		{2D9DAE4D-3610-4C41-9C72-CA13D535078D} = {F853488B-5AC3-464C-86D7-32B33051E885}
		{4B3E1596-5511-4246-A084-110DFAC3E0E2} = {F853488B-5AC3-464C-86D7-32B33051E885}
		{0B78BEBF-D43F-431C-8A5F-9734C6FDA1B3} = {F853488B-5AC3-464C-86D7-32B33051E885}
		{930C55EE-A79F-4F06-B843-0AE9CC375217} = {F853488B-5AC3-464C-86D7-32B33051E885}
		{EEF17FA4-E4A6-456B-89B7-5DED5C1930AB} = {F853488B-5AC3-464C-86D7-32B33051E885}
		{BF9B9BD8-1EC3-4F09-B90E-9F822FFAF407} = {F853488B-5AC3-464C-86D7-32B33051E885}
		{53A598F0-69ED-4311-848E-5F74B4AE8E3F} = {F853488B-5AC3-464C-86D7-32B33051E885}
		{E4BF8497-1D90-47E4-9E8D-4C1A33EB674C} = {F853488B-5AC3-464C-86D7-32B33051E885}
		{D4A3478B-3E94-4A86-92A9-8DC69117E371} = {F853488B-5AC3-464C-86D7-32B33051E885}
		{6B385C23-922A-4D24-A75D-527BFF6C3841} = {F853488B-5AC3-464C-86D7-32B33051E885}
		{60D1D960-8AAE-4F87-8D85-0C2BDD6254B1} = {B9D21C46-8963-4377-AEAD-A891F3D618A9}
	EndGlobalSection
	GlobalSection(ExtensibilityGlobals) = postSolution
		SolutionGuid = {8B7E0ADC-CE3B-4148-BD30-7F627B4C8D22}
	EndGlobalSection
	GlobalSection(MonoDevelopProperties) = preSolution
		StartupItem = GeckoFxTest\GeckoFxTest.csproj
	EndGlobalSection
	GlobalSection(MonoDevelopProperties) = preSolution
		StartupItem = GeckoFxTest\GeckoFxTest.csproj
	EndGlobalSection
	GlobalSection(MonoDevelopProperties) = preSolution
		StartupItem = GeckoFxTest\GeckoFxTest.csproj
	EndGlobalSection
	GlobalSection(MonoDevelopProperties) = preSolution
		StartupItem = GeckoFxTest\GeckoFxTest.csproj
	EndGlobalSection
	GlobalSection(MonoDevelopProperties) = preSolution
		StartupItem = GeckoFxTest\GeckoFxTest.csproj
	EndGlobalSection
	GlobalSection(MonoDevelopProperties) = preSolution
		StartupItem = Source\Examples\OpenTK.Examples.csproj
	EndGlobalSection
	GlobalSection(MonoDevelopProperties) = preSolution
		StartupItem = Nancy.Demo.Hosting.Aspnet\Nancy.Demo.Hosting.Aspnet.csproj
	EndGlobalSection
EndGlobal
