
Microsoft Visual Studio Solution File, Format Version 12.00
# Visual Studio 15
VisualStudioVersion = 15.0.27130.2027
MinimumVisualStudioVersion = 10.0.40219.1
Project("{2150E333-8FDC-42A3-9474-1A3956D46DE8}") = "Controls", "Controls", "{132CCC5A-6300-4286-AA15-CFF9144D02D8}"
EndProject
Project("{FAE04EC0-301F-11D3-BF4B-00C04F79EFBC}") = "Squalr", "Squalr\Squalr.csproj", "{BCC372DD-2823-459D-9594-C16E777AD292}"
EndProject
Project("{FAE04EC0-301F-11D3-BF4B-00C04F79EFBC}") = "Xceed.Wpf.AvalonDock", "Xceed.Wpf.AvalonDock\Xceed.Wpf.AvalonDock.csproj", "{60D1D960-8AAE-4F87-8D85-0C2BDD6254B1}"
EndProject
Project("{2150E333-8FDC-42A3-9474-1A3956D46DE8}") = "Squalr", "Squalr", "{B9D21C46-8963-4377-AEAD-A891F3D618A9}"
EndProject
Project("{FAE04EC0-301F-11D3-BF4B-00C04F79EFBC}") = "SqualrCore", "SqualrCore\SqualrCore.csproj", "{78010AA2-1ECC-4CF6-87D0-C27578E79698}"
EndProject
Project("{2150E333-8FDC-42A3-9474-1A3956D46DE8}") = "Engine", "Engine", "{F853488B-5AC3-464C-86D7-32B33051E885}"
EndProject
Project("{2150E333-8FDC-42A3-9474-1A3956D46DE8}") = "Internal", "Internal", "{5809575C-D2CE-4515-8616-876DC9246BF1}"
EndProject
Project("{8BC9CEB8-8B4A-11D0-8D11-00A0C91BC942}") = "Fasm.NET", "Engine\Internal\Fasm\Fasm.NET.vcxproj", "{2DAC1A31-EF28-499A-B67A-963B5343D778}"
EndProject
Project("{FAE04EC0-301F-11D3-BF4B-00C04F79EFBC}") = "Microsoft.Diagnostics.Runtime", "Engine\Internal\Microsoft.Diagnostics.Runtime\Microsoft.Diagnostics.Runtime.csproj", "{A82126CA-23AA-41F1-8586-A5938D44D0A7}"
EndProject
Project("{FAE04EC0-301F-11D3-BF4B-00C04F79EFBC}") = "SqualrProxy", "Engine\Internal\SqualrProxy\SqualrProxy.csproj", "{2F739124-DDA6-45CF-AD05-1B94A04643F1}"
EndProject
Project("{FAE04EC0-301F-11D3-BF4B-00C04F79EFBC}") = "SqualrProxy32", "Engine\Internal\SqualrProxy32\SqualrProxy32.csproj", "{51AC9959-AFEE-4F91-8A19-03CF0528AB62}"
EndProject
Project("{FAE04EC0-301F-11D3-BF4B-00C04F79EFBC}") = "SqualrProxy64", "Engine\Internal\SqualrProxy64\SqualrProxy64.csproj", "{65EEC6DF-CCC8-46AB-B9FB-00D5A624FE94}"
EndProject
Project("{FAE04EC0-301F-11D3-BF4B-00C04F79EFBC}") = "SqualrHookClient", "Engine\Internal\SqualrHookClient\SqualrHookClient.csproj", "{E9576568-5640-4883-AA5D-0BB2F6853E18}"
EndProject
Project("{FAE04EC0-301F-11D3-BF4B-00C04F79EFBC}") = "SqualrHookServer", "Engine\Internal\SqualrHookServer\SqualrHookServer.csproj", "{78C9C399-D9AD-426A-8164-F872745AAE3C}"
EndProject
Project("{2150E333-8FDC-42A3-9474-1A3956D46DE8}") = "Tests", "Tests", "{388F31C5-BD14-455A-8759-54A59485B946}"
EndProject
Project("{FAE04EC0-301F-11D3-BF4B-00C04F79EFBC}") = "SqualrTests", "Tests\SqualrTests\SqualrTests.csproj", "{38366488-8632-48E5-9519-AF2E1F0808B9}"
EndProject
Project("{9A19103F-16F7-4668-BE54-9A1E7A4F7556}") = "Engine", "Engine\Engine.csproj", "{081E218A-8F7C-430F-81A8-D9950C7E970C}"
EndProject
Global
	GlobalSection(SolutionConfigurationPlatforms) = preSolution
		Debug|Any CPU = Debug|Any CPU
		Debug|x64 = Debug|x64
		Debug|x86 = Debug|x86
		Release|Any CPU = Release|Any CPU
		Release|x64 = Release|x64
		Release|x86 = Release|x86
	EndGlobalSection
	GlobalSection(ProjectConfigurationPlatforms) = postSolution
		{BCC372DD-2823-459D-9594-C16E777AD292}.Debug|Any CPU.ActiveCfg = Debug|Any CPU
		{BCC372DD-2823-459D-9594-C16E777AD292}.Debug|Any CPU.Build.0 = Debug|Any CPU
		{BCC372DD-2823-459D-9594-C16E777AD292}.Debug|x64.ActiveCfg = Debug|x64
		{BCC372DD-2823-459D-9594-C16E777AD292}.Debug|x64.Build.0 = Debug|x64
		{BCC372DD-2823-459D-9594-C16E777AD292}.Debug|x86.ActiveCfg = Debug|x86
		{BCC372DD-2823-459D-9594-C16E777AD292}.Debug|x86.Build.0 = Debug|x86
		{BCC372DD-2823-459D-9594-C16E777AD292}.Release|Any CPU.ActiveCfg = Release|Any CPU
		{BCC372DD-2823-459D-9594-C16E777AD292}.Release|Any CPU.Build.0 = Release|Any CPU
		{BCC372DD-2823-459D-9594-C16E777AD292}.Release|x64.ActiveCfg = Release|Any CPU
		{BCC372DD-2823-459D-9594-C16E777AD292}.Release|x64.Build.0 = Release|Any CPU
		{BCC372DD-2823-459D-9594-C16E777AD292}.Release|x86.ActiveCfg = Release|Any CPU
		{BCC372DD-2823-459D-9594-C16E777AD292}.Release|x86.Build.0 = Release|Any CPU
		{60D1D960-8AAE-4F87-8D85-0C2BDD6254B1}.Debug|Any CPU.ActiveCfg = Debug|Any CPU
		{60D1D960-8AAE-4F87-8D85-0C2BDD6254B1}.Debug|Any CPU.Build.0 = Debug|Any CPU
		{60D1D960-8AAE-4F87-8D85-0C2BDD6254B1}.Debug|x64.ActiveCfg = Debug|Any CPU
		{60D1D960-8AAE-4F87-8D85-0C2BDD6254B1}.Debug|x64.Build.0 = Debug|Any CPU
		{60D1D960-8AAE-4F87-8D85-0C2BDD6254B1}.Debug|x86.ActiveCfg = Debug|Any CPU
		{60D1D960-8AAE-4F87-8D85-0C2BDD6254B1}.Debug|x86.Build.0 = Debug|Any CPU
		{60D1D960-8AAE-4F87-8D85-0C2BDD6254B1}.Release|Any CPU.ActiveCfg = Release|Any CPU
		{60D1D960-8AAE-4F87-8D85-0C2BDD6254B1}.Release|Any CPU.Build.0 = Release|Any CPU
		{60D1D960-8AAE-4F87-8D85-0C2BDD6254B1}.Release|x64.ActiveCfg = Release|Any CPU
		{60D1D960-8AAE-4F87-8D85-0C2BDD6254B1}.Release|x64.Build.0 = Release|Any CPU
		{60D1D960-8AAE-4F87-8D85-0C2BDD6254B1}.Release|x86.ActiveCfg = Release|Any CPU
		{60D1D960-8AAE-4F87-8D85-0C2BDD6254B1}.Release|x86.Build.0 = Release|Any CPU
		{78010AA2-1ECC-4CF6-87D0-C27578E79698}.Debug|Any CPU.ActiveCfg = Debug|Any CPU
		{78010AA2-1ECC-4CF6-87D0-C27578E79698}.Debug|Any CPU.Build.0 = Debug|Any CPU
		{78010AA2-1ECC-4CF6-87D0-C27578E79698}.Debug|x64.ActiveCfg = Debug|Any CPU
		{78010AA2-1ECC-4CF6-87D0-C27578E79698}.Debug|x64.Build.0 = Debug|Any CPU
		{78010AA2-1ECC-4CF6-87D0-C27578E79698}.Debug|x86.ActiveCfg = Debug|Any CPU
		{78010AA2-1ECC-4CF6-87D0-C27578E79698}.Debug|x86.Build.0 = Debug|Any CPU
		{78010AA2-1ECC-4CF6-87D0-C27578E79698}.Release|Any CPU.ActiveCfg = Release|Any CPU
		{78010AA2-1ECC-4CF6-87D0-C27578E79698}.Release|Any CPU.Build.0 = Release|Any CPU
		{78010AA2-1ECC-4CF6-87D0-C27578E79698}.Release|x64.ActiveCfg = Release|Any CPU
		{78010AA2-1ECC-4CF6-87D0-C27578E79698}.Release|x64.Build.0 = Release|Any CPU
		{78010AA2-1ECC-4CF6-87D0-C27578E79698}.Release|x86.ActiveCfg = Release|Any CPU
		{78010AA2-1ECC-4CF6-87D0-C27578E79698}.Release|x86.Build.0 = Release|Any CPU
		{2DAC1A31-EF28-499A-B67A-963B5343D778}.Debug|Any CPU.ActiveCfg = Debug|Win32
		{2DAC1A31-EF28-499A-B67A-963B5343D778}.Debug|x64.ActiveCfg = Debug|Win32
		{2DAC1A31-EF28-499A-B67A-963B5343D778}.Debug|x86.ActiveCfg = Debug|Win32
		{2DAC1A31-EF28-499A-B67A-963B5343D778}.Debug|x86.Build.0 = Debug|Win32
		{2DAC1A31-EF28-499A-B67A-963B5343D778}.Release|Any CPU.ActiveCfg = Release|Win32
		{2DAC1A31-EF28-499A-B67A-963B5343D778}.Release|x64.ActiveCfg = Release|Win32
		{2DAC1A31-EF28-499A-B67A-963B5343D778}.Release|x86.ActiveCfg = Release|Win32
		{2DAC1A31-EF28-499A-B67A-963B5343D778}.Release|x86.Build.0 = Release|Win32
		{A82126CA-23AA-41F1-8586-A5938D44D0A7}.Debug|Any CPU.ActiveCfg = Debug|Any CPU
		{A82126CA-23AA-41F1-8586-A5938D44D0A7}.Debug|Any CPU.Build.0 = Debug|Any CPU
		{A82126CA-23AA-41F1-8586-A5938D44D0A7}.Debug|x64.ActiveCfg = Debug|x64
		{A82126CA-23AA-41F1-8586-A5938D44D0A7}.Debug|x64.Build.0 = Debug|x64
		{A82126CA-23AA-41F1-8586-A5938D44D0A7}.Debug|x86.ActiveCfg = Debug|x86
		{A82126CA-23AA-41F1-8586-A5938D44D0A7}.Debug|x86.Build.0 = Debug|x86
		{A82126CA-23AA-41F1-8586-A5938D44D0A7}.Release|Any CPU.ActiveCfg = Release|Any CPU
		{A82126CA-23AA-41F1-8586-A5938D44D0A7}.Release|Any CPU.Build.0 = Release|Any CPU
		{A82126CA-23AA-41F1-8586-A5938D44D0A7}.Release|x64.ActiveCfg = Release|x64
		{A82126CA-23AA-41F1-8586-A5938D44D0A7}.Release|x64.Build.0 = Release|x64
		{A82126CA-23AA-41F1-8586-A5938D44D0A7}.Release|x86.ActiveCfg = Release|x86
		{A82126CA-23AA-41F1-8586-A5938D44D0A7}.Release|x86.Build.0 = Release|x86
		{2F739124-DDA6-45CF-AD05-1B94A04643F1}.Debug|Any CPU.ActiveCfg = Debug|Any CPU
		{2F739124-DDA6-45CF-AD05-1B94A04643F1}.Debug|Any CPU.Build.0 = Debug|Any CPU
		{2F739124-DDA6-45CF-AD05-1B94A04643F1}.Debug|x64.ActiveCfg = Debug|x64
		{2F739124-DDA6-45CF-AD05-1B94A04643F1}.Debug|x64.Build.0 = Debug|x64
		{2F739124-DDA6-45CF-AD05-1B94A04643F1}.Debug|x86.ActiveCfg = Debug|x86
		{2F739124-DDA6-45CF-AD05-1B94A04643F1}.Debug|x86.Build.0 = Debug|x86
		{2F739124-DDA6-45CF-AD05-1B94A04643F1}.Release|Any CPU.ActiveCfg = Release|Any CPU
		{2F739124-DDA6-45CF-AD05-1B94A04643F1}.Release|Any CPU.Build.0 = Release|Any CPU
		{2F739124-DDA6-45CF-AD05-1B94A04643F1}.Release|x64.ActiveCfg = Release|x64
		{2F739124-DDA6-45CF-AD05-1B94A04643F1}.Release|x64.Build.0 = Release|x64
		{2F739124-DDA6-45CF-AD05-1B94A04643F1}.Release|x86.ActiveCfg = Release|x86
		{2F739124-DDA6-45CF-AD05-1B94A04643F1}.Release|x86.Build.0 = Release|x86
		{51AC9959-AFEE-4F91-8A19-03CF0528AB62}.Debug|Any CPU.ActiveCfg = Debug|Any CPU
		{51AC9959-AFEE-4F91-8A19-03CF0528AB62}.Debug|Any CPU.Build.0 = Debug|Any CPU
		{51AC9959-AFEE-4F91-8A19-03CF0528AB62}.Debug|x64.ActiveCfg = Debug|x64
		{51AC9959-AFEE-4F91-8A19-03CF0528AB62}.Debug|x64.Build.0 = Debug|x64
		{51AC9959-AFEE-4F91-8A19-03CF0528AB62}.Debug|x86.ActiveCfg = Debug|x86
		{51AC9959-AFEE-4F91-8A19-03CF0528AB62}.Debug|x86.Build.0 = Debug|x86
		{51AC9959-AFEE-4F91-8A19-03CF0528AB62}.Release|Any CPU.ActiveCfg = Release|Any CPU
		{51AC9959-AFEE-4F91-8A19-03CF0528AB62}.Release|Any CPU.Build.0 = Release|Any CPU
		{51AC9959-AFEE-4F91-8A19-03CF0528AB62}.Release|x64.ActiveCfg = Release|x64
		{51AC9959-AFEE-4F91-8A19-03CF0528AB62}.Release|x64.Build.0 = Release|x64
		{51AC9959-AFEE-4F91-8A19-03CF0528AB62}.Release|x86.ActiveCfg = Release|x86
		{51AC9959-AFEE-4F91-8A19-03CF0528AB62}.Release|x86.Build.0 = Release|x86
		{65EEC6DF-CCC8-46AB-B9FB-00D5A624FE94}.Debug|Any CPU.ActiveCfg = Debug|Any CPU
		{65EEC6DF-CCC8-46AB-B9FB-00D5A624FE94}.Debug|Any CPU.Build.0 = Debug|Any CPU
		{65EEC6DF-CCC8-46AB-B9FB-00D5A624FE94}.Debug|x64.ActiveCfg = Debug|x64
		{65EEC6DF-CCC8-46AB-B9FB-00D5A624FE94}.Debug|x64.Build.0 = Debug|x64
		{65EEC6DF-CCC8-46AB-B9FB-00D5A624FE94}.Debug|x86.ActiveCfg = Debug|x86
		{65EEC6DF-CCC8-46AB-B9FB-00D5A624FE94}.Debug|x86.Build.0 = Debug|x86
		{65EEC6DF-CCC8-46AB-B9FB-00D5A624FE94}.Release|Any CPU.ActiveCfg = Release|Any CPU
		{65EEC6DF-CCC8-46AB-B9FB-00D5A624FE94}.Release|Any CPU.Build.0 = Release|Any CPU
		{65EEC6DF-CCC8-46AB-B9FB-00D5A624FE94}.Release|x64.ActiveCfg = Release|x64
		{65EEC6DF-CCC8-46AB-B9FB-00D5A624FE94}.Release|x64.Build.0 = Release|x64
		{65EEC6DF-CCC8-46AB-B9FB-00D5A624FE94}.Release|x86.ActiveCfg = Release|x86
		{65EEC6DF-CCC8-46AB-B9FB-00D5A624FE94}.Release|x86.Build.0 = Release|x86
		{E9576568-5640-4883-AA5D-0BB2F6853E18}.Debug|Any CPU.ActiveCfg = Debug|Any CPU
		{E9576568-5640-4883-AA5D-0BB2F6853E18}.Debug|Any CPU.Build.0 = Debug|Any CPU
		{E9576568-5640-4883-AA5D-0BB2F6853E18}.Debug|x64.ActiveCfg = Debug|Any CPU
		{E9576568-5640-4883-AA5D-0BB2F6853E18}.Debug|x64.Build.0 = Debug|Any CPU
		{E9576568-5640-4883-AA5D-0BB2F6853E18}.Debug|x86.ActiveCfg = Debug|Any CPU
		{E9576568-5640-4883-AA5D-0BB2F6853E18}.Debug|x86.Build.0 = Debug|Any CPU
		{E9576568-5640-4883-AA5D-0BB2F6853E18}.Release|Any CPU.ActiveCfg = Release|Any CPU
		{E9576568-5640-4883-AA5D-0BB2F6853E18}.Release|Any CPU.Build.0 = Release|Any CPU
		{E9576568-5640-4883-AA5D-0BB2F6853E18}.Release|x64.ActiveCfg = Release|Any CPU
		{E9576568-5640-4883-AA5D-0BB2F6853E18}.Release|x64.Build.0 = Release|Any CPU
		{E9576568-5640-4883-AA5D-0BB2F6853E18}.Release|x86.ActiveCfg = Release|Any CPU
		{E9576568-5640-4883-AA5D-0BB2F6853E18}.Release|x86.Build.0 = Release|Any CPU
		{78C9C399-D9AD-426A-8164-F872745AAE3C}.Debug|Any CPU.ActiveCfg = Debug|Any CPU
		{78C9C399-D9AD-426A-8164-F872745AAE3C}.Debug|Any CPU.Build.0 = Debug|Any CPU
		{78C9C399-D9AD-426A-8164-F872745AAE3C}.Debug|x64.ActiveCfg = Debug|Any CPU
		{78C9C399-D9AD-426A-8164-F872745AAE3C}.Debug|x64.Build.0 = Debug|Any CPU
		{78C9C399-D9AD-426A-8164-F872745AAE3C}.Debug|x86.ActiveCfg = Debug|Any CPU
		{78C9C399-D9AD-426A-8164-F872745AAE3C}.Debug|x86.Build.0 = Debug|Any CPU
		{78C9C399-D9AD-426A-8164-F872745AAE3C}.Release|Any CPU.ActiveCfg = Release|Any CPU
		{78C9C399-D9AD-426A-8164-F872745AAE3C}.Release|Any CPU.Build.0 = Release|Any CPU
		{78C9C399-D9AD-426A-8164-F872745AAE3C}.Release|x64.ActiveCfg = Release|Any CPU
		{78C9C399-D9AD-426A-8164-F872745AAE3C}.Release|x64.Build.0 = Release|Any CPU
		{78C9C399-D9AD-426A-8164-F872745AAE3C}.Release|x86.ActiveCfg = Release|Any CPU
		{78C9C399-D9AD-426A-8164-F872745AAE3C}.Release|x86.Build.0 = Release|Any CPU
		{38366488-8632-48E5-9519-AF2E1F0808B9}.Debug|Any CPU.ActiveCfg = Debug|Any CPU
		{38366488-8632-48E5-9519-AF2E1F0808B9}.Debug|Any CPU.Build.0 = Debug|Any CPU
		{38366488-8632-48E5-9519-AF2E1F0808B9}.Debug|x64.ActiveCfg = Debug|Any CPU
		{38366488-8632-48E5-9519-AF2E1F0808B9}.Debug|x64.Build.0 = Debug|Any CPU
		{38366488-8632-48E5-9519-AF2E1F0808B9}.Debug|x86.ActiveCfg = Debug|Any CPU
		{38366488-8632-48E5-9519-AF2E1F0808B9}.Debug|x86.Build.0 = Debug|Any CPU
		{38366488-8632-48E5-9519-AF2E1F0808B9}.Release|Any CPU.ActiveCfg = Release|Any CPU
		{38366488-8632-48E5-9519-AF2E1F0808B9}.Release|Any CPU.Build.0 = Release|Any CPU
		{38366488-8632-48E5-9519-AF2E1F0808B9}.Release|x64.ActiveCfg = Release|Any CPU
		{38366488-8632-48E5-9519-AF2E1F0808B9}.Release|x64.Build.0 = Release|Any CPU
		{38366488-8632-48E5-9519-AF2E1F0808B9}.Release|x86.ActiveCfg = Release|Any CPU
		{38366488-8632-48E5-9519-AF2E1F0808B9}.Release|x86.Build.0 = Release|Any CPU
		{081E218A-8F7C-430F-81A8-D9950C7E970C}.Debug|Any CPU.ActiveCfg = Debug|Any CPU
		{081E218A-8F7C-430F-81A8-D9950C7E970C}.Debug|Any CPU.Build.0 = Debug|Any CPU
		{081E218A-8F7C-430F-81A8-D9950C7E970C}.Debug|x64.ActiveCfg = Debug|Any CPU
		{081E218A-8F7C-430F-81A8-D9950C7E970C}.Debug|x64.Build.0 = Debug|Any CPU
		{081E218A-8F7C-430F-81A8-D9950C7E970C}.Debug|x86.ActiveCfg = Debug|Any CPU
		{081E218A-8F7C-430F-81A8-D9950C7E970C}.Debug|x86.Build.0 = Debug|Any CPU
		{081E218A-8F7C-430F-81A8-D9950C7E970C}.Release|Any CPU.ActiveCfg = Release|Any CPU
		{081E218A-8F7C-430F-81A8-D9950C7E970C}.Release|Any CPU.Build.0 = Release|Any CPU
		{081E218A-8F7C-430F-81A8-D9950C7E970C}.Release|x64.ActiveCfg = Release|Any CPU
		{081E218A-8F7C-430F-81A8-D9950C7E970C}.Release|x64.Build.0 = Release|Any CPU
		{081E218A-8F7C-430F-81A8-D9950C7E970C}.Release|x86.ActiveCfg = Release|Any CPU
		{081E218A-8F7C-430F-81A8-D9950C7E970C}.Release|x86.Build.0 = Release|Any CPU
	EndGlobalSection
	GlobalSection(SolutionProperties) = preSolution
		HideSolutionNode = FALSE
	EndGlobalSection
	GlobalSection(NestedProjects) = preSolution
		{BCC372DD-2823-459D-9594-C16E777AD292} = {B9D21C46-8963-4377-AEAD-A891F3D618A9}
		{60D1D960-8AAE-4F87-8D85-0C2BDD6254B1} = {132CCC5A-6300-4286-AA15-CFF9144D02D8}
		{78010AA2-1ECC-4CF6-87D0-C27578E79698} = {B9D21C46-8963-4377-AEAD-A891F3D618A9}
		{5809575C-D2CE-4515-8616-876DC9246BF1} = {F853488B-5AC3-464C-86D7-32B33051E885}
		{2DAC1A31-EF28-499A-B67A-963B5343D778} = {5809575C-D2CE-4515-8616-876DC9246BF1}
		{A82126CA-23AA-41F1-8586-A5938D44D0A7} = {5809575C-D2CE-4515-8616-876DC9246BF1}
		{2F739124-DDA6-45CF-AD05-1B94A04643F1} = {5809575C-D2CE-4515-8616-876DC9246BF1}
		{51AC9959-AFEE-4F91-8A19-03CF0528AB62} = {5809575C-D2CE-4515-8616-876DC9246BF1}
		{65EEC6DF-CCC8-46AB-B9FB-00D5A624FE94} = {5809575C-D2CE-4515-8616-876DC9246BF1}
		{E9576568-5640-4883-AA5D-0BB2F6853E18} = {5809575C-D2CE-4515-8616-876DC9246BF1}
		{78C9C399-D9AD-426A-8164-F872745AAE3C} = {5809575C-D2CE-4515-8616-876DC9246BF1}
		{38366488-8632-48E5-9519-AF2E1F0808B9} = {388F31C5-BD14-455A-8759-54A59485B946}
		{081E218A-8F7C-430F-81A8-D9950C7E970C} = {F853488B-5AC3-464C-86D7-32B33051E885}
	EndGlobalSection
	GlobalSection(ExtensibilityGlobals) = postSolution
		SolutionGuid = {8B7E0ADC-CE3B-4148-BD30-7F627B4C8D22}
	EndGlobalSection
	GlobalSection(MonoDevelopProperties) = preSolution
		StartupItem = GeckoFxTest\GeckoFxTest.csproj
	EndGlobalSection
	GlobalSection(MonoDevelopProperties) = preSolution
		StartupItem = GeckoFxTest\GeckoFxTest.csproj
	EndGlobalSection
	GlobalSection(MonoDevelopProperties) = preSolution
		StartupItem = GeckoFxTest\GeckoFxTest.csproj
	EndGlobalSection
	GlobalSection(MonoDevelopProperties) = preSolution
		StartupItem = GeckoFxTest\GeckoFxTest.csproj
	EndGlobalSection
	GlobalSection(MonoDevelopProperties) = preSolution
		StartupItem = GeckoFxTest\GeckoFxTest.csproj
	EndGlobalSection
	GlobalSection(MonoDevelopProperties) = preSolution
		StartupItem = Source\Examples\OpenTK.Examples.csproj
	EndGlobalSection
	GlobalSection(MonoDevelopProperties) = preSolution
		StartupItem = Nancy.Demo.Hosting.Aspnet\Nancy.Demo.Hosting.Aspnet.csproj
	EndGlobalSection
EndGlobal
